<?xml version="1.0" encoding="UTF-8"?>
<!DOCTYPE plist PUBLIC "-//Apple//DTD PLIST 1.0//EN" "http://www.apple.com/DTDs/PropertyList-1.0.dtd">
<plist version="1.0">
<dict>
	<key>archiveVersion</key>
	<string>1</string>
	<key>classes</key>
	<dict/>
	<key>objectVersion</key>
	<string>46</string>
	<key>objects</key>
	<dict>
		<key>431A41079166CC44352CF083</key>
		<dict>
			<key>fileEncoding</key>
			<string>4</string>
			<key>isa</key>
			<string>PBXFileReference</string>
			<key>lastKnownFileType</key>
			<string>sourcecode.c.h</string>
			<key>path</key>
			<string>UserProfileService.h</string>
			<key>sourceTree</key>
			<string>&lt;group&gt;</string>
		</dict>
		<key>431A418861855E77026AC488</key>
		<dict>
			<key>fileRef</key>
			<string>431A41AD88038411AA599C98</string>
			<key>isa</key>
			<string>PBXBuildFile</string>
		</dict>
		<key>431A41AD88038411AA599C98</key>
		<dict>
			<key>fileEncoding</key>
			<string>4</string>
			<key>isa</key>
			<string>PBXFileReference</string>
			<key>lastKnownFileType</key>
			<string>sourcecode.c.objc</string>
			<key>path</key>
			<string>UserProfileService.m</string>
			<key>sourceTree</key>
			<string>&lt;group&gt;</string>
		</dict>
		<key>431A422405770335C64F103A</key>
		<dict>
			<key>children</key>
			<array>
				<string>431A4BEDA4A7EAE7D8B3F734</string>
				<string>431A49689C3434FA5F7682DE</string>
			</array>
			<key>isa</key>
			<string>PBXGroup</string>
			<key>path</key>
			<string>Recommendation</string>
			<key>sourceTree</key>
			<string>&lt;group&gt;</string>
		</dict>
		<key>431A43B5EF2FFF618EB93E1B</key>
		<dict>
			<key>children</key>
			<array>
				<string>87B7FF151D28EF4F002D040D</string>
				<string>87B7FF161D28EF4F002D040D</string>
				<string>870F21921D50DA9D00D108E5</string>
				<string>870F21931D50DA9D00D108E5</string>
				<string>431A4B30316F410EF07D7621</string>
				<string>431A4A69CE1223C10FADF80D</string>
				<string>87A926D71D9BEE0C00299341</string>
				<string>87A926D81D9BEE0C00299341</string>
			</array>
			<key>isa</key>
			<string>PBXGroup</string>
			<key>path</key>
			<string>Model</string>
			<key>sourceTree</key>
			<string>&lt;group&gt;</string>
		</dict>
		<key>431A43D157579E805B3350CE</key>
		<dict>
			<key>children</key>
			<array>
				<string>87060C1C1D03F882006E6C36</string>
				<string>87060C1D1D03F882006E6C36</string>
			</array>
			<key>isa</key>
			<string>PBXGroup</string>
			<key>path</key>
			<string>Feed</string>
			<key>sourceTree</key>
			<string>&lt;group&gt;</string>
		</dict>
		<key>431A4618405D97B8785C7A5B</key>
		<dict>
			<key>fileRef</key>
			<string>431A4A69CE1223C10FADF80D</string>
			<key>isa</key>
			<string>PBXBuildFile</string>
		</dict>
		<key>431A48EAE2D230407BBAA2BC</key>
		<dict>
			<key>fileRef</key>
			<string>431A49689C3434FA5F7682DE</string>
			<key>isa</key>
			<string>PBXBuildFile</string>
		</dict>
		<key>431A49689C3434FA5F7682DE</key>
		<dict>
			<key>fileEncoding</key>
			<string>4</string>
			<key>isa</key>
			<string>PBXFileReference</string>
			<key>lastKnownFileType</key>
			<string>sourcecode.c.objc</string>
			<key>path</key>
			<string>RecommendationsService.m</string>
			<key>sourceTree</key>
			<string>&lt;group&gt;</string>
		</dict>
		<key>431A4A067FCCE3216715F99A</key>
		<dict>
			<key>fileEncoding</key>
			<string>4</string>
			<key>isa</key>
			<string>PBXFileReference</string>
			<key>lastKnownFileType</key>
			<string>sourcecode.c.h</string>
			<key>path</key>
			<string>UserService.h</string>
			<key>sourceTree</key>
			<string>&lt;group&gt;</string>
		</dict>
		<key>431A4A69CE1223C10FADF80D</key>
		<dict>
			<key>fileEncoding</key>
			<string>4</string>
			<key>isa</key>
			<string>PBXFileReference</string>
			<key>lastKnownFileType</key>
			<string>sourcecode.c.objc</string>
			<key>path</key>
			<string>UserModel.m</string>
			<key>sourceTree</key>
			<string>&lt;group&gt;</string>
		</dict>
		<key>431A4AF76720A844B5AC14EB</key>
		<dict>
			<key>children</key>
			<array>
				<string>431A4A067FCCE3216715F99A</string>
				<string>431A4D9911F510C6A017BE26</string>
			</array>
			<key>isa</key>
			<string>PBXGroup</string>
			<key>path</key>
			<string>User</string>
			<key>sourceTree</key>
			<string>&lt;group&gt;</string>
		</dict>
		<key>431A4B30316F410EF07D7621</key>
		<dict>
			<key>fileEncoding</key>
			<string>4</string>
			<key>isa</key>
			<string>PBXFileReference</string>
			<key>lastKnownFileType</key>
			<string>sourcecode.c.h</string>
			<key>path</key>
			<string>UserModel.h</string>
			<key>sourceTree</key>
			<string>&lt;group&gt;</string>
		</dict>
		<key>431A4BEDA4A7EAE7D8B3F734</key>
		<dict>
			<key>fileEncoding</key>
			<string>4</string>
			<key>isa</key>
			<string>PBXFileReference</string>
			<key>lastKnownFileType</key>
			<string>sourcecode.c.h</string>
			<key>path</key>
			<string>RecommendationsService.h</string>
			<key>sourceTree</key>
			<string>&lt;group&gt;</string>
		</dict>
		<key>431A4D82FF3539F07A40854C</key>
		<dict>
			<key>children</key>
			<array>
				<string>431A41079166CC44352CF083</string>
				<string>431A41AD88038411AA599C98</string>
			</array>
			<key>isa</key>
			<string>PBXGroup</string>
			<key>path</key>
			<string>UserProfile</string>
			<key>sourceTree</key>
			<string>&lt;group&gt;</string>
		</dict>
		<key>431A4D9911F510C6A017BE26</key>
		<dict>
			<key>fileEncoding</key>
			<string>4</string>
			<key>isa</key>
			<string>PBXFileReference</string>
			<key>lastKnownFileType</key>
			<string>sourcecode.c.objc</string>
			<key>path</key>
			<string>UserService.m</string>
			<key>sourceTree</key>
			<string>&lt;group&gt;</string>
		</dict>
		<key>431A4F711F82037FCD967E27</key>
		<dict>
			<key>fileRef</key>
			<string>431A4D9911F510C6A017BE26</string>
			<key>isa</key>
			<string>PBXBuildFile</string>
		</dict>
		<key>8701F1A81D30FD6700542ACF</key>
		<dict>
			<key>children</key>
			<array>
				<string>8701F1A91D30FD6700542ACF</string>
				<string>8701F1AA1D30FD6700542ACF</string>
				<string>8701F1AB1D30FD6700542ACF</string>
				<string>8701F1AC1D30FD6700542ACF</string>
			</array>
			<key>isa</key>
			<string>PBXGroup</string>
			<key>path</key>
			<string>CxenseInsightSDK</string>
			<key>sourceTree</key>
			<string>&lt;group&gt;</string>
		</dict>
		<key>8701F1A91D30FD6700542ACF</key>
		<dict>
			<key>fileEncoding</key>
			<string>4</string>
			<key>isa</key>
			<string>PBXFileReference</string>
			<key>lastKnownFileType</key>
			<string>sourcecode.c.h</string>
			<key>path</key>
			<string>CxenseInsight.h</string>
			<key>sourceTree</key>
			<string>&lt;group&gt;</string>
		</dict>
		<key>8701F1AA1D30FD6700542ACF</key>
		<dict>
			<key>fileEncoding</key>
			<string>4</string>
			<key>isa</key>
			<string>PBXFileReference</string>
			<key>lastKnownFileType</key>
			<string>sourcecode.c.h</string>
			<key>path</key>
			<string>CxenseInsightEventBuilder.h</string>
			<key>sourceTree</key>
			<string>&lt;group&gt;</string>
		</dict>
		<key>8701F1AB1D30FD6700542ACF</key>
		<dict>
			<key>fileEncoding</key>
			<string>4</string>
			<key>isa</key>
			<string>PBXFileReference</string>
			<key>lastKnownFileType</key>
			<string>sourcecode.c.h</string>
			<key>path</key>
			<string>CxenseInsightTracker.h</string>
			<key>sourceTree</key>
			<string>&lt;group&gt;</string>
		</dict>
		<key>8701F1AC1D30FD6700542ACF</key>
		<dict>
			<key>isa</key>
			<string>PBXFileReference</string>
			<key>lastKnownFileType</key>
			<string>archive.ar</string>
			<key>path</key>
			<string>libCxenseInsightSDK.a</string>
			<key>sourceTree</key>
			<string>&lt;group&gt;</string>
		</dict>
		<key>8701F1AD1D30FD6700542ACF</key>
		<dict>
			<key>fileRef</key>
			<string>8701F1AC1D30FD6700542ACF</string>
			<key>isa</key>
			<string>PBXBuildFile</string>
		</dict>
		<key>8701F1AE1D31004000542ACF</key>
		<dict>
			<key>isa</key>
			<string>PBXFileReference</string>
			<key>lastKnownFileType</key>
			<string>sourcecode.text-based-dylib-definition</string>
			<key>name</key>
			<string>libsqlite3.tbd</string>
			<key>path</key>
			<string>usr/lib/libsqlite3.tbd</string>
			<key>sourceTree</key>
			<string>SDKROOT</string>
		</dict>
		<key>8701F1AF1D31004000542ACF</key>
		<dict>
			<key>fileRef</key>
			<string>8701F1AE1D31004000542ACF</string>
			<key>isa</key>
			<string>PBXBuildFile</string>
		</dict>
		<key>87060C1C1D03F882006E6C36</key>
		<dict>
			<key>fileEncoding</key>
			<string>4</string>
			<key>isa</key>
			<string>PBXFileReference</string>
			<key>lastKnownFileType</key>
			<string>sourcecode.c.h</string>
			<key>path</key>
			<string>FeedViewController.h</string>
			<key>sourceTree</key>
			<string>&lt;group&gt;</string>
		</dict>
		<key>87060C1D1D03F882006E6C36</key>
		<dict>
			<key>fileEncoding</key>
			<string>4</string>
			<key>isa</key>
			<string>PBXFileReference</string>
			<key>lastKnownFileType</key>
			<string>sourcecode.c.objc</string>
			<key>path</key>
			<string>FeedViewController.m</string>
			<key>sourceTree</key>
			<string>&lt;group&gt;</string>
		</dict>
		<key>87060C1E1D03F882006E6C36</key>
		<dict>
			<key>fileRef</key>
			<string>87060C1D1D03F882006E6C36</string>
			<key>isa</key>
			<string>PBXBuildFile</string>
		</dict>
		<key>87060C1F1D04B046006E6C36</key>
		<dict>
			<key>children</key>
			<array>
				<string>87A9A5231D4B879200014FC4</string>
				<string>87A9A5241D4B879200014FC4</string>
				<string>87060C201D04B064006E6C36</string>
				<string>87060C211D04B064006E6C36</string>
			</array>
			<key>isa</key>
			<string>PBXGroup</string>
			<key>path</key>
			<string>User</string>
			<key>sourceTree</key>
			<string>&lt;group&gt;</string>
		</dict>
		<key>87060C201D04B064006E6C36</key>
		<dict>
			<key>fileEncoding</key>
			<string>4</string>
			<key>isa</key>
			<string>PBXFileReference</string>
			<key>lastKnownFileType</key>
			<string>sourcecode.c.h</string>
			<key>path</key>
			<string>UserAccountViewController.h</string>
			<key>sourceTree</key>
			<string>&lt;group&gt;</string>
		</dict>
		<key>87060C211D04B064006E6C36</key>
		<dict>
			<key>fileEncoding</key>
			<string>4</string>
			<key>isa</key>
			<string>PBXFileReference</string>
			<key>lastKnownFileType</key>
			<string>sourcecode.c.objc</string>
			<key>path</key>
			<string>UserAccountViewController.m</string>
			<key>sourceTree</key>
			<string>&lt;group&gt;</string>
		</dict>
		<key>87060C221D04B065006E6C36</key>
		<dict>
			<key>fileRef</key>
			<string>87060C211D04B064006E6C36</string>
			<key>isa</key>
			<string>PBXBuildFile</string>
		</dict>
		<key>8707D8551CF0887A007B1A2B</key>
		<dict>
			<key>children</key>
			<array>
				<string>8707D8601CF0887A007B1A2B</string>
				<string>878742691CFEDD37000A926B</string>
				<string>871548321CFEAA26008C4248</string>
				<string>8717F8201CF764CC002E5948</string>
				<string>8707D85F1CF0887A007B1A2B</string>
				<string>8707D87C1CF088F0007B1A2B</string>
				<string>87EF9C401D7FF4C7007A5564</string>
			</array>
			<key>isa</key>
			<string>PBXGroup</string>
			<key>sourceTree</key>
			<string>&lt;group&gt;</string>
		</dict>
		<key>8707D8561CF0887A007B1A2B</key>
		<dict>
			<key>attributes</key>
			<dict>
				<key>LastUpgradeCheck</key>
				<string>0730</string>
				<key>ORGANIZATIONNAME</key>
				<string>Anver Bogatov</string>
				<key>TargetAttributes</key>
				<dict>
					<key>8707D85D1CF0887A007B1A2B</key>
					<dict>
						<key>CreatedOnToolsVersion</key>
						<string>7.3.1</string>
						<key>DevelopmentTeam</key>
						<string>CR2X44DU32</string>
					</dict>
					<key>871548301CFEAA26008C4248</key>
					<dict>
						<key>CreatedOnToolsVersion</key>
						<string>7.3.1</string>
						<key>DevelopmentTeam</key>
						<string>69682L2WL8</string>
						<key>TestTargetID</key>
						<string>8707D85D1CF0887A007B1A2B</string>
					</dict>
					<key>878742671CFEDD37000A926B</key>
					<dict>
						<key>CreatedOnToolsVersion</key>
						<string>7.3.1</string>
						<key>DevelopmentTeam</key>
						<string>69682L2WL8</string>
						<key>TestTargetID</key>
						<string>8707D85D1CF0887A007B1A2B</string>
					</dict>
				</dict>
			</dict>
			<key>buildConfigurationList</key>
			<string>8707D8591CF0887A007B1A2B</string>
			<key>compatibilityVersion</key>
			<string>Xcode 3.2</string>
			<key>developmentRegion</key>
			<string>English</string>
			<key>hasScannedForEncodings</key>
			<string>0</string>
			<key>isa</key>
			<string>PBXProject</string>
			<key>knownRegions</key>
			<array>
				<string>en</string>
				<string>Base</string>
			</array>
			<key>mainGroup</key>
			<string>8707D8551CF0887A007B1A2B</string>
			<key>productRefGroup</key>
			<string>8707D85F1CF0887A007B1A2B</string>
			<key>projectDirPath</key>
			<string></string>
			<key>projectReferences</key>
			<array>
				<dict>
					<key>ProductGroup</key>
					<string>8768E8761D914DAB0008E035</string>
					<key>ProjectRef</key>
					<string>8768E8751D914DAB0008E035</string>
				</dict>
			</array>
			<key>projectRoot</key>
			<string></string>
			<key>targets</key>
			<array>
				<string>8707D85D1CF0887A007B1A2B</string>
				<string>871548301CFEAA26008C4248</string>
				<string>878742671CFEDD37000A926B</string>
			</array>
		</dict>
		<key>8707D8591CF0887A007B1A2B</key>
		<dict>
			<key>buildConfigurations</key>
			<array>
				<string>8707D8731CF0887A007B1A2B</string>
				<string>8707D8741CF0887A007B1A2B</string>
			</array>
			<key>defaultConfigurationIsVisible</key>
			<string>0</string>
			<key>defaultConfigurationName</key>
			<string>Release</string>
			<key>isa</key>
			<string>XCConfigurationList</string>
		</dict>
		<key>8707D85A1CF0887A007B1A2B</key>
		<dict>
			<key>buildActionMask</key>
			<string>2147483647</string>
			<key>files</key>
			<array>
				<string>8707D8661CF0887A007B1A2B</string>
				<string>87A926DD1D9BEF0500299341</string>
				<string>8790D5531CF9A2FE0009EBFF</string>
				<string>879007641D5DDCA700709591</string>
				<string>87B7FF141D28EF34002D040D</string>
				<string>87A926C51D9BC63B00299341</string>
				<string>8707D8631CF0887A007B1A2B</string>
				<string>87A9A5251D4B879200014FC4</string>
				<string>8787424B1CFEAF5D000A926B</string>
				<string>87B7FF101D28EAC3002D040D</string>
				<string>8717F8371CF76725002E5948</string>
				<string>87668A2D1D0333D700AC1B4F</string>
				<string>8788F5561D9F9B4400950664</string>
				<string>87A926D61D9BDCE000299341</string>
				<string>87B340EA1D4767F200929491</string>
				<string>431A48EAE2D230407BBAA2BC</string>
				<string>87A926D91D9BEE0C00299341</string>
				<string>87B7FF171D28EF4F002D040D</string>
				<string>87060C221D04B065006E6C36</string>
				<string>87E9D7B11D9252B700AD515B</string>
				<string>87B267601D22DE520061F635</string>
				<string>87A9A5201D4B335600014FC4</string>
				<string>877DA1331DA6C8F800BDFD79</string>
				<string>87060C1E1D03F882006E6C36</string>
				<string>870F21941D50DA9D00D108E5</string>
				<string>431A4F711F82037FCD967E27</string>
				<string>431A418861855E77026AC488</string>
				<string>431A4618405D97B8785C7A5B</string>
				<string>87110AC01D3E126100451251</string>
				<string>87107E3F1DA7B39400111FAD</string>
				<string>87686F041D5F309F00351C32</string>
			</array>
			<key>isa</key>
			<string>PBXSourcesBuildPhase</string>
			<key>runOnlyForDeploymentPostprocessing</key>
			<string>0</string>
		</dict>
		<key>8707D85B1CF0887A007B1A2B</key>
		<dict>
			<key>buildActionMask</key>
			<string>2147483647</string>
			<key>files</key>
			<array>
				<string>8701F1AF1D31004000542ACF</string>
				<string>8707D87D1CF088F0007B1A2B</string>
				<string>870F218A1D50B0FA00D108E5</string>
				<string>8768E8841D914DD60008E035</string>
				<string>8701F1AD1D30FD6700542ACF</string>
				<string>8717F8291CF76505002E5948</string>
				<string>876AFFD81D1424A6008326AC</string>
			</array>
			<key>isa</key>
			<string>PBXFrameworksBuildPhase</string>
			<key>runOnlyForDeploymentPostprocessing</key>
			<string>0</string>
		</dict>
		<key>8707D85C1CF0887A007B1A2B</key>
		<dict>
			<key>buildActionMask</key>
			<string>2147483647</string>
			<key>files</key>
			<array>
				<string>8717F82A1CF76534002E5948</string>
				<string>8717F82B1CF76534002E5948</string>
				<string>8717F82C1CF76534002E5948</string>
				<string>8717F82D1CF76534002E5948</string>
				<string>87A926CB1D9BD28400299341</string>
				<string>8717F82E1CF76534002E5948</string>
				<string>8717F82F1CF76534002E5948</string>
				<string>8707D8711CF0887A007B1A2B</string>
				<string>876AFFD91D1424A7008326AC</string>
				<string>87EF9C411D7FF4C7007A5564</string>
				<string>8707D86E1CF0887A007B1A2B</string>
				<string>87B340EE1D479C3F00929491</string>
				<string>87874DE61D41F7EF00A24AFD</string>
				<string>8707D86C1CF0887A007B1A2B</string>
			</array>
			<key>isa</key>
			<string>PBXResourcesBuildPhase</string>
			<key>runOnlyForDeploymentPostprocessing</key>
			<string>0</string>
		</dict>
		<key>8707D85D1CF0887A007B1A2B</key>
		<dict>
			<key>buildConfigurationList</key>
			<string>8707D8751CF0887A007B1A2B</string>
			<key>buildPhases</key>
			<array>
				<string>8707D85A1CF0887A007B1A2B</string>
				<string>8707D85B1CF0887A007B1A2B</string>
				<string>8707D85C1CF0887A007B1A2B</string>
				<string>870FABCE1D14219F0080D8BF</string>
				<string>876AFFD31D142473008326AC</string>
				<string>87A9A51D1D4B274E00014FC4</string>
				<string>8768E8651D91460B0008E035</string>
			</array>
			<key>buildRules</key>
			<array/>
			<key>dependencies</key>
			<array>
				<string>8768E8871D914DD60008E035</string>
			</array>
			<key>isa</key>
			<string>PBXNativeTarget</string>
			<key>name</key>
			<string>CxNews</string>
			<key>productName</key>
			<string>CxNews</string>
			<key>productReference</key>
			<string>8707D85E1CF0887A007B1A2B</string>
			<key>productType</key>
			<string>com.apple.product-type.application</string>
		</dict>
		<key>8707D85E1CF0887A007B1A2B</key>
		<dict>
			<key>explicitFileType</key>
			<string>wrapper.application</string>
			<key>includeInIndex</key>
			<string>0</string>
			<key>isa</key>
			<string>PBXFileReference</string>
			<key>path</key>
			<string>CxNews.app</string>
			<key>sourceTree</key>
			<string>BUILT_PRODUCTS_DIR</string>
		</dict>
		<key>8707D85F1CF0887A007B1A2B</key>
		<dict>
			<key>children</key>
			<array>
				<string>8707D85E1CF0887A007B1A2B</string>
				<string>871548311CFEAA26008C4248</string>
				<string>878742681CFEDD37000A926B</string>
			</array>
			<key>isa</key>
			<string>PBXGroup</string>
			<key>name</key>
			<string>Products</string>
			<key>sourceTree</key>
			<string>&lt;group&gt;</string>
		</dict>
		<key>8707D8601CF0887A007B1A2B</key>
		<dict>
			<key>children</key>
			<array>
				<string>8707D8801CF0C730007B1A2B</string>
				<string>87686F011D5F304300351C32</string>
				<string>8707D8811CF0C73F007B1A2B</string>
				<string>431A43B5EF2FFF618EB93E1B</string>
				<string>8707D8821CF0C754007B1A2B</string>
				<string>87B340EF1D47A53C00929491</string>
				<string>8707D8611CF0887A007B1A2B</string>
				<string>87110ABD1D3E123A00451251</string>
				<string>8707D86D1CF0887A007B1A2B</string>
				<string>8707D8721CF0887A007B1A2B</string>
			</array>
			<key>isa</key>
			<string>PBXGroup</string>
			<key>path</key>
			<string>CxNews</string>
			<key>sourceTree</key>
			<string>&lt;group&gt;</string>
		</dict>
		<key>8707D8611CF0887A007B1A2B</key>
		<dict>
			<key>children</key>
			<array>
				<string>8707D8621CF0887A007B1A2B</string>
			</array>
			<key>isa</key>
			<string>PBXGroup</string>
			<key>path</key>
			<string>Supporting Files</string>
			<key>sourceTree</key>
			<string>&lt;group&gt;</string>
		</dict>
		<key>8707D8621CF0887A007B1A2B</key>
		<dict>
			<key>isa</key>
			<string>PBXFileReference</string>
			<key>lastKnownFileType</key>
			<string>sourcecode.c.objc</string>
			<key>path</key>
			<string>main.m</string>
			<key>sourceTree</key>
			<string>&lt;group&gt;</string>
		</dict>
		<key>8707D8631CF0887A007B1A2B</key>
		<dict>
			<key>fileRef</key>
			<string>8707D8621CF0887A007B1A2B</string>
			<key>isa</key>
			<string>PBXBuildFile</string>
		</dict>
		<key>8707D8641CF0887A007B1A2B</key>
		<dict>
			<key>isa</key>
			<string>PBXFileReference</string>
			<key>lastKnownFileType</key>
			<string>sourcecode.c.h</string>
			<key>path</key>
			<string>AppDelegate.h</string>
			<key>sourceTree</key>
			<string>&lt;group&gt;</string>
		</dict>
		<key>8707D8651CF0887A007B1A2B</key>
		<dict>
			<key>isa</key>
			<string>PBXFileReference</string>
			<key>lastKnownFileType</key>
			<string>sourcecode.c.objc</string>
			<key>path</key>
			<string>AppDelegate.m</string>
			<key>sourceTree</key>
			<string>&lt;group&gt;</string>
		</dict>
		<key>8707D8661CF0887A007B1A2B</key>
		<dict>
			<key>fileRef</key>
			<string>8707D8651CF0887A007B1A2B</string>
			<key>isa</key>
			<string>PBXBuildFile</string>
		</dict>
		<key>8707D86A1CF0887A007B1A2B</key>
		<dict>
			<key>children</key>
			<array>
				<string>8707D86B1CF0887A007B1A2B</string>
			</array>
			<key>isa</key>
			<string>PBXVariantGroup</string>
			<key>name</key>
			<string>Main.storyboard</string>
			<key>path</key>
			<string>.</string>
			<key>sourceTree</key>
			<string>&lt;group&gt;</string>
		</dict>
		<key>8707D86B1CF0887A007B1A2B</key>
		<dict>
			<key>isa</key>
			<string>PBXFileReference</string>
			<key>lastKnownFileType</key>
			<string>file.storyboard</string>
			<key>name</key>
			<string>Base</string>
			<key>path</key>
			<string>Base.lproj/Main.storyboard</string>
			<key>sourceTree</key>
			<string>&lt;group&gt;</string>
		</dict>
		<key>8707D86C1CF0887A007B1A2B</key>
		<dict>
			<key>fileRef</key>
			<string>8707D86A1CF0887A007B1A2B</string>
			<key>isa</key>
			<string>PBXBuildFile</string>
		</dict>
		<key>8707D86D1CF0887A007B1A2B</key>
		<dict>
			<key>isa</key>
			<string>PBXFileReference</string>
			<key>lastKnownFileType</key>
			<string>folder.assetcatalog</string>
			<key>path</key>
			<string>Assets.xcassets</string>
			<key>sourceTree</key>
			<string>&lt;group&gt;</string>
		</dict>
		<key>8707D86E1CF0887A007B1A2B</key>
		<dict>
			<key>fileRef</key>
			<string>8707D86D1CF0887A007B1A2B</string>
			<key>isa</key>
			<string>PBXBuildFile</string>
		</dict>
		<key>8707D86F1CF0887A007B1A2B</key>
		<dict>
			<key>children</key>
			<array>
				<string>8707D8701CF0887A007B1A2B</string>
			</array>
			<key>isa</key>
			<string>PBXVariantGroup</string>
			<key>name</key>
			<string>LaunchScreen.storyboard</string>
			<key>path</key>
			<string>.</string>
			<key>sourceTree</key>
			<string>&lt;group&gt;</string>
		</dict>
		<key>8707D8701CF0887A007B1A2B</key>
		<dict>
			<key>isa</key>
			<string>PBXFileReference</string>
			<key>lastKnownFileType</key>
			<string>file.storyboard</string>
			<key>name</key>
			<string>Base</string>
			<key>path</key>
			<string>Base.lproj/LaunchScreen.storyboard</string>
			<key>sourceTree</key>
			<string>&lt;group&gt;</string>
		</dict>
		<key>8707D8711CF0887A007B1A2B</key>
		<dict>
			<key>fileRef</key>
			<string>8707D86F1CF0887A007B1A2B</string>
			<key>isa</key>
			<string>PBXBuildFile</string>
		</dict>
		<key>8707D8721CF0887A007B1A2B</key>
		<dict>
			<key>isa</key>
			<string>PBXFileReference</string>
			<key>lastKnownFileType</key>
			<string>text.plist.xml</string>
			<key>path</key>
			<string>Info.plist</string>
			<key>sourceTree</key>
			<string>&lt;group&gt;</string>
		</dict>
		<key>8707D8731CF0887A007B1A2B</key>
		<dict>
			<key>buildSettings</key>
			<dict>
				<key>ALWAYS_SEARCH_USER_PATHS</key>
				<string>NO</string>
				<key>CLANG_ANALYZER_NONNULL</key>
				<string>YES</string>
				<key>CLANG_CXX_LANGUAGE_STANDARD</key>
				<string>gnu++0x</string>
				<key>CLANG_CXX_LIBRARY</key>
				<string>libc++</string>
				<key>CLANG_ENABLE_MODULES</key>
				<string>YES</string>
				<key>CLANG_ENABLE_OBJC_ARC</key>
				<string>YES</string>
				<key>CLANG_WARN_BOOL_CONVERSION</key>
				<string>YES</string>
				<key>CLANG_WARN_CONSTANT_CONVERSION</key>
				<string>YES</string>
				<key>CLANG_WARN_DIRECT_OBJC_ISA_USAGE</key>
				<string>YES_ERROR</string>
				<key>CLANG_WARN_EMPTY_BODY</key>
				<string>YES</string>
				<key>CLANG_WARN_ENUM_CONVERSION</key>
				<string>YES</string>
				<key>CLANG_WARN_INT_CONVERSION</key>
				<string>YES</string>
				<key>CLANG_WARN_OBJC_ROOT_CLASS</key>
				<string>YES_ERROR</string>
				<key>CLANG_WARN_UNREACHABLE_CODE</key>
				<string>YES</string>
				<key>CLANG_WARN__DUPLICATE_METHOD_MATCH</key>
				<string>YES</string>
				<key>CODE_SIGN_IDENTITY[sdk=iphoneos*]</key>
				<string>iPhone Developer</string>
				<key>COPY_PHASE_STRIP</key>
				<string>NO</string>
				<key>DEBUG_INFORMATION_FORMAT</key>
				<string>dwarf</string>
				<key>EMBEDDED_CONTENT_CONTAINS_SWIFT</key>
				<string>YES</string>
				<key>ENABLE_BITCODE</key>
				<string>NO</string>
				<key>ENABLE_STRICT_OBJC_MSGSEND</key>
				<string>YES</string>
				<key>ENABLE_TESTABILITY</key>
				<string>YES</string>
				<key>GCC_C_LANGUAGE_STANDARD</key>
				<string>gnu99</string>
				<key>GCC_DYNAMIC_NO_PIC</key>
				<string>NO</string>
				<key>GCC_NO_COMMON_BLOCKS</key>
				<string>YES</string>
				<key>GCC_OPTIMIZATION_LEVEL</key>
				<string>0</string>
				<key>GCC_PREPROCESSOR_DEFINITIONS</key>
				<array>
					<string>DEBUG=1</string>
					<string>$(inherited)</string>
				</array>
				<key>GCC_WARN_64_TO_32_BIT_CONVERSION</key>
				<string>YES</string>
				<key>GCC_WARN_ABOUT_RETURN_TYPE</key>
				<string>YES_ERROR</string>
				<key>GCC_WARN_UNDECLARED_SELECTOR</key>
				<string>YES</string>
				<key>GCC_WARN_UNINITIALIZED_AUTOS</key>
				<string>YES_AGGRESSIVE</string>
				<key>GCC_WARN_UNUSED_FUNCTION</key>
				<string>YES</string>
				<key>GCC_WARN_UNUSED_PARAMETER</key>
				<string>NO</string>
				<key>GCC_WARN_UNUSED_VARIABLE</key>
				<string>YES</string>
				<key>IPHONEOS_DEPLOYMENT_TARGET</key>
				<string>8.1</string>
				<key>MTL_ENABLE_DEBUG_INFO</key>
				<string>YES</string>
				<key>ONLY_ACTIVE_ARCH</key>
				<string>YES</string>
				<key>SDKROOT</key>
				<string>iphoneos</string>
				<key>STRIP_INSTALLED_PRODUCT</key>
				<string>NO</string>
				<key>STRIP_STYLE</key>
				<string>debugging</string>
			</dict>
			<key>isa</key>
			<string>XCBuildConfiguration</string>
			<key>name</key>
			<string>Debug</string>
		</dict>
		<key>8707D8741CF0887A007B1A2B</key>
		<dict>
			<key>buildSettings</key>
			<dict>
				<key>ALWAYS_SEARCH_USER_PATHS</key>
				<string>NO</string>
				<key>CLANG_ANALYZER_NONNULL</key>
				<string>YES</string>
				<key>CLANG_CXX_LANGUAGE_STANDARD</key>
				<string>gnu++0x</string>
				<key>CLANG_CXX_LIBRARY</key>
				<string>libc++</string>
				<key>CLANG_ENABLE_MODULES</key>
				<string>YES</string>
				<key>CLANG_ENABLE_OBJC_ARC</key>
				<string>YES</string>
				<key>CLANG_WARN_BOOL_CONVERSION</key>
				<string>YES</string>
				<key>CLANG_WARN_CONSTANT_CONVERSION</key>
				<string>YES</string>
				<key>CLANG_WARN_DIRECT_OBJC_ISA_USAGE</key>
				<string>YES_ERROR</string>
				<key>CLANG_WARN_EMPTY_BODY</key>
				<string>YES</string>
				<key>CLANG_WARN_ENUM_CONVERSION</key>
				<string>YES</string>
				<key>CLANG_WARN_INT_CONVERSION</key>
				<string>YES</string>
				<key>CLANG_WARN_OBJC_ROOT_CLASS</key>
				<string>YES_ERROR</string>
				<key>CLANG_WARN_UNREACHABLE_CODE</key>
				<string>YES</string>
				<key>CLANG_WARN__DUPLICATE_METHOD_MATCH</key>
				<string>YES</string>
				<key>CODE_SIGN_IDENTITY[sdk=iphoneos*]</key>
				<string>iPhone Developer</string>
				<key>COPY_PHASE_STRIP</key>
				<string>NO</string>
				<key>DEBUG_INFORMATION_FORMAT</key>
				<string>dwarf-with-dsym</string>
				<key>EMBEDDED_CONTENT_CONTAINS_SWIFT</key>
				<string>YES</string>
				<key>ENABLE_BITCODE</key>
				<string>NO</string>
				<key>ENABLE_NS_ASSERTIONS</key>
				<string>NO</string>
				<key>ENABLE_STRICT_OBJC_MSGSEND</key>
				<string>YES</string>
				<key>GCC_C_LANGUAGE_STANDARD</key>
				<string>gnu99</string>
				<key>GCC_NO_COMMON_BLOCKS</key>
				<string>YES</string>
				<key>GCC_WARN_64_TO_32_BIT_CONVERSION</key>
				<string>YES</string>
				<key>GCC_WARN_ABOUT_RETURN_TYPE</key>
				<string>YES_ERROR</string>
				<key>GCC_WARN_UNDECLARED_SELECTOR</key>
				<string>YES</string>
				<key>GCC_WARN_UNINITIALIZED_AUTOS</key>
				<string>YES_AGGRESSIVE</string>
				<key>GCC_WARN_UNUSED_FUNCTION</key>
				<string>YES</string>
				<key>GCC_WARN_UNUSED_PARAMETER</key>
				<string>NO</string>
				<key>GCC_WARN_UNUSED_VARIABLE</key>
				<string>YES</string>
				<key>IPHONEOS_DEPLOYMENT_TARGET</key>
				<string>8.1</string>
				<key>MTL_ENABLE_DEBUG_INFO</key>
				<string>NO</string>
				<key>SDKROOT</key>
				<string>iphoneos</string>
				<key>STRIP_INSTALLED_PRODUCT</key>
				<string>NO</string>
				<key>STRIP_STYLE</key>
				<string>debugging</string>
				<key>VALIDATE_PRODUCT</key>
				<string>YES</string>
			</dict>
			<key>isa</key>
			<string>XCBuildConfiguration</string>
			<key>name</key>
			<string>Release</string>
		</dict>
		<key>8707D8751CF0887A007B1A2B</key>
		<dict>
			<key>buildConfigurations</key>
			<array>
				<string>8707D8761CF0887A007B1A2B</string>
				<string>8707D8771CF0887A007B1A2B</string>
			</array>
			<key>defaultConfigurationIsVisible</key>
			<string>0</string>
			<key>defaultConfigurationName</key>
			<string>Release</string>
			<key>isa</key>
			<string>XCConfigurationList</string>
		</dict>
		<key>8707D8761CF0887A007B1A2B</key>
		<dict>
			<key>buildSettings</key>
			<dict>
				<key>ALWAYS_EMBED_SWIFT_STANDARD_LIBRARIES</key>
				<string>YES</string>
				<key>ASSETCATALOG_COMPILER_APPICON_NAME</key>
				<string>AppIcon</string>
				<key>CODE_SIGN_IDENTITY</key>
				<string>iPhone Developer</string>
				<key>CODE_SIGN_IDENTITY[sdk=iphoneos*]</key>
				<string>iPhone Developer</string>
				<key>EMBEDDED_CONTENT_CONTAINS_SWIFT</key>
				<string>YES</string>
				<key>FRAMEWORK_SEARCH_PATHS</key>
				<array>
					<string>$(inherited)</string>
					<string>$(PROJECT_DIR)/HockeySDK-iOS/HockeySDK.embeddedframework</string>
					<string>$(PROJECT_DIR)/Carthage/Build/iOS</string>
				</array>
				<key>HEADER_SEARCH_PATHS</key>
				<string>/Users/anverbogatov/Downloads/CxenseContentSDK</string>
				<key>INFOPLIST_FILE</key>
				<string>CxNews/Info.plist</string>
				<key>IPHONEOS_DEPLOYMENT_TARGET</key>
				<string>8.1</string>
				<key>LD_RUNPATH_SEARCH_PATHS</key>
				<string>$(inherited) @executable_path/Frameworks</string>
				<key>LIBRARY_SEARCH_PATHS</key>
				<array>
					<string>/Users/anverbogatov/Downloads/CxenseContentSDK</string>
					<string>$(PROJECT_DIR)/CxenseContentSDK</string>
					<string>$(PROJECT_DIR)/SDK</string>
					<string>$(PROJECT_DIR)/CxenseInsightSDK</string>
					<string>$(PROJECT_DIR)/CxenseDMP_SDK</string>
				</array>
				<key>OTHER_LDFLAGS</key>
				<string>-ObjC</string>
				<key>PRODUCT_BUNDLE_IDENTIFIER</key>
				<string>com.cxense.CxNews</string>
				<key>PRODUCT_NAME</key>
				<string>$(TARGET_NAME)</string>
				<key>PROVISIONING_PROFILE</key>
				<string></string>
				<key>TARGETED_DEVICE_FAMILY</key>
				<string>1,2</string>
			</dict>
			<key>isa</key>
			<string>XCBuildConfiguration</string>
			<key>name</key>
			<string>Debug</string>
		</dict>
		<key>8707D8771CF0887A007B1A2B</key>
		<dict>
			<key>buildSettings</key>
			<dict>
				<key>ALWAYS_EMBED_SWIFT_STANDARD_LIBRARIES</key>
				<string>YES</string>
				<key>ASSETCATALOG_COMPILER_APPICON_NAME</key>
				<string>AppIcon</string>
				<key>CODE_SIGN_IDENTITY</key>
				<string>iPhone Developer</string>
				<key>CODE_SIGN_IDENTITY[sdk=iphoneos*]</key>
				<string>iPhone Developer</string>
				<key>EMBEDDED_CONTENT_CONTAINS_SWIFT</key>
				<string>YES</string>
				<key>FRAMEWORK_SEARCH_PATHS</key>
				<array>
					<string>$(inherited)</string>
					<string>$(PROJECT_DIR)/HockeySDK-iOS/HockeySDK.embeddedframework</string>
					<string>$(PROJECT_DIR)/Carthage/Build/iOS</string>
				</array>
				<key>HEADER_SEARCH_PATHS</key>
				<string>/Users/anverbogatov/Downloads/CxenseContentSDK</string>
				<key>INFOPLIST_FILE</key>
				<string>CxNews/Info.plist</string>
				<key>IPHONEOS_DEPLOYMENT_TARGET</key>
				<string>8.1</string>
				<key>LD_RUNPATH_SEARCH_PATHS</key>
				<string>$(inherited) @executable_path/Frameworks</string>
				<key>LIBRARY_SEARCH_PATHS</key>
				<array>
					<string>/Users/anverbogatov/Downloads/CxenseContentSDK</string>
					<string>$(PROJECT_DIR)/CxenseContentSDK</string>
					<string>$(PROJECT_DIR)/SDK</string>
					<string>$(PROJECT_DIR)/CxenseInsightSDK</string>
					<string>$(PROJECT_DIR)/CxenseDMP_SDK</string>
				</array>
				<key>OTHER_LDFLAGS</key>
				<string>-ObjC</string>
				<key>PRODUCT_BUNDLE_IDENTIFIER</key>
				<string>com.cxense.CxNews</string>
				<key>PRODUCT_NAME</key>
				<string>$(TARGET_NAME)</string>
				<key>PROVISIONING_PROFILE</key>
				<string></string>
				<key>TARGETED_DEVICE_FAMILY</key>
				<string>1,2</string>
			</dict>
			<key>isa</key>
			<string>XCBuildConfiguration</string>
			<key>name</key>
			<string>Release</string>
		</dict>
		<key>8707D87C1CF088F0007B1A2B</key>
		<dict>
			<key>isa</key>
			<string>PBXFileReference</string>
			<key>lastKnownFileType</key>
			<string>wrapper.framework</string>
			<key>name</key>
			<string>UIKit.framework</string>
			<key>path</key>
			<string>System/Library/Frameworks/UIKit.framework</string>
			<key>sourceTree</key>
			<string>SDKROOT</string>
		</dict>
		<key>8707D87D1CF088F0007B1A2B</key>
		<dict>
			<key>fileRef</key>
			<string>8707D87C1CF088F0007B1A2B</string>
			<key>isa</key>
			<string>PBXBuildFile</string>
		</dict>
		<key>8707D8801CF0C730007B1A2B</key>
		<dict>
			<key>children</key>
			<array>
				<string>8707D8641CF0887A007B1A2B</string>
				<string>8707D8651CF0887A007B1A2B</string>
				<string>87668A2B1D0333D700AC1B4F</string>
				<string>87668A2C1D0333D700AC1B4F</string>
			</array>
			<key>isa</key>
			<string>PBXGroup</string>
			<key>path</key>
			<string>Basic</string>
			<key>sourceTree</key>
			<string>&lt;group&gt;</string>
		</dict>
		<key>8707D8811CF0C73F007B1A2B</key>
		<dict>
			<key>children</key>
			<array>
				<string>87B7FF0D1D28EA91002D040D</string>
				<string>878742481CFEAF2B000A926B</string>
				<string>431A43D157579E805B3350CE</string>
				<string>8790D5501CF9A2E30009EBFF</string>
				<string>87060C1F1D04B046006E6C36</string>
				<string>87A926D01D9BDCC200299341</string>
			</array>
			<key>isa</key>
			<string>PBXGroup</string>
			<key>path</key>
			<string>Controllers</string>
			<key>sourceTree</key>
			<string>&lt;group&gt;</string>
		</dict>
		<key>8707D8821CF0C754007B1A2B</key>
		<dict>
			<key>children</key>
			<array>
				<string>87B7FF111D28EF1C002D040D</string>
				<string>87B340E71D4767B000929491</string>
				<string>879007611D5DDC2E00709591</string>
				<string>431A422405770335C64F103A</string>
				<string>431A4AF76720A844B5AC14EB</string>
				<string>431A4D82FF3539F07A40854C</string>
				<string>87A926DA1D9BEEE600299341</string>
			</array>
			<key>isa</key>
			<string>PBXGroup</string>
			<key>path</key>
			<string>Services</string>
			<key>sourceTree</key>
			<string>&lt;group&gt;</string>
		</dict>
		<key>870F217F1D50B0FA00D108E5</key>
		<dict>
			<key>children</key>
			<array>
				<string>870F21801D50B0FA00D108E5</string>
				<string>870F21811D50B0FA00D108E5</string>
				<string>870F21821D50B0FA00D108E5</string>
				<string>870F21831D50B0FA00D108E5</string>
				<string>870F21841D50B0FA00D108E5</string>
				<string>870F21851D50B0FA00D108E5</string>
				<string>870F21861D50B0FA00D108E5</string>
				<string>870F21871D50B0FA00D108E5</string>
				<string>870F21881D50B0FA00D108E5</string>
				<string>870F21891D50B0FA00D108E5</string>
			</array>
			<key>isa</key>
			<string>PBXGroup</string>
			<key>path</key>
			<string>CxenseDMP_SDK</string>
			<key>sourceTree</key>
			<string>&lt;group&gt;</string>
		</dict>
		<key>870F21801D50B0FA00D108E5</key>
		<dict>
			<key>fileEncoding</key>
			<string>4</string>
			<key>isa</key>
			<string>PBXFileReference</string>
			<key>lastKnownFileType</key>
			<string>sourcecode.c.h</string>
			<key>path</key>
			<string>CxenseDMP.h</string>
			<key>sourceTree</key>
			<string>&lt;group&gt;</string>
		</dict>
		<key>870F21811D50B0FA00D108E5</key>
		<dict>
			<key>fileEncoding</key>
			<string>4</string>
			<key>isa</key>
			<string>PBXFileReference</string>
			<key>lastKnownFileType</key>
			<string>sourcecode.c.h</string>
			<key>path</key>
			<string>CxenseDMPCustomParameter.h</string>
			<key>sourceTree</key>
			<string>&lt;group&gt;</string>
		</dict>
		<key>870F21821D50B0FA00D108E5</key>
		<dict>
			<key>fileEncoding</key>
			<string>4</string>
			<key>isa</key>
			<string>PBXFileReference</string>
			<key>lastKnownFileType</key>
			<string>sourcecode.c.h</string>
			<key>path</key>
			<string>CxenseDMPEvent.h</string>
			<key>sourceTree</key>
			<string>&lt;group&gt;</string>
		</dict>
		<key>870F21831D50B0FA00D108E5</key>
		<dict>
			<key>fileEncoding</key>
			<string>4</string>
			<key>isa</key>
			<string>PBXFileReference</string>
			<key>lastKnownFileType</key>
			<string>sourcecode.c.h</string>
			<key>path</key>
			<string>CxenseDMPExternalData.h</string>
			<key>sourceTree</key>
			<string>&lt;group&gt;</string>
		</dict>
		<key>870F21841D50B0FA00D108E5</key>
		<dict>
			<key>fileEncoding</key>
			<string>4</string>
			<key>isa</key>
			<string>PBXFileReference</string>
			<key>lastKnownFileType</key>
			<string>sourcecode.c.h</string>
			<key>path</key>
			<string>CxenseDMPExternalProfile.h</string>
			<key>sourceTree</key>
			<string>&lt;group&gt;</string>
		</dict>
		<key>870F21851D50B0FA00D108E5</key>
		<dict>
			<key>fileEncoding</key>
			<string>4</string>
			<key>isa</key>
			<string>PBXFileReference</string>
			<key>lastKnownFileType</key>
			<string>sourcecode.c.h</string>
			<key>path</key>
			<string>CxenseDMPGroup.h</string>
			<key>sourceTree</key>
			<string>&lt;group&gt;</string>
		</dict>
		<key>870F21861D50B0FA00D108E5</key>
		<dict>
			<key>fileEncoding</key>
			<string>4</string>
			<key>isa</key>
			<string>PBXFileReference</string>
			<key>lastKnownFileType</key>
			<string>sourcecode.c.h</string>
			<key>path</key>
			<string>CxenseDMPProfile.h</string>
			<key>sourceTree</key>
			<string>&lt;group&gt;</string>
		</dict>
		<key>870F21871D50B0FA00D108E5</key>
		<dict>
			<key>fileEncoding</key>
			<string>4</string>
			<key>isa</key>
			<string>PBXFileReference</string>
			<key>lastKnownFileType</key>
			<string>sourcecode.c.h</string>
			<key>path</key>
			<string>CxenseDMPUser.h</string>
			<key>sourceTree</key>
			<string>&lt;group&gt;</string>
		</dict>
		<key>870F21881D50B0FA00D108E5</key>
		<dict>
			<key>fileEncoding</key>
			<string>4</string>
			<key>isa</key>
			<string>PBXFileReference</string>
			<key>lastKnownFileType</key>
			<string>sourcecode.c.h</string>
			<key>path</key>
			<string>CxenseDMPUserIdentifier.h</string>
			<key>sourceTree</key>
			<string>&lt;group&gt;</string>
		</dict>
		<key>870F21891D50B0FA00D108E5</key>
		<dict>
			<key>isa</key>
			<string>PBXFileReference</string>
			<key>lastKnownFileType</key>
			<string>archive.ar</string>
			<key>path</key>
			<string>libCxenseDMPSDK.a</string>
			<key>sourceTree</key>
			<string>&lt;group&gt;</string>
		</dict>
		<key>870F218A1D50B0FA00D108E5</key>
		<dict>
			<key>fileRef</key>
			<string>870F21891D50B0FA00D108E5</string>
			<key>isa</key>
			<string>PBXBuildFile</string>
		</dict>
		<key>870F21921D50DA9D00D108E5</key>
		<dict>
			<key>fileEncoding</key>
			<string>4</string>
			<key>isa</key>
			<string>PBXFileReference</string>
			<key>lastKnownFileType</key>
			<string>sourcecode.c.h</string>
			<key>path</key>
			<string>InterestModel.h</string>
			<key>sourceTree</key>
			<string>&lt;group&gt;</string>
		</dict>
		<key>870F21931D50DA9D00D108E5</key>
		<dict>
			<key>fileEncoding</key>
			<string>4</string>
			<key>isa</key>
			<string>PBXFileReference</string>
			<key>lastKnownFileType</key>
			<string>sourcecode.c.objc</string>
			<key>path</key>
			<string>InterestModel.m</string>
			<key>sourceTree</key>
			<string>&lt;group&gt;</string>
		</dict>
		<key>870F21941D50DA9D00D108E5</key>
		<dict>
			<key>fileRef</key>
			<string>870F21931D50DA9D00D108E5</string>
			<key>isa</key>
			<string>PBXBuildFile</string>
		</dict>
		<key>870FABCE1D14219F0080D8BF</key>
		<dict>
			<key>buildActionMask</key>
			<string>2147483647</string>
			<key>files</key>
			<array/>
			<key>inputPaths</key>
			<array/>
			<key>isa</key>
			<string>PBXShellScriptBuildPhase</string>
			<key>outputPaths</key>
			<array/>
			<key>runOnlyForDeploymentPostprocessing</key>
			<string>0</string>
			<key>shellPath</key>
			<string>/bin/sh</string>
			<key>shellScript</key>
			<string>buildNumber=$(/usr/libexec/PlistBuddy -c "Print CFBundleVersion" "${PROJECT_DIR}/${INFOPLIST_FILE}")
buildNumber=$(($buildNumber + 1))
/usr/libexec/PlistBuddy -c "Set :CFBundleVersion $buildNumber" "${PROJECT_DIR}/${INFOPLIST_FILE}"</string>
		</dict>
		<key>87107E3D1DA7B39400111FAD</key>
		<dict>
			<key>fileEncoding</key>
			<string>4</string>
			<key>isa</key>
			<string>PBXFileReference</string>
			<key>lastKnownFileType</key>
			<string>sourcecode.c.h</string>
			<key>path</key>
			<string>ATS-URL-Converter.h</string>
			<key>sourceTree</key>
			<string>&lt;group&gt;</string>
		</dict>
		<key>87107E3E1DA7B39400111FAD</key>
		<dict>
			<key>fileEncoding</key>
			<string>4</string>
			<key>isa</key>
			<string>PBXFileReference</string>
			<key>lastKnownFileType</key>
			<string>sourcecode.c.objc</string>
			<key>path</key>
			<string>ATS-URL-Converter.m</string>
			<key>sourceTree</key>
			<string>&lt;group&gt;</string>
		</dict>
		<key>87107E3F1DA7B39400111FAD</key>
		<dict>
			<key>fileRef</key>
			<string>87107E3E1DA7B39400111FAD</string>
			<key>isa</key>
			<string>PBXBuildFile</string>
		</dict>
		<key>87110ABD1D3E123A00451251</key>
		<dict>
			<key>children</key>
			<array>
				<string>87107E3D1DA7B39400111FAD</string>
				<string>87107E3E1DA7B39400111FAD</string>
				<string>87110ABE1D3E126100451251</string>
				<string>87110ABF1D3E126100451251</string>
				<string>87A9A51E1D4B335600014FC4</string>
				<string>87A9A51F1D4B335600014FC4</string>
			</array>
			<key>isa</key>
			<string>PBXGroup</string>
			<key>path</key>
			<string>Utils</string>
			<key>sourceTree</key>
			<string>&lt;group&gt;</string>
		</dict>
		<key>87110ABE1D3E126100451251</key>
		<dict>
			<key>fileEncoding</key>
			<string>4</string>
			<key>isa</key>
			<string>PBXFileReference</string>
			<key>lastKnownFileType</key>
			<string>sourcecode.c.h</string>
			<key>path</key>
			<string>Reco2ArticleConverter.h</string>
			<key>sourceTree</key>
			<string>&lt;group&gt;</string>
		</dict>
		<key>87110ABF1D3E126100451251</key>
		<dict>
			<key>fileEncoding</key>
			<string>4</string>
			<key>isa</key>
			<string>PBXFileReference</string>
			<key>lastKnownFileType</key>
			<string>sourcecode.c.objc</string>
			<key>path</key>
			<string>Reco2ArticleConverter.m</string>
			<key>sourceTree</key>
			<string>&lt;group&gt;</string>
		</dict>
		<key>87110AC01D3E126100451251</key>
		<dict>
			<key>fileRef</key>
			<string>87110ABF1D3E126100451251</string>
			<key>isa</key>
			<string>PBXBuildFile</string>
		</dict>
		<key>87110AC11D3E13C300451251</key>
		<dict>
			<key>fileEncoding</key>
			<string>4</string>
			<key>isa</key>
			<string>PBXFileReference</string>
			<key>lastKnownFileType</key>
			<string>sourcecode.c.objc</string>
			<key>path</key>
			<string>Reco2ArticleConverterTests.m</string>
			<key>sourceTree</key>
			<string>&lt;group&gt;</string>
		</dict>
		<key>87110AC21D3E13C300451251</key>
		<dict>
			<key>fileRef</key>
			<string>87110AC11D3E13C300451251</string>
			<key>isa</key>
			<string>PBXBuildFile</string>
		</dict>
		<key>8715482D1CFEAA26008C4248</key>
		<dict>
			<key>buildActionMask</key>
			<string>2147483647</string>
			<key>files</key>
			<array>
				<string>871548341CFEAA26008C4248</string>
			</array>
			<key>isa</key>
			<string>PBXSourcesBuildPhase</string>
			<key>runOnlyForDeploymentPostprocessing</key>
			<string>0</string>
		</dict>
		<key>8715482E1CFEAA26008C4248</key>
		<dict>
			<key>buildActionMask</key>
			<string>2147483647</string>
			<key>files</key>
			<array/>
			<key>isa</key>
			<string>PBXFrameworksBuildPhase</string>
			<key>runOnlyForDeploymentPostprocessing</key>
			<string>0</string>
		</dict>
		<key>8715482F1CFEAA26008C4248</key>
		<dict>
			<key>buildActionMask</key>
			<string>2147483647</string>
			<key>files</key>
			<array/>
			<key>isa</key>
			<string>PBXResourcesBuildPhase</string>
			<key>runOnlyForDeploymentPostprocessing</key>
			<string>0</string>
		</dict>
		<key>871548301CFEAA26008C4248</key>
		<dict>
			<key>buildConfigurationList</key>
			<string>8715483A1CFEAA26008C4248</string>
			<key>buildPhases</key>
			<array>
				<string>8715482D1CFEAA26008C4248</string>
				<string>8715482E1CFEAA26008C4248</string>
				<string>8715482F1CFEAA26008C4248</string>
			</array>
			<key>buildRules</key>
			<array/>
			<key>dependencies</key>
			<array>
				<string>871548371CFEAA26008C4248</string>
			</array>
			<key>isa</key>
			<string>PBXNativeTarget</string>
			<key>name</key>
			<string>CxNewsUITests</string>
			<key>productName</key>
			<string>CxNewsUITests</string>
			<key>productReference</key>
			<string>871548311CFEAA26008C4248</string>
			<key>productType</key>
			<string>com.apple.product-type.bundle.ui-testing</string>
		</dict>
		<key>871548311CFEAA26008C4248</key>
		<dict>
			<key>explicitFileType</key>
			<string>wrapper.cfbundle</string>
			<key>includeInIndex</key>
			<string>0</string>
			<key>isa</key>
			<string>PBXFileReference</string>
			<key>path</key>
			<string>CxNewsUITests.xctest</string>
			<key>sourceTree</key>
			<string>BUILT_PRODUCTS_DIR</string>
		</dict>
		<key>871548321CFEAA26008C4248</key>
		<dict>
			<key>children</key>
			<array>
				<string>871548331CFEAA26008C4248</string>
				<string>871548351CFEAA26008C4248</string>
			</array>
			<key>isa</key>
			<string>PBXGroup</string>
			<key>path</key>
			<string>CxNewsUITests</string>
			<key>sourceTree</key>
			<string>&lt;group&gt;</string>
		</dict>
		<key>871548331CFEAA26008C4248</key>
		<dict>
			<key>isa</key>
			<string>PBXFileReference</string>
			<key>lastKnownFileType</key>
			<string>sourcecode.c.objc</string>
			<key>path</key>
			<string>CxNewsUITests.m</string>
			<key>sourceTree</key>
			<string>&lt;group&gt;</string>
		</dict>
		<key>871548341CFEAA26008C4248</key>
		<dict>
			<key>fileRef</key>
			<string>871548331CFEAA26008C4248</string>
			<key>isa</key>
			<string>PBXBuildFile</string>
		</dict>
		<key>871548351CFEAA26008C4248</key>
		<dict>
			<key>isa</key>
			<string>PBXFileReference</string>
			<key>lastKnownFileType</key>
			<string>text.plist.xml</string>
			<key>path</key>
			<string>Info.plist</string>
			<key>sourceTree</key>
			<string>&lt;group&gt;</string>
		</dict>
		<key>871548361CFEAA26008C4248</key>
		<dict>
			<key>containerPortal</key>
			<string>8707D8561CF0887A007B1A2B</string>
			<key>isa</key>
			<string>PBXContainerItemProxy</string>
			<key>proxyType</key>
			<string>1</string>
			<key>remoteGlobalIDString</key>
			<string>8707D85D1CF0887A007B1A2B</string>
			<key>remoteInfo</key>
			<string>CxNews</string>
		</dict>
		<key>871548371CFEAA26008C4248</key>
		<dict>
			<key>isa</key>
			<string>PBXTargetDependency</string>
			<key>target</key>
			<string>8707D85D1CF0887A007B1A2B</string>
			<key>targetProxy</key>
			<string>871548361CFEAA26008C4248</string>
		</dict>
		<key>871548381CFEAA26008C4248</key>
		<dict>
			<key>buildSettings</key>
			<dict>
				<key>INFOPLIST_FILE</key>
				<string>CxNewsUITests/Info.plist</string>
				<key>LD_RUNPATH_SEARCH_PATHS</key>
				<string>$(inherited) @executable_path/Frameworks @loader_path/Frameworks</string>
				<key>PRODUCT_BUNDLE_IDENTIFIER</key>
				<string>com.anverbogatov.CxNewsUITests</string>
				<key>PRODUCT_NAME</key>
				<string>$(TARGET_NAME)</string>
				<key>TEST_TARGET_NAME</key>
				<string>CxNews</string>
			</dict>
			<key>isa</key>
			<string>XCBuildConfiguration</string>
			<key>name</key>
			<string>Debug</string>
		</dict>
		<key>871548391CFEAA26008C4248</key>
		<dict>
			<key>buildSettings</key>
			<dict>
				<key>INFOPLIST_FILE</key>
				<string>CxNewsUITests/Info.plist</string>
				<key>LD_RUNPATH_SEARCH_PATHS</key>
				<string>$(inherited) @executable_path/Frameworks @loader_path/Frameworks</string>
				<key>PRODUCT_BUNDLE_IDENTIFIER</key>
				<string>com.anverbogatov.CxNewsUITests</string>
				<key>PRODUCT_NAME</key>
				<string>$(TARGET_NAME)</string>
				<key>TEST_TARGET_NAME</key>
				<string>CxNews</string>
			</dict>
			<key>isa</key>
			<string>XCBuildConfiguration</string>
			<key>name</key>
			<string>Release</string>
		</dict>
		<key>8715483A1CFEAA26008C4248</key>
		<dict>
			<key>buildConfigurations</key>
			<array>
				<string>871548381CFEAA26008C4248</string>
				<string>871548391CFEAA26008C4248</string>
			</array>
			<key>defaultConfigurationIsVisible</key>
			<string>0</string>
			<key>defaultConfigurationName</key>
			<string>Release</string>
			<key>isa</key>
			<string>XCConfigurationList</string>
		</dict>
		<key>8717F8201CF764CC002E5948</key>
		<dict>
			<key>children</key>
			<array>
				<string>8768E8751D914DAB0008E035</string>
				<string>870F217F1D50B0FA00D108E5</string>
				<string>8701F1AE1D31004000542ACF</string>
				<string>8717F8211CF764E6002E5948</string>
				<string>8701F1A81D30FD6700542ACF</string>
				<string>87B2675D1D22DE100061F635</string>
				<string>876AFFD41D1424A6008326AC</string>
				<string>8717F8341CF76725002E5948</string>
			</array>
			<key>isa</key>
			<string>PBXGroup</string>
			<key>name</key>
			<string>Frameworks</string>
			<key>sourceTree</key>
			<string>&lt;group&gt;</string>
		</dict>
		<key>8717F8211CF764E6002E5948</key>
		<dict>
			<key>children</key>
			<array>
				<string>8717F8221CF764E6002E5948</string>
				<string>8717F8231CF764E6002E5948</string>
				<string>8717F8241CF764E6002E5948</string>
				<string>8717F8251CF764E6002E5948</string>
				<string>8717F8261CF764E6002E5948</string>
				<string>8717F8271CF764E6002E5948</string>
			</array>
			<key>isa</key>
			<string>PBXGroup</string>
			<key>path</key>
			<string>CxenseContentSDK</string>
			<key>sourceTree</key>
			<string>&lt;group&gt;</string>
		</dict>
		<key>8717F8221CF764E6002E5948</key>
		<dict>
			<key>fileEncoding</key>
			<string>4</string>
			<key>isa</key>
			<string>PBXFileReference</string>
			<key>lastKnownFileType</key>
			<string>sourcecode.c.h</string>
			<key>path</key>
			<string>CxenseContent.h</string>
			<key>sourceTree</key>
			<string>&lt;group&gt;</string>
		</dict>
		<key>8717F8231CF764E6002E5948</key>
		<dict>
			<key>fileEncoding</key>
			<string>4</string>
			<key>isa</key>
			<string>PBXFileReference</string>
			<key>lastKnownFileType</key>
			<string>sourcecode.c.h</string>
			<key>path</key>
			<string>CxenseContentContext.h</string>
			<key>sourceTree</key>
			<string>&lt;group&gt;</string>
		</dict>
		<key>8717F8241CF764E6002E5948</key>
		<dict>
			<key>fileEncoding</key>
			<string>4</string>
			<key>isa</key>
			<string>PBXFileReference</string>
			<key>lastKnownFileType</key>
			<string>sourcecode.c.h</string>
			<key>path</key>
			<string>CxenseContentRecommendation.h</string>
			<key>sourceTree</key>
			<string>&lt;group&gt;</string>
		</dict>
		<key>8717F8251CF764E6002E5948</key>
		<dict>
			<key>fileEncoding</key>
			<string>4</string>
			<key>isa</key>
			<string>PBXFileReference</string>
			<key>lastKnownFileType</key>
			<string>sourcecode.c.h</string>
			<key>path</key>
			<string>CxenseContentUser.h</string>
			<key>sourceTree</key>
			<string>&lt;group&gt;</string>
		</dict>
		<key>8717F8261CF764E6002E5948</key>
		<dict>
			<key>fileEncoding</key>
			<string>4</string>
			<key>isa</key>
			<string>PBXFileReference</string>
			<key>lastKnownFileType</key>
			<string>sourcecode.c.h</string>
			<key>path</key>
			<string>CxenseContentWidget.h</string>
			<key>sourceTree</key>
			<string>&lt;group&gt;</string>
		</dict>
		<key>8717F8271CF764E6002E5948</key>
		<dict>
			<key>isa</key>
			<string>PBXFileReference</string>
			<key>lastKnownFileType</key>
			<string>archive.ar</string>
			<key>path</key>
			<string>libCxenseContentSDK.a</string>
			<key>sourceTree</key>
			<string>&lt;group&gt;</string>
		</dict>
		<key>8717F8291CF76505002E5948</key>
		<dict>
			<key>fileRef</key>
			<string>8717F8271CF764E6002E5948</string>
			<key>isa</key>
			<string>PBXBuildFile</string>
		</dict>
		<key>8717F82A1CF76534002E5948</key>
		<dict>
			<key>fileRef</key>
			<string>8717F8221CF764E6002E5948</string>
			<key>isa</key>
			<string>PBXBuildFile</string>
		</dict>
		<key>8717F82B1CF76534002E5948</key>
		<dict>
			<key>fileRef</key>
			<string>8717F8231CF764E6002E5948</string>
			<key>isa</key>
			<string>PBXBuildFile</string>
		</dict>
		<key>8717F82C1CF76534002E5948</key>
		<dict>
			<key>fileRef</key>
			<string>8717F8241CF764E6002E5948</string>
			<key>isa</key>
			<string>PBXBuildFile</string>
		</dict>
		<key>8717F82D1CF76534002E5948</key>
		<dict>
			<key>fileRef</key>
			<string>8717F8251CF764E6002E5948</string>
			<key>isa</key>
			<string>PBXBuildFile</string>
		</dict>
		<key>8717F82E1CF76534002E5948</key>
		<dict>
			<key>fileRef</key>
			<string>8717F8261CF764E6002E5948</string>
			<key>isa</key>
			<string>PBXBuildFile</string>
		</dict>
		<key>8717F82F1CF76534002E5948</key>
		<dict>
			<key>fileRef</key>
			<string>8717F8271CF764E6002E5948</string>
			<key>isa</key>
			<string>PBXBuildFile</string>
		</dict>
		<key>8717F8341CF76725002E5948</key>
		<dict>
			<key>children</key>
			<array>
				<string>8717F8351CF76725002E5948</string>
				<string>8717F8361CF76725002E5948</string>
			</array>
			<key>isa</key>
			<string>PBXGroup</string>
			<key>path</key>
			<string>SWRevealViewController</string>
			<key>sourceTree</key>
			<string>&lt;group&gt;</string>
		</dict>
		<key>8717F8351CF76725002E5948</key>
		<dict>
			<key>fileEncoding</key>
			<string>4</string>
			<key>isa</key>
			<string>PBXFileReference</string>
			<key>lastKnownFileType</key>
			<string>sourcecode.c.h</string>
			<key>path</key>
			<string>SWRevealViewController.h</string>
			<key>sourceTree</key>
			<string>&lt;group&gt;</string>
		</dict>
		<key>8717F8361CF76725002E5948</key>
		<dict>
			<key>fileEncoding</key>
			<string>4</string>
			<key>isa</key>
			<string>PBXFileReference</string>
			<key>lastKnownFileType</key>
			<string>sourcecode.c.objc</string>
			<key>path</key>
			<string>SWRevealViewController.m</string>
			<key>sourceTree</key>
			<string>&lt;group&gt;</string>
		</dict>
		<key>8717F8371CF76725002E5948</key>
		<dict>
			<key>fileRef</key>
			<string>8717F8361CF76725002E5948</string>
			<key>isa</key>
			<string>PBXBuildFile</string>
		</dict>
		<key>87668A2B1D0333D700AC1B4F</key>
		<dict>
			<key>fileEncoding</key>
			<string>4</string>
			<key>isa</key>
			<string>PBXFileReference</string>
			<key>lastKnownFileType</key>
			<string>sourcecode.c.h</string>
			<key>path</key>
			<string>Constants.h</string>
			<key>sourceTree</key>
			<string>&lt;group&gt;</string>
		</dict>
		<key>87668A2C1D0333D700AC1B4F</key>
		<dict>
			<key>fileEncoding</key>
			<string>4</string>
			<key>isa</key>
			<string>PBXFileReference</string>
			<key>lastKnownFileType</key>
			<string>sourcecode.c.objc</string>
			<key>path</key>
			<string>Constants.m</string>
			<key>sourceTree</key>
			<string>&lt;group&gt;</string>
		</dict>
		<key>87668A2D1D0333D700AC1B4F</key>
		<dict>
			<key>fileRef</key>
			<string>87668A2C1D0333D700AC1B4F</string>
			<key>isa</key>
			<string>PBXBuildFile</string>
		</dict>
		<key>87686F011D5F304300351C32</key>
		<dict>
			<key>children</key>
			<array>
				<string>87A926C31D9BC63B00299341</string>
				<string>87A926C41D9BC63B00299341</string>
				<string>877DA1311DA6C8F800BDFD79</string>
				<string>877DA1321DA6C8F800BDFD79</string>
				<string>87686F021D5F309F00351C32</string>
				<string>87686F031D5F309F00351C32</string>
				<string>8788F5541D9F9B4400950664</string>
				<string>8788F5551D9F9B4400950664</string>
			</array>
			<key>isa</key>
			<string>PBXGroup</string>
			<key>path</key>
			<string>Categories</string>
			<key>sourceTree</key>
			<string>&lt;group&gt;</string>
		</dict>
		<key>87686F021D5F309F00351C32</key>
		<dict>
			<key>fileEncoding</key>
			<string>4</string>
			<key>isa</key>
			<string>PBXFileReference</string>
			<key>lastKnownFileType</key>
			<string>sourcecode.c.h</string>
			<key>path</key>
			<string>UIViewController+Indicator.h</string>
			<key>sourceTree</key>
			<string>&lt;group&gt;</string>
		</dict>
		<key>87686F031D5F309F00351C32</key>
		<dict>
			<key>fileEncoding</key>
			<string>4</string>
			<key>isa</key>
			<string>PBXFileReference</string>
			<key>lastKnownFileType</key>
			<string>sourcecode.c.objc</string>
			<key>path</key>
			<string>UIViewController+Indicator.m</string>
			<key>sourceTree</key>
			<string>&lt;group&gt;</string>
		</dict>
		<key>87686F041D5F309F00351C32</key>
		<dict>
			<key>fileRef</key>
			<string>87686F031D5F309F00351C32</string>
			<key>isa</key>
			<string>PBXBuildFile</string>
		</dict>
		<key>8768E8651D91460B0008E035</key>
		<dict>
			<key>buildActionMask</key>
			<string>2147483647</string>
			<key>dstPath</key>
			<string></string>
			<key>dstSubfolderSpec</key>
			<string>10</string>
			<key>files</key>
			<array>
				<string>8768E8851D914DD60008E035</string>
			</array>
			<key>isa</key>
			<string>PBXCopyFilesBuildPhase</string>
			<key>name</key>
			<string>Embed Frameworks</string>
			<key>runOnlyForDeploymentPostprocessing</key>
			<string>0</string>
		</dict>
		<key>8768E8751D914DAB0008E035</key>
		<dict>
			<key>isa</key>
			<string>PBXFileReference</string>
			<key>lastKnownFileType</key>
			<string>wrapper.pb-project</string>
			<key>name</key>
			<string>Charts.xcodeproj</string>
			<key>path</key>
			<string>Charts/Charts.xcodeproj</string>
			<key>sourceTree</key>
			<string>&lt;group&gt;</string>
		</dict>
		<key>8768E8761D914DAB0008E035</key>
		<dict>
			<key>children</key>
			<array>
				<string>8768E87D1D914DAB0008E035</string>
				<string>8768E87F1D914DAB0008E035</string>
				<string>8768E8811D914DAB0008E035</string>
				<string>8768E8831D914DAB0008E035</string>
			</array>
			<key>isa</key>
			<string>PBXGroup</string>
			<key>name</key>
			<string>Products</string>
			<key>sourceTree</key>
			<string>&lt;group&gt;</string>
		</dict>
		<key>8768E87C1D914DAB0008E035</key>
		<dict>
			<key>containerPortal</key>
			<string>8768E8751D914DAB0008E035</string>
			<key>isa</key>
			<string>PBXContainerItemProxy</string>
			<key>proxyType</key>
			<string>2</string>
			<key>remoteGlobalIDString</key>
			<string>5BA8EC401A9D14DC00CE82E1</string>
			<key>remoteInfo</key>
			<string>Charts-iOS</string>
		</dict>
		<key>8768E87D1D914DAB0008E035</key>
		<dict>
			<key>fileType</key>
			<string>wrapper.framework</string>
			<key>isa</key>
			<string>PBXReferenceProxy</string>
			<key>path</key>
			<string>Charts.framework</string>
			<key>remoteRef</key>
			<string>8768E87C1D914DAB0008E035</string>
			<key>sourceTree</key>
			<string>BUILT_PRODUCTS_DIR</string>
		</dict>
		<key>8768E87E1D914DAB0008E035</key>
		<dict>
			<key>containerPortal</key>
			<string>8768E8751D914DAB0008E035</string>
			<key>isa</key>
			<string>PBXContainerItemProxy</string>
			<key>proxyType</key>
			<string>2</string>
			<key>remoteGlobalIDString</key>
			<string>A52C5C371BAC5CA400594CDD</string>
			<key>remoteInfo</key>
			<string>Charts-TV</string>
		</dict>
		<key>8768E87F1D914DAB0008E035</key>
		<dict>
			<key>fileType</key>
			<string>wrapper.framework</string>
			<key>isa</key>
			<string>PBXReferenceProxy</string>
			<key>path</key>
			<string>Charts.framework</string>
			<key>remoteRef</key>
			<string>8768E87E1D914DAB0008E035</string>
			<key>sourceTree</key>
			<string>BUILT_PRODUCTS_DIR</string>
		</dict>
		<key>8768E8801D914DAB0008E035</key>
		<dict>
			<key>containerPortal</key>
			<string>8768E8751D914DAB0008E035</string>
			<key>isa</key>
			<string>PBXContainerItemProxy</string>
			<key>proxyType</key>
			<string>2</string>
			<key>remoteGlobalIDString</key>
			<string>65B3F5BF1C7370BE000983D0</string>
			<key>remoteInfo</key>
			<string>Charts-OSX</string>
		</dict>
		<key>8768E8811D914DAB0008E035</key>
		<dict>
			<key>fileType</key>
			<string>wrapper.framework</string>
			<key>isa</key>
			<string>PBXReferenceProxy</string>
			<key>path</key>
			<string>Charts.framework</string>
			<key>remoteRef</key>
			<string>8768E8801D914DAB0008E035</string>
			<key>sourceTree</key>
			<string>BUILT_PRODUCTS_DIR</string>
		</dict>
		<key>8768E8821D914DAB0008E035</key>
		<dict>
			<key>containerPortal</key>
			<string>8768E8751D914DAB0008E035</string>
			<key>isa</key>
			<string>PBXContainerItemProxy</string>
			<key>proxyType</key>
			<string>2</string>
			<key>remoteGlobalIDString</key>
			<string>06AEE7A21BDC3F8B009875AE</string>
			<key>remoteInfo</key>
			<string>ChartsTests</string>
		</dict>
		<key>8768E8831D914DAB0008E035</key>
		<dict>
			<key>fileType</key>
			<string>wrapper.cfbundle</string>
			<key>isa</key>
			<string>PBXReferenceProxy</string>
			<key>path</key>
			<string>ChartsTests.xctest</string>
			<key>remoteRef</key>
			<string>8768E8821D914DAB0008E035</string>
			<key>sourceTree</key>
			<string>BUILT_PRODUCTS_DIR</string>
		</dict>
		<key>8768E8841D914DD60008E035</key>
		<dict>
			<key>fileRef</key>
			<string>8768E87D1D914DAB0008E035</string>
			<key>isa</key>
			<string>PBXBuildFile</string>
		</dict>
		<key>8768E8851D914DD60008E035</key>
		<dict>
			<key>fileRef</key>
			<string>8768E87D1D914DAB0008E035</string>
			<key>isa</key>
			<string>PBXBuildFile</string>
			<key>settings</key>
			<dict>
				<key>ATTRIBUTES</key>
				<array>
					<string>CodeSignOnCopy</string>
					<string>RemoveHeadersOnCopy</string>
				</array>
			</dict>
		</dict>
		<key>8768E8861D914DD60008E035</key>
		<dict>
			<key>containerPortal</key>
			<string>8768E8751D914DAB0008E035</string>
			<key>isa</key>
			<string>PBXContainerItemProxy</string>
			<key>proxyType</key>
			<string>1</string>
			<key>remoteGlobalIDString</key>
			<string>5BA8EC3F1A9D14DC00CE82E1</string>
			<key>remoteInfo</key>
			<string>Charts-iOS</string>
		</dict>
		<key>8768E8871D914DD60008E035</key>
		<dict>
			<key>isa</key>
			<string>PBXTargetDependency</string>
			<key>name</key>
			<string>Charts-iOS</string>
			<key>targetProxy</key>
			<string>8768E8861D914DD60008E035</string>
		</dict>
		<key>876AFFD31D142473008326AC</key>
		<dict>
			<key>buildActionMask</key>
			<string>2147483647</string>
			<key>files</key>
			<array/>
			<key>inputPaths</key>
			<array/>
			<key>isa</key>
			<string>PBXShellScriptBuildPhase</string>
			<key>outputPaths</key>
			<array/>
			<key>runOnlyForDeploymentPostprocessing</key>
			<string>0</string>
			<key>shellPath</key>
			<string>/bin/sh</string>
			<key>shellScript</key>
			<string>FILE="${SRCROOT}/HockeySDK-iOS/BuildAgent"
if [ -f "$FILE" ]; then
"$FILE"
fi</string>
		</dict>
		<key>876AFFD41D1424A6008326AC</key>
		<dict>
			<key>children</key>
			<array>
				<string>876AFFD51D1424A6008326AC</string>
				<string>876AFFD61D1424A6008326AC</string>
			</array>
			<key>isa</key>
			<string>PBXGroup</string>
			<key>name</key>
			<string>HockeySDK.embeddedframework</string>
			<key>path</key>
			<string>HockeySDK-iOS/HockeySDK.embeddedframework</string>
			<key>sourceTree</key>
			<string>&lt;group&gt;</string>
		</dict>
		<key>876AFFD51D1424A6008326AC</key>
		<dict>
			<key>isa</key>
			<string>PBXFileReference</string>
			<key>lastKnownFileType</key>
			<string>wrapper.framework</string>
			<key>path</key>
			<string>HockeySDK.framework</string>
			<key>sourceTree</key>
			<string>&lt;group&gt;</string>
		</dict>
		<key>876AFFD61D1424A6008326AC</key>
		<dict>
			<key>children</key>
			<array>
				<string>876AFFD71D1424A6008326AC</string>
			</array>
			<key>isa</key>
			<string>PBXGroup</string>
			<key>path</key>
			<string>Resources</string>
			<key>sourceTree</key>
			<string>&lt;group&gt;</string>
		</dict>
		<key>876AFFD71D1424A6008326AC</key>
		<dict>
			<key>isa</key>
			<string>PBXFileReference</string>
			<key>lastKnownFileType</key>
			<string>wrapper.plug-in</string>
			<key>path</key>
			<string>HockeySDKResources.bundle</string>
			<key>sourceTree</key>
			<string>&lt;group&gt;</string>
		</dict>
		<key>876AFFD81D1424A6008326AC</key>
		<dict>
			<key>fileRef</key>
			<string>876AFFD51D1424A6008326AC</string>
			<key>isa</key>
			<string>PBXBuildFile</string>
		</dict>
		<key>876AFFD91D1424A7008326AC</key>
		<dict>
			<key>fileRef</key>
			<string>876AFFD71D1424A6008326AC</string>
			<key>isa</key>
			<string>PBXBuildFile</string>
		</dict>
		<key>877391081D06EB8E009D3A83</key>
		<dict>
			<key>fileEncoding</key>
			<string>4</string>
			<key>isa</key>
			<string>PBXFileReference</string>
			<key>lastKnownFileType</key>
			<string>sourcecode.c.objc</string>
			<key>path</key>
			<string>UserDataServiceTests.m</string>
			<key>sourceTree</key>
			<string>&lt;group&gt;</string>
		</dict>
		<key>877391091D06EB8E009D3A83</key>
		<dict>
			<key>fileRef</key>
			<string>877391081D06EB8E009D3A83</string>
			<key>isa</key>
			<string>PBXBuildFile</string>
		</dict>
		<key>877DA1311DA6C8F800BDFD79</key>
		<dict>
			<key>fileEncoding</key>
			<string>4</string>
			<key>isa</key>
			<string>PBXFileReference</string>
			<key>lastKnownFileType</key>
			<string>sourcecode.c.h</string>
			<key>path</key>
			<string>NSString+HTML.h</string>
			<key>sourceTree</key>
			<string>&lt;group&gt;</string>
		</dict>
		<key>877DA1321DA6C8F800BDFD79</key>
		<dict>
			<key>fileEncoding</key>
			<string>4</string>
			<key>isa</key>
			<string>PBXFileReference</string>
			<key>lastKnownFileType</key>
			<string>sourcecode.c.objc</string>
			<key>path</key>
			<string>NSString+HTML.m</string>
			<key>sourceTree</key>
			<string>&lt;group&gt;</string>
		</dict>
		<key>877DA1331DA6C8F800BDFD79</key>
		<dict>
			<key>fileRef</key>
			<string>877DA1321DA6C8F800BDFD79</string>
			<key>isa</key>
			<string>PBXBuildFile</string>
		</dict>
		<key>878742481CFEAF2B000A926B</key>
		<dict>
			<key>children</key>
			<array>
				<string>878742491CFEAF5D000A926B</string>
				<string>8787424A1CFEAF5D000A926B</string>
			</array>
			<key>isa</key>
			<string>PBXGroup</string>
			<key>path</key>
			<string>Authorization</string>
			<key>sourceTree</key>
			<string>&lt;group&gt;</string>
		</dict>
		<key>878742491CFEAF5D000A926B</key>
		<dict>
			<key>fileEncoding</key>
			<string>4</string>
			<key>isa</key>
			<string>PBXFileReference</string>
			<key>lastKnownFileType</key>
			<string>sourcecode.c.h</string>
			<key>path</key>
			<string>AuthViewController.h</string>
			<key>sourceTree</key>
			<string>&lt;group&gt;</string>
		</dict>
		<key>8787424A1CFEAF5D000A926B</key>
		<dict>
			<key>fileEncoding</key>
			<string>4</string>
			<key>isa</key>
			<string>PBXFileReference</string>
			<key>lastKnownFileType</key>
			<string>sourcecode.c.objc</string>
			<key>path</key>
			<string>AuthViewController.m</string>
			<key>sourceTree</key>
			<string>&lt;group&gt;</string>
		</dict>
		<key>8787424B1CFEAF5D000A926B</key>
		<dict>
			<key>fileRef</key>
			<string>8787424A1CFEAF5D000A926B</string>
			<key>isa</key>
			<string>PBXBuildFile</string>
		</dict>
		<key>878742641CFEDD37000A926B</key>
		<dict>
			<key>buildActionMask</key>
			<string>2147483647</string>
			<key>files</key>
			<array>
				<string>877391091D06EB8E009D3A83</string>
				<string>87110AC21D3E13C300451251</string>
				<string>87A9A5221D4B34EB00014FC4</string>
				<string>879007661D5DDF8000709591</string>
				<string>878742731CFEDD5A000A926B</string>
			</array>
			<key>isa</key>
			<string>PBXSourcesBuildPhase</string>
			<key>runOnlyForDeploymentPostprocessing</key>
			<string>0</string>
		</dict>
		<key>878742651CFEDD37000A926B</key>
		<dict>
			<key>buildActionMask</key>
			<string>2147483647</string>
			<key>files</key>
			<array/>
			<key>isa</key>
			<string>PBXFrameworksBuildPhase</string>
			<key>runOnlyForDeploymentPostprocessing</key>
			<string>0</string>
		</dict>
		<key>878742661CFEDD37000A926B</key>
		<dict>
			<key>buildActionMask</key>
			<string>2147483647</string>
			<key>files</key>
			<array/>
			<key>isa</key>
			<string>PBXResourcesBuildPhase</string>
			<key>runOnlyForDeploymentPostprocessing</key>
			<string>0</string>
		</dict>
		<key>878742671CFEDD37000A926B</key>
		<dict>
			<key>buildConfigurationList</key>
			<string>8787426F1CFEDD37000A926B</string>
			<key>buildPhases</key>
			<array>
				<string>878742641CFEDD37000A926B</string>
				<string>878742651CFEDD37000A926B</string>
				<string>878742661CFEDD37000A926B</string>
			</array>
			<key>buildRules</key>
			<array/>
			<key>dependencies</key>
			<array>
				<string>8787426E1CFEDD37000A926B</string>
			</array>
			<key>isa</key>
			<string>PBXNativeTarget</string>
			<key>name</key>
			<string>CxNewsTests</string>
			<key>productName</key>
			<string>CxNewsTests</string>
			<key>productReference</key>
			<string>878742681CFEDD37000A926B</string>
			<key>productType</key>
			<string>com.apple.product-type.bundle.unit-test</string>
		</dict>
		<key>878742681CFEDD37000A926B</key>
		<dict>
			<key>explicitFileType</key>
			<string>wrapper.cfbundle</string>
			<key>includeInIndex</key>
			<string>0</string>
			<key>isa</key>
			<string>PBXFileReference</string>
			<key>path</key>
			<string>CxNewsTests.xctest</string>
			<key>sourceTree</key>
			<string>BUILT_PRODUCTS_DIR</string>
		</dict>
		<key>878742691CFEDD37000A926B</key>
		<dict>
			<key>children</key>
			<array>
				<string>8787426C1CFEDD37000A926B</string>
				<string>879007651D5DDF8000709591</string>
				<string>87110AC11D3E13C300451251</string>
				<string>87A9A5211D4B34EB00014FC4</string>
				<string>877391081D06EB8E009D3A83</string>
				<string>878742721CFEDD5A000A926B</string>
			</array>
			<key>isa</key>
			<string>PBXGroup</string>
			<key>path</key>
			<string>CxNewsTests</string>
			<key>sourceTree</key>
			<string>&lt;group&gt;</string>
		</dict>
		<key>8787426C1CFEDD37000A926B</key>
		<dict>
			<key>isa</key>
			<string>PBXFileReference</string>
			<key>lastKnownFileType</key>
			<string>text.plist.xml</string>
			<key>path</key>
			<string>Info.plist</string>
			<key>sourceTree</key>
			<string>&lt;group&gt;</string>
		</dict>
		<key>8787426D1CFEDD37000A926B</key>
		<dict>
			<key>containerPortal</key>
			<string>8707D8561CF0887A007B1A2B</string>
			<key>isa</key>
			<string>PBXContainerItemProxy</string>
			<key>proxyType</key>
			<string>1</string>
			<key>remoteGlobalIDString</key>
			<string>8707D85D1CF0887A007B1A2B</string>
			<key>remoteInfo</key>
			<string>CxNews</string>
		</dict>
		<key>8787426E1CFEDD37000A926B</key>
		<dict>
			<key>isa</key>
			<string>PBXTargetDependency</string>
			<key>target</key>
			<string>8707D85D1CF0887A007B1A2B</string>
			<key>targetProxy</key>
			<string>8787426D1CFEDD37000A926B</string>
		</dict>
		<key>8787426F1CFEDD37000A926B</key>
		<dict>
			<key>buildConfigurations</key>
			<array>
				<string>878742701CFEDD37000A926B</string>
				<string>878742711CFEDD37000A926B</string>
			</array>
			<key>defaultConfigurationIsVisible</key>
			<string>0</string>
			<key>defaultConfigurationName</key>
			<string>Release</string>
			<key>isa</key>
			<string>XCConfigurationList</string>
		</dict>
		<key>878742701CFEDD37000A926B</key>
		<dict>
			<key>buildSettings</key>
			<dict>
				<key>BUNDLE_LOADER</key>
				<string>$(TEST_HOST)</string>
				<key>INFOPLIST_FILE</key>
				<string>CxNewsTests/Info.plist</string>
				<key>LD_RUNPATH_SEARCH_PATHS</key>
				<string>$(inherited) @executable_path/Frameworks @loader_path/Frameworks</string>
				<key>PRODUCT_BUNDLE_IDENTIFIER</key>
				<string>com.anverbogatov.CxNewsTests</string>
				<key>PRODUCT_NAME</key>
				<string>$(TARGET_NAME)</string>
				<key>TEST_HOST</key>
				<string>$(BUILT_PRODUCTS_DIR)/CxNews.app/CxNews</string>
			</dict>
			<key>isa</key>
			<string>XCBuildConfiguration</string>
			<key>name</key>
			<string>Debug</string>
		</dict>
		<key>878742711CFEDD37000A926B</key>
		<dict>
			<key>buildSettings</key>
			<dict>
				<key>BUNDLE_LOADER</key>
				<string>$(TEST_HOST)</string>
				<key>INFOPLIST_FILE</key>
				<string>CxNewsTests/Info.plist</string>
				<key>LD_RUNPATH_SEARCH_PATHS</key>
				<string>$(inherited) @executable_path/Frameworks @loader_path/Frameworks</string>
				<key>PRODUCT_BUNDLE_IDENTIFIER</key>
				<string>com.anverbogatov.CxNewsTests</string>
				<key>PRODUCT_NAME</key>
				<string>$(TARGET_NAME)</string>
				<key>TEST_HOST</key>
				<string>$(BUILT_PRODUCTS_DIR)/CxNews.app/CxNews</string>
			</dict>
			<key>isa</key>
			<string>XCBuildConfiguration</string>
			<key>name</key>
			<string>Release</string>
		</dict>
		<key>878742721CFEDD5A000A926B</key>
		<dict>
			<key>fileEncoding</key>
			<string>4</string>
			<key>isa</key>
			<string>PBXFileReference</string>
			<key>lastKnownFileType</key>
			<string>sourcecode.c.objc</string>
			<key>path</key>
			<string>UserServiceTests.m</string>
			<key>sourceTree</key>
			<string>&lt;group&gt;</string>
		</dict>
		<key>878742731CFEDD5A000A926B</key>
		<dict>
			<key>fileRef</key>
			<string>878742721CFEDD5A000A926B</string>
			<key>isa</key>
			<string>PBXBuildFile</string>
		</dict>
		<key>87874DE41D41F7EF00A24AFD</key>
		<dict>
			<key>children</key>
			<array>
				<string>87874DE51D41F7EF00A24AFD</string>
			</array>
			<key>isa</key>
			<string>PBXVariantGroup</string>
			<key>name</key>
			<string>Article.storyboard</string>
			<key>path</key>
			<string>.</string>
			<key>sourceTree</key>
			<string>&lt;group&gt;</string>
		</dict>
		<key>87874DE51D41F7EF00A24AFD</key>
		<dict>
			<key>isa</key>
			<string>PBXFileReference</string>
			<key>lastKnownFileType</key>
			<string>file.storyboard</string>
			<key>name</key>
			<string>Base</string>
			<key>path</key>
			<string>Base.lproj/Article.storyboard</string>
			<key>sourceTree</key>
			<string>&lt;group&gt;</string>
		</dict>
		<key>87874DE61D41F7EF00A24AFD</key>
		<dict>
			<key>fileRef</key>
			<string>87874DE41D41F7EF00A24AFD</string>
			<key>isa</key>
			<string>PBXBuildFile</string>
		</dict>
		<key>8788F5541D9F9B4400950664</key>
		<dict>
			<key>fileEncoding</key>
			<string>4</string>
			<key>isa</key>
			<string>PBXFileReference</string>
			<key>lastKnownFileType</key>
			<string>sourcecode.c.h</string>
			<key>path</key>
			<string>VideoFeedTableViewController+CellHeightGenerator.h</string>
			<key>sourceTree</key>
			<string>&lt;group&gt;</string>
		</dict>
		<key>8788F5551D9F9B4400950664</key>
		<dict>
			<key>fileEncoding</key>
			<string>4</string>
			<key>isa</key>
			<string>PBXFileReference</string>
			<key>lastKnownFileType</key>
			<string>sourcecode.c.objc</string>
			<key>path</key>
			<string>VideoFeedTableViewController+CellHeightGenerator.m</string>
			<key>sourceTree</key>
			<string>&lt;group&gt;</string>
		</dict>
		<key>8788F5561D9F9B4400950664</key>
		<dict>
			<key>fileRef</key>
			<string>8788F5551D9F9B4400950664</string>
			<key>isa</key>
			<string>PBXBuildFile</string>
		</dict>
		<key>879007611D5DDC2E00709591</key>
		<dict>
			<key>children</key>
			<array>
				<string>879007621D5DDCA700709591</string>
				<string>879007631D5DDCA700709591</string>
			</array>
			<key>isa</key>
			<string>PBXGroup</string>
			<key>path</key>
			<string>Interests</string>
			<key>sourceTree</key>
			<string>&lt;group&gt;</string>
		</dict>
		<key>879007621D5DDCA700709591</key>
		<dict>
			<key>fileEncoding</key>
			<string>4</string>
			<key>isa</key>
			<string>PBXFileReference</string>
			<key>lastKnownFileType</key>
			<string>sourcecode.c.h</string>
			<key>path</key>
			<string>InterestsProcessingService.h</string>
			<key>sourceTree</key>
			<string>&lt;group&gt;</string>
		</dict>
		<key>879007631D5DDCA700709591</key>
		<dict>
			<key>fileEncoding</key>
			<string>4</string>
			<key>isa</key>
			<string>PBXFileReference</string>
			<key>lastKnownFileType</key>
			<string>sourcecode.c.objc</string>
			<key>path</key>
			<string>InterestsProcessingService.m</string>
			<key>sourceTree</key>
			<string>&lt;group&gt;</string>
		</dict>
		<key>879007641D5DDCA700709591</key>
		<dict>
			<key>fileRef</key>
			<string>879007631D5DDCA700709591</string>
			<key>isa</key>
			<string>PBXBuildFile</string>
		</dict>
		<key>879007651D5DDF8000709591</key>
		<dict>
			<key>fileEncoding</key>
			<string>4</string>
			<key>isa</key>
			<string>PBXFileReference</string>
			<key>lastKnownFileType</key>
			<string>sourcecode.c.objc</string>
			<key>path</key>
			<string>InterestsProcessingServiceTests.m</string>
			<key>sourceTree</key>
			<string>&lt;group&gt;</string>
		</dict>
		<key>879007661D5DDF8000709591</key>
		<dict>
			<key>fileRef</key>
			<string>879007651D5DDF8000709591</string>
			<key>isa</key>
			<string>PBXBuildFile</string>
		</dict>
		<key>8790D5501CF9A2E30009EBFF</key>
		<dict>
			<key>children</key>
			<array>
				<string>8790D5511CF9A2FE0009EBFF</string>
				<string>8790D5521CF9A2FE0009EBFF</string>
			</array>
			<key>isa</key>
			<string>PBXGroup</string>
			<key>path</key>
			<string>Menu</string>
			<key>sourceTree</key>
			<string>&lt;group&gt;</string>
		</dict>
		<key>8790D5511CF9A2FE0009EBFF</key>
		<dict>
			<key>fileEncoding</key>
			<string>4</string>
			<key>isa</key>
			<string>PBXFileReference</string>
			<key>lastKnownFileType</key>
			<string>sourcecode.c.h</string>
			<key>path</key>
			<string>RearMenuViewController.h</string>
			<key>sourceTree</key>
			<string>&lt;group&gt;</string>
		</dict>
		<key>8790D5521CF9A2FE0009EBFF</key>
		<dict>
			<key>fileEncoding</key>
			<string>4</string>
			<key>isa</key>
			<string>PBXFileReference</string>
			<key>lastKnownFileType</key>
			<string>sourcecode.c.objc</string>
			<key>path</key>
			<string>RearMenuViewController.m</string>
			<key>sourceTree</key>
			<string>&lt;group&gt;</string>
		</dict>
		<key>8790D5531CF9A2FE0009EBFF</key>
		<dict>
			<key>fileRef</key>
			<string>8790D5521CF9A2FE0009EBFF</string>
			<key>isa</key>
			<string>PBXBuildFile</string>
		</dict>
		<key>87A926C31D9BC63B00299341</key>
		<dict>
			<key>fileEncoding</key>
			<string>4</string>
			<key>isa</key>
			<string>PBXFileReference</string>
			<key>lastKnownFileType</key>
			<string>sourcecode.c.h</string>
			<key>path</key>
			<string>FeedViewController+InsetsGenerator.h</string>
			<key>sourceTree</key>
			<string>&lt;group&gt;</string>
		</dict>
		<key>87A926C41D9BC63B00299341</key>
		<dict>
			<key>fileEncoding</key>
			<string>4</string>
			<key>isa</key>
			<string>PBXFileReference</string>
			<key>lastKnownFileType</key>
			<string>sourcecode.c.objc</string>
			<key>path</key>
			<string>FeedViewController+InsetsGenerator.m</string>
			<key>sourceTree</key>
			<string>&lt;group&gt;</string>
		</dict>
		<key>87A926C51D9BC63B00299341</key>
		<dict>
			<key>fileRef</key>
			<string>87A926C41D9BC63B00299341</string>
			<key>isa</key>
			<string>PBXBuildFile</string>
		</dict>
		<key>87A926CA1D9BD28400299341</key>
		<dict>
			<key>fileEncoding</key>
			<string>4</string>
			<key>isa</key>
			<string>PBXFileReference</string>
			<key>lastKnownFileType</key>
			<string>file.storyboard</string>
			<key>path</key>
			<string>Video.storyboard</string>
			<key>sourceTree</key>
			<string>&lt;group&gt;</string>
		</dict>
		<key>87A926CB1D9BD28400299341</key>
		<dict>
			<key>fileRef</key>
			<string>87A926CA1D9BD28400299341</string>
			<key>isa</key>
			<string>PBXBuildFile</string>
		</dict>
		<key>87A926D01D9BDCC200299341</key>
		<dict>
			<key>children</key>
			<array>
				<string>87A926D41D9BDCE000299341</string>
				<string>87A926D51D9BDCE000299341</string>
			</array>
			<key>isa</key>
			<string>PBXGroup</string>
			<key>path</key>
			<string>Video</string>
			<key>sourceTree</key>
			<string>&lt;group&gt;</string>
		</dict>
		<key>87A926D41D9BDCE000299341</key>
		<dict>
			<key>fileEncoding</key>
			<string>4</string>
			<key>isa</key>
			<string>PBXFileReference</string>
			<key>lastKnownFileType</key>
			<string>sourcecode.c.h</string>
			<key>path</key>
			<string>VideoFeedTableViewController.h</string>
			<key>sourceTree</key>
			<string>&lt;group&gt;</string>
		</dict>
		<key>87A926D51D9BDCE000299341</key>
		<dict>
			<key>fileEncoding</key>
			<string>4</string>
			<key>isa</key>
			<string>PBXFileReference</string>
			<key>lastKnownFileType</key>
			<string>sourcecode.c.objc</string>
			<key>path</key>
			<string>VideoFeedTableViewController.m</string>
			<key>sourceTree</key>
			<string>&lt;group&gt;</string>
		</dict>
		<key>87A926D61D9BDCE000299341</key>
		<dict>
			<key>fileRef</key>
			<string>87A926D51D9BDCE000299341</string>
			<key>isa</key>
			<string>PBXBuildFile</string>
		</dict>
		<key>87A926D71D9BEE0C00299341</key>
		<dict>
			<key>fileEncoding</key>
			<string>4</string>
			<key>isa</key>
			<string>PBXFileReference</string>
			<key>lastKnownFileType</key>
			<string>sourcecode.c.h</string>
			<key>path</key>
			<string>VideoModel.h</string>
			<key>sourceTree</key>
			<string>&lt;group&gt;</string>
		</dict>
		<key>87A926D81D9BEE0C00299341</key>
		<dict>
			<key>fileEncoding</key>
			<string>4</string>
			<key>isa</key>
			<string>PBXFileReference</string>
			<key>lastKnownFileType</key>
			<string>sourcecode.c.objc</string>
			<key>path</key>
			<string>VideoModel.m</string>
			<key>sourceTree</key>
			<string>&lt;group&gt;</string>
		</dict>
		<key>87A926D91D9BEE0C00299341</key>
		<dict>
			<key>fileRef</key>
			<string>87A926D81D9BEE0C00299341</string>
			<key>isa</key>
			<string>PBXBuildFile</string>
		</dict>
		<key>87A926DA1D9BEEE600299341</key>
		<dict>
			<key>children</key>
			<array>
				<string>87A926DB1D9BEF0500299341</string>
				<string>87A926DC1D9BEF0500299341</string>
			</array>
			<key>isa</key>
			<string>PBXGroup</string>
			<key>path</key>
			<string>Video</string>
			<key>sourceTree</key>
			<string>&lt;group&gt;</string>
		</dict>
		<key>87A926DB1D9BEF0500299341</key>
		<dict>
			<key>fileEncoding</key>
			<string>4</string>
			<key>isa</key>
			<string>PBXFileReference</string>
			<key>lastKnownFileType</key>
			<string>sourcecode.c.h</string>
			<key>path</key>
			<string>VideoService.h</string>
			<key>sourceTree</key>
			<string>&lt;group&gt;</string>
		</dict>
		<key>87A926DC1D9BEF0500299341</key>
		<dict>
			<key>fileEncoding</key>
			<string>4</string>
			<key>isa</key>
			<string>PBXFileReference</string>
			<key>lastKnownFileType</key>
			<string>sourcecode.c.objc</string>
			<key>path</key>
			<string>VideoService.m</string>
			<key>sourceTree</key>
			<string>&lt;group&gt;</string>
		</dict>
		<key>87A926DD1D9BEF0500299341</key>
		<dict>
			<key>fileRef</key>
			<string>87A926DC1D9BEF0500299341</string>
			<key>isa</key>
			<string>PBXBuildFile</string>
		</dict>
		<key>87A9A51D1D4B274E00014FC4</key>
		<dict>
			<key>buildActionMask</key>
			<string>2147483647</string>
			<key>files</key>
			<array/>
			<key>inputPaths</key>
			<array/>
			<key>isa</key>
			<string>PBXShellScriptBuildPhase</string>
			<key>outputPaths</key>
			<array/>
			<key>runOnlyForDeploymentPostprocessing</key>
			<string>0</string>
			<key>shellPath</key>
			<string>/bin/sh</string>
			<key>shellScript</key>
			<string>TAGS="TODO:|FIXME:"
ERRORTAG="ERROR:"
find "${SRCROOT}" \( -name "*.h" -or -name "*.m" -or -name "*.swift" \) -print0 | xargs -0 egrep --with-filename --line-number --only-matching "($TAGS).*\$|($ERRORTAG).*\$" | perl -p -e "s/($TAGS)/ warning: \$1/" | perl -p -e "s/($ERRORTAG)/ error: \$1/"</string>
		</dict>
		<key>87A9A51E1D4B335600014FC4</key>
		<dict>
			<key>fileEncoding</key>
			<string>4</string>
			<key>isa</key>
			<string>PBXFileReference</string>
			<key>lastKnownFileType</key>
			<string>sourcecode.c.h</string>
			<key>path</key>
			<string>SectionLinksProvider.h</string>
			<key>sourceTree</key>
			<string>&lt;group&gt;</string>
		</dict>
		<key>87A9A51F1D4B335600014FC4</key>
		<dict>
			<key>fileEncoding</key>
			<string>4</string>
			<key>isa</key>
			<string>PBXFileReference</string>
			<key>lastKnownFileType</key>
			<string>sourcecode.c.objc</string>
			<key>path</key>
			<string>SectionLinksProvider.m</string>
			<key>sourceTree</key>
			<string>&lt;group&gt;</string>
		</dict>
		<key>87A9A5201D4B335600014FC4</key>
		<dict>
			<key>fileRef</key>
			<string>87A9A51F1D4B335600014FC4</string>
			<key>isa</key>
			<string>PBXBuildFile</string>
		</dict>
		<key>87A9A5211D4B34EB00014FC4</key>
		<dict>
			<key>fileEncoding</key>
			<string>4</string>
			<key>isa</key>
			<string>PBXFileReference</string>
			<key>lastKnownFileType</key>
			<string>sourcecode.c.objc</string>
			<key>path</key>
			<string>SectionLinksProviderTests.m</string>
			<key>sourceTree</key>
			<string>&lt;group&gt;</string>
		</dict>
		<key>87A9A5221D4B34EB00014FC4</key>
		<dict>
			<key>fileRef</key>
			<string>87A9A5211D4B34EB00014FC4</string>
			<key>isa</key>
			<string>PBXBuildFile</string>
		</dict>
		<key>87A9A5231D4B879200014FC4</key>
		<dict>
			<key>fileEncoding</key>
			<string>4</string>
			<key>isa</key>
			<string>PBXFileReference</string>
			<key>lastKnownFileType</key>
			<string>sourcecode.c.h</string>
			<key>path</key>
			<string>InterestsViewController.h</string>
			<key>sourceTree</key>
			<string>&lt;group&gt;</string>
		</dict>
		<key>87A9A5241D4B879200014FC4</key>
		<dict>
			<key>fileEncoding</key>
			<string>4</string>
			<key>isa</key>
			<string>PBXFileReference</string>
			<key>lastKnownFileType</key>
			<string>sourcecode.c.objc</string>
			<key>path</key>
			<string>InterestsViewController.m</string>
			<key>sourceTree</key>
			<string>&lt;group&gt;</string>
		</dict>
		<key>87A9A5251D4B879200014FC4</key>
		<dict>
			<key>fileRef</key>
			<string>87A9A5241D4B879200014FC4</string>
			<key>isa</key>
			<string>PBXBuildFile</string>
		</dict>
		<key>87B2675D1D22DE100061F635</key>
		<dict>
			<key>children</key>
			<array>
				<string>87B2675E1D22DE290061F635</string>
				<string>87B2675F1D22DE520061F635</string>
			</array>
			<key>isa</key>
			<string>PBXGroup</string>
			<key>name</key>
			<string>GenericPasswordExtension</string>
			<key>sourceTree</key>
			<string>&lt;group&gt;</string>
		</dict>
		<key>87B2675E1D22DE290061F635</key>
		<dict>
			<key>isa</key>
			<string>PBXFileReference</string>
			<key>lastKnownFileType</key>
			<string>sourcecode.c.h</string>
			<key>name</key>
			<string>GenericPasswordExtension.h</string>
			<key>path</key>
			<string>GenericPasswordExtension/GenericPasswordExtension.h</string>
			<key>sourceTree</key>
			<string>&lt;group&gt;</string>
		</dict>
		<key>87B2675F1D22DE520061F635</key>
		<dict>
			<key>fileEncoding</key>
			<string>4</string>
			<key>isa</key>
			<string>PBXFileReference</string>
			<key>lastKnownFileType</key>
			<string>sourcecode.c.objc</string>
			<key>name</key>
			<string>GenericPasswordExtension.m</string>
			<key>path</key>
			<string>GenericPasswordExtension/GenericPasswordExtension.m</string>
			<key>sourceTree</key>
			<string>&lt;group&gt;</string>
		</dict>
		<key>87B267601D22DE520061F635</key>
		<dict>
			<key>fileRef</key>
			<string>87B2675F1D22DE520061F635</string>
			<key>isa</key>
			<string>PBXBuildFile</string>
		</dict>
		<key>87B340E71D4767B000929491</key>
		<dict>
			<key>children</key>
			<array>
				<string>87B340E81D4767F200929491</string>
				<string>87B340E91D4767F200929491</string>
			</array>
			<key>isa</key>
			<string>PBXGroup</string>
			<key>path</key>
			<string>Events</string>
			<key>sourceTree</key>
			<string>&lt;group&gt;</string>
		</dict>
		<key>87B340E81D4767F200929491</key>
		<dict>
			<key>fileEncoding</key>
			<string>4</string>
			<key>isa</key>
			<string>PBXFileReference</string>
			<key>lastKnownFileType</key>
			<string>sourcecode.c.h</string>
			<key>path</key>
			<string>CXNEventsService.h</string>
			<key>sourceTree</key>
			<string>&lt;group&gt;</string>
		</dict>
		<key>87B340E91D4767F200929491</key>
		<dict>
			<key>fileEncoding</key>
			<string>4</string>
			<key>isa</key>
			<string>PBXFileReference</string>
			<key>lastKnownFileType</key>
			<string>sourcecode.c.objc</string>
			<key>path</key>
			<string>CXNEventsService.m</string>
			<key>sourceTree</key>
			<string>&lt;group&gt;</string>
		</dict>
		<key>87B340EA1D4767F200929491</key>
		<dict>
			<key>fileRef</key>
			<string>87B340E91D4767F200929491</string>
			<key>isa</key>
			<string>PBXBuildFile</string>
		</dict>
		<key>87B340EC1D479C3F00929491</key>
		<dict>
			<key>children</key>
			<array>
				<string>87B340ED1D479C3F00929491</string>
			</array>
			<key>isa</key>
			<string>PBXVariantGroup</string>
			<key>name</key>
			<string>UserProfile.storyboard</string>
			<key>path</key>
			<string>.</string>
			<key>sourceTree</key>
			<string>&lt;group&gt;</string>
		</dict>
		<key>87B340ED1D479C3F00929491</key>
		<dict>
			<key>isa</key>
			<string>PBXFileReference</string>
			<key>lastKnownFileType</key>
			<string>file.storyboard</string>
			<key>name</key>
			<string>Base</string>
			<key>path</key>
			<string>Base.lproj/UserProfile.storyboard</string>
			<key>sourceTree</key>
			<string>&lt;group&gt;</string>
		</dict>
		<key>87B340EE1D479C3F00929491</key>
		<dict>
			<key>fileRef</key>
			<string>87B340EC1D479C3F00929491</string>
			<key>isa</key>
			<string>PBXBuildFile</string>
		</dict>
		<key>87B340EF1D47A53C00929491</key>
		<dict>
			<key>children</key>
			<array>
				<string>87874DE41D41F7EF00A24AFD</string>
				<string>8707D86F1CF0887A007B1A2B</string>
				<string>8707D86A1CF0887A007B1A2B</string>
				<string>87B340EC1D479C3F00929491</string>
				<string>87A926CA1D9BD28400299341</string>
			</array>
			<key>isa</key>
			<string>PBXGroup</string>
			<key>path</key>
			<string>Storyboards</string>
			<key>sourceTree</key>
			<string>&lt;group&gt;</string>
		</dict>
		<key>87B7FF0D1D28EA91002D040D</key>
		<dict>
			<key>children</key>
			<array>
				<string>87B7FF0E1D28EAC3002D040D</string>
				<string>87B7FF0F1D28EAC3002D040D</string>
			</array>
			<key>isa</key>
			<string>PBXGroup</string>
			<key>path</key>
			<string>Article</string>
			<key>sourceTree</key>
			<string>&lt;group&gt;</string>
		</dict>
		<key>87B7FF0E1D28EAC3002D040D</key>
		<dict>
			<key>fileEncoding</key>
			<string>4</string>
			<key>isa</key>
			<string>PBXFileReference</string>
			<key>lastKnownFileType</key>
			<string>sourcecode.c.h</string>
			<key>path</key>
			<string>ArticleViewController.h</string>
			<key>sourceTree</key>
			<string>&lt;group&gt;</string>
		</dict>
		<key>87B7FF0F1D28EAC3002D040D</key>
		<dict>
			<key>fileEncoding</key>
			<string>4</string>
			<key>isa</key>
			<string>PBXFileReference</string>
			<key>lastKnownFileType</key>
			<string>sourcecode.c.objc</string>
			<key>path</key>
			<string>ArticleViewController.m</string>
			<key>sourceTree</key>
			<string>&lt;group&gt;</string>
		</dict>
		<key>87B7FF101D28EAC3002D040D</key>
		<dict>
			<key>fileRef</key>
			<string>87B7FF0F1D28EAC3002D040D</string>
			<key>isa</key>
			<string>PBXBuildFile</string>
		</dict>
		<key>87B7FF111D28EF1C002D040D</key>
		<dict>
			<key>children</key>
			<array>
				<string>87E9D7B51D9252FB00AD515B</string>
				<string>87B7FF121D28EF34002D040D</string>
				<string>87B7FF131D28EF34002D040D</string>
				<string>87E9D7AF1D9252B700AD515B</string>
				<string>87E9D7B01D9252B700AD515B</string>
			</array>
			<key>isa</key>
			<string>PBXGroup</string>
			<key>path</key>
			<string>Article</string>
			<key>sourceTree</key>
			<string>&lt;group&gt;</string>
		</dict>
		<key>87B7FF121D28EF34002D040D</key>
		<dict>
			<key>fileEncoding</key>
			<string>4</string>
			<key>isa</key>
			<string>PBXFileReference</string>
			<key>lastKnownFileType</key>
			<string>sourcecode.c.h</string>
			<key>path</key>
			<string>ArticleService.h</string>
			<key>sourceTree</key>
			<string>&lt;group&gt;</string>
		</dict>
		<key>87B7FF131D28EF34002D040D</key>
		<dict>
			<key>fileEncoding</key>
			<string>4</string>
			<key>isa</key>
			<string>PBXFileReference</string>
			<key>lastKnownFileType</key>
			<string>sourcecode.c.objc</string>
			<key>path</key>
			<string>ArticleService.m</string>
			<key>sourceTree</key>
			<string>&lt;group&gt;</string>
		</dict>
		<key>87B7FF141D28EF34002D040D</key>
		<dict>
			<key>fileRef</key>
			<string>87B7FF131D28EF34002D040D</string>
			<key>isa</key>
			<string>PBXBuildFile</string>
		</dict>
		<key>87B7FF151D28EF4F002D040D</key>
		<dict>
			<key>fileEncoding</key>
			<string>4</string>
			<key>isa</key>
			<string>PBXFileReference</string>
			<key>lastKnownFileType</key>
			<string>sourcecode.c.h</string>
			<key>path</key>
			<string>ArticleModel.h</string>
			<key>sourceTree</key>
			<string>&lt;group&gt;</string>
		</dict>
		<key>87B7FF161D28EF4F002D040D</key>
		<dict>
			<key>fileEncoding</key>
			<string>4</string>
			<key>isa</key>
			<string>PBXFileReference</string>
			<key>lastKnownFileType</key>
			<string>sourcecode.c.objc</string>
			<key>path</key>
			<string>ArticleModel.m</string>
			<key>sourceTree</key>
			<string>&lt;group&gt;</string>
		</dict>
		<key>87B7FF171D28EF4F002D040D</key>
		<dict>
			<key>fileRef</key>
			<string>87B7FF161D28EF4F002D040D</string>
			<key>isa</key>
			<string>PBXBuildFile</string>
		</dict>
		<key>87E9D7AF1D9252B700AD515B</key>
		<dict>
			<key>fileEncoding</key>
			<string>4</string>
			<key>isa</key>
			<string>PBXFileReference</string>
			<key>lastKnownFileType</key>
			<string>sourcecode.c.h</string>
			<key>path</key>
			<string>ArticleServiceAdapter.h</string>
			<key>sourceTree</key>
			<string>&lt;group&gt;</string>
		</dict>
		<key>87E9D7B01D9252B700AD515B</key>
		<dict>
			<key>fileEncoding</key>
			<string>4</string>
			<key>isa</key>
			<string>PBXFileReference</string>
			<key>lastKnownFileType</key>
			<string>sourcecode.c.objc</string>
			<key>path</key>
			<string>ArticleServiceAdapter.m</string>
			<key>sourceTree</key>
			<string>&lt;group&gt;</string>
		</dict>
		<key>87E9D7B11D9252B700AD515B</key>
		<dict>
			<key>fileRef</key>
			<string>87E9D7B01D9252B700AD515B</string>
			<key>isa</key>
			<string>PBXBuildFile</string>
		</dict>
		<key>87E9D7B51D9252FB00AD515B</key>
		<dict>
			<key>fileEncoding</key>
			<string>4</string>
			<key>isa</key>
			<string>PBXFileReference</string>
			<key>lastKnownFileType</key>
			<string>sourcecode.c.h</string>
			<key>path</key>
			<string>ArticleLoader.h</string>
			<key>sourceTree</key>
			<string>&lt;group&gt;</string>
		</dict>
		<key>87EF9C401D7FF4C7007A5564</key>
		<dict>
			<key>fileEncoding</key>
			<string>4</string>
			<key>isa</key>
			<string>PBXFileReference</string>
			<key>lastKnownFileType</key>
			<string>text.plist.xml</string>
			<key>path</key>
			<string>private_conf.plist</string>
			<key>sourceTree</key>
			<string>&lt;group&gt;</string>
		</dict>
		<key>87EF9C411D7FF4C7007A5564</key>
		<dict>
			<key>fileRef</key>
			<string>87EF9C401D7FF4C7007A5564</string>
			<key>isa</key>
			<string>PBXBuildFile</string>
		</dict>
	</dict>
	<key>rootObject</key>
	<string>8707D8561CF0887A007B1A2B</string>
</dict>
</plist>
