// !$*UTF8*$!
{
	archiveVersion = 1;
	classes = {
	};
	objectVersion = 46;
	objects = {

/* Begin PBXBuildFile section */
		431A403D587023FA24D76AC9 /* EventModel.m in Sources */ = {isa = PBXBuildFile; fileRef = 431A40149FC6844D43AECB05 /* EventModel.m */; };
		431A418861855E77026AC488 /* UserProfileService.m in Sources */ = {isa = PBXBuildFile; fileRef = 431A41AD88038411AA599C98 /* UserProfileService.m */; };
		431A4618405D97B8785C7A5B /* UserModel.m in Sources */ = {isa = PBXBuildFile; fileRef = 431A4A69CE1223C10FADF80D /* UserModel.m */; };
		431A48EAE2D230407BBAA2BC /* RecommendationsService.m in Sources */ = {isa = PBXBuildFile; fileRef = 431A49689C3434FA5F7682DE /* RecommendationsService.m */; };
		431A4F711F82037FCD967E27 /* UserService.m in Sources */ = {isa = PBXBuildFile; fileRef = 431A4D9911F510C6A017BE26 /* UserService.m */; };
		431A4FA8BA1B65E24048F106 /* EventModel.m in Sources */ = {isa = PBXBuildFile; fileRef = 431A40149FC6844D43AECB05 /* EventModel.m */; };
		8701F1AF1D31004000542ACF /* libsqlite3.tbd in Frameworks */ = {isa = PBXBuildFile; fileRef = 8701F1AE1D31004000542ACF /* libsqlite3.tbd */; };
		87060C1E1D03F882006E6C36 /* FeedViewController.m in Sources */ = {isa = PBXBuildFile; fileRef = 87060C1D1D03F882006E6C36 /* FeedViewController.m */; };
		87060C221D04B065006E6C36 /* UserAccountViewController.m in Sources */ = {isa = PBXBuildFile; fileRef = 87060C211D04B064006E6C36 /* UserAccountViewController.m */; };
		8707D8631CF0887A007B1A2B /* main.m in Sources */ = {isa = PBXBuildFile; fileRef = 8707D8621CF0887A007B1A2B /* main.m */; };
		8707D8661CF0887A007B1A2B /* AppDelegate.m in Sources */ = {isa = PBXBuildFile; fileRef = 8707D8651CF0887A007B1A2B /* AppDelegate.m */; };
		8707D86C1CF0887A007B1A2B /* Main.storyboard in Resources */ = {isa = PBXBuildFile; fileRef = 8707D86A1CF0887A007B1A2B /* Main.storyboard */; };
		8707D86E1CF0887A007B1A2B /* Assets.xcassets in Resources */ = {isa = PBXBuildFile; fileRef = 8707D86D1CF0887A007B1A2B /* Assets.xcassets */; };
		8707D8711CF0887A007B1A2B /* LaunchScreen.storyboard in Resources */ = {isa = PBXBuildFile; fileRef = 8707D86F1CF0887A007B1A2B /* LaunchScreen.storyboard */; };
		8707D87D1CF088F0007B1A2B /* UIKit.framework in Frameworks */ = {isa = PBXBuildFile; fileRef = 8707D87C1CF088F0007B1A2B /* UIKit.framework */; };
		870F21941D50DA9D00D108E5 /* InterestModel.m in Sources */ = {isa = PBXBuildFile; fileRef = 870F21931D50DA9D00D108E5 /* InterestModel.m */; };
		87107E3F1DA7B39400111FAD /* ATS-URL-Converter.m in Sources */ = {isa = PBXBuildFile; fileRef = 87107E3E1DA7B39400111FAD /* ATS-URL-Converter.m */; };
		87110AC01D3E126100451251 /* Reco2ArticleConverter.m in Sources */ = {isa = PBXBuildFile; fileRef = 87110ABF1D3E126100451251 /* Reco2ArticleConverter.m */; };
		87110AC21D3E13C300451251 /* Reco2ArticleConverterTests.m in Sources */ = {isa = PBXBuildFile; fileRef = 87110AC11D3E13C300451251 /* Reco2ArticleConverterTests.m */; };
		871548341CFEAA26008C4248 /* CxNewsUITests.m in Sources */ = {isa = PBXBuildFile; fileRef = 871548331CFEAA26008C4248 /* CxNewsUITests.m */; };
		872B5D451DC8B0B900CAB911 /* Interface.storyboard in Resources */ = {isa = PBXBuildFile; fileRef = 872B5D431DC8B0B900CAB911 /* Interface.storyboard */; };
		872B5D471DC8B0B900CAB911 /* Assets.xcassets in Resources */ = {isa = PBXBuildFile; fileRef = 872B5D461DC8B0B900CAB911 /* Assets.xcassets */; };
		872B5D4E1DC8B0B900CAB911 /* CxNews-Watch Extension.appex in Embed App Extensions */ = {isa = PBXBuildFile; fileRef = 872B5D4D1DC8B0B900CAB911 /* CxNews-Watch Extension.appex */; settings = {ATTRIBUTES = (RemoveHeadersOnCopy, ); }; };
		872B5D5E1DC8B0B900CAB911 /* Assets.xcassets in Resources */ = {isa = PBXBuildFile; fileRef = 872B5D5D1DC8B0B900CAB911 /* Assets.xcassets */; };
		872B5D621DC8B0B900CAB911 /* CxNews-Watch.app in Embed Watch Content */ = {isa = PBXBuildFile; fileRef = 872B5D411DC8B0B900CAB911 /* CxNews-Watch.app */; };
		872B5D6F1DC8B38900CAB911 /* InterfaceController.m in Sources */ = {isa = PBXBuildFile; fileRef = 872B5D6E1DC8B38900CAB911 /* InterfaceController.m */; };
		8744B4471DCC903A004A2E82 /* NewsModel.m in Sources */ = {isa = PBXBuildFile; fileRef = 8744B4461DCC903A004A2E82 /* NewsModel.m */; };
		8744B44A1DCC90AF004A2E82 /* NewsStorage.m in Sources */ = {isa = PBXBuildFile; fileRef = 8744B4491DCC90AF004A2E82 /* NewsStorage.m */; };
		87668A2D1D0333D700AC1B4F /* Constants.m in Sources */ = {isa = PBXBuildFile; fileRef = 87668A2C1D0333D700AC1B4F /* Constants.m */; };
		87686F041D5F309F00351C32 /* UIViewController+Indicator.m in Sources */ = {isa = PBXBuildFile; fileRef = 87686F031D5F309F00351C32 /* UIViewController+Indicator.m */; };
		877391091D06EB8E009D3A83 /* UserDataServiceTests.m in Sources */ = {isa = PBXBuildFile; fileRef = 877391081D06EB8E009D3A83 /* UserDataServiceTests.m */; };
		877DA1331DA6C8F800BDFD79 /* NSString+HTML.m in Sources */ = {isa = PBXBuildFile; fileRef = 877DA1321DA6C8F800BDFD79 /* NSString+HTML.m */; };
		8787424B1CFEAF5D000A926B /* AuthViewController.m in Sources */ = {isa = PBXBuildFile; fileRef = 8787424A1CFEAF5D000A926B /* AuthViewController.m */; };
		878742731CFEDD5A000A926B /* UserServiceTests.m in Sources */ = {isa = PBXBuildFile; fileRef = 878742721CFEDD5A000A926B /* UserServiceTests.m */; };
		87874DE61D41F7EF00A24AFD /* Article.storyboard in Resources */ = {isa = PBXBuildFile; fileRef = 87874DE41D41F7EF00A24AFD /* Article.storyboard */; };
		8788F5561D9F9B4400950664 /* VideoFeedTableViewController+CellHeightGenerator.m in Sources */ = {isa = PBXBuildFile; fileRef = 8788F5551D9F9B4400950664 /* VideoFeedTableViewController+CellHeightGenerator.m */; };
		879007641D5DDCA700709591 /* InterestsProcessingService.m in Sources */ = {isa = PBXBuildFile; fileRef = 879007631D5DDCA700709591 /* InterestsProcessingService.m */; };
		879007661D5DDF8000709591 /* InterestsProcessingServiceTests.m in Sources */ = {isa = PBXBuildFile; fileRef = 879007651D5DDF8000709591 /* InterestsProcessingServiceTests.m */; };
		8790D5531CF9A2FE0009EBFF /* RearMenuViewController.m in Sources */ = {isa = PBXBuildFile; fileRef = 8790D5521CF9A2FE0009EBFF /* RearMenuViewController.m */; };
		87A926C51D9BC63B00299341 /* FeedViewController+InsetsGenerator.m in Sources */ = {isa = PBXBuildFile; fileRef = 87A926C41D9BC63B00299341 /* FeedViewController+InsetsGenerator.m */; };
		87A926CB1D9BD28400299341 /* Video.storyboard in Resources */ = {isa = PBXBuildFile; fileRef = 87A926CA1D9BD28400299341 /* Video.storyboard */; };
		87A926D61D9BDCE000299341 /* VideoFeedTableViewController.m in Sources */ = {isa = PBXBuildFile; fileRef = 87A926D51D9BDCE000299341 /* VideoFeedTableViewController.m */; };
		87A926D91D9BEE0C00299341 /* VideoModel.m in Sources */ = {isa = PBXBuildFile; fileRef = 87A926D81D9BEE0C00299341 /* VideoModel.m */; };
		87A926DD1D9BEF0500299341 /* VideoService.m in Sources */ = {isa = PBXBuildFile; fileRef = 87A926DC1D9BEF0500299341 /* VideoService.m */; };
		87A9A5201D4B335600014FC4 /* SectionLinksProvider.m in Sources */ = {isa = PBXBuildFile; fileRef = 87A9A51F1D4B335600014FC4 /* SectionLinksProvider.m */; };
		87A9A5221D4B34EB00014FC4 /* SectionLinksProviderTests.m in Sources */ = {isa = PBXBuildFile; fileRef = 87A9A5211D4B34EB00014FC4 /* SectionLinksProviderTests.m */; };
		87A9A5251D4B879200014FC4 /* InterestsViewController.m in Sources */ = {isa = PBXBuildFile; fileRef = 87A9A5241D4B879200014FC4 /* InterestsViewController.m */; };
		87B267601D22DE520061F635 /* GenericPasswordExtension.m in Sources */ = {isa = PBXBuildFile; fileRef = 87B2675F1D22DE520061F635 /* GenericPasswordExtension.m */; };
		87B340EA1D4767F200929491 /* CXNEventsService.m in Sources */ = {isa = PBXBuildFile; fileRef = 87B340E91D4767F200929491 /* CXNEventsService.m */; };
		87B340EE1D479C3F00929491 /* UserProfile.storyboard in Resources */ = {isa = PBXBuildFile; fileRef = 87B340EC1D479C3F00929491 /* UserProfile.storyboard */; };
		87B7FF101D28EAC3002D040D /* ArticleViewController.m in Sources */ = {isa = PBXBuildFile; fileRef = 87B7FF0F1D28EAC3002D040D /* ArticleViewController.m */; };
		87B7FF141D28EF34002D040D /* ArticleService.m in Sources */ = {isa = PBXBuildFile; fileRef = 87B7FF131D28EF34002D040D /* ArticleService.m */; };
		87B7FF171D28EF4F002D040D /* ArticleModel.m in Sources */ = {isa = PBXBuildFile; fileRef = 87B7FF161D28EF4F002D040D /* ArticleModel.m */; };
		87DCCF131DCC771A009DC7A4 /* NewsRowController.m in Sources */ = {isa = PBXBuildFile; fileRef = 87DCCF121DCC771A009DC7A4 /* NewsRowController.m */; };
		87E9D7B11D9252B700AD515B /* ArticleServiceAdapter.m in Sources */ = {isa = PBXBuildFile; fileRef = 87E9D7B01D9252B700AD515B /* ArticleServiceAdapter.m */; };
		87ED4FC01DCA37F3003EB478 /* ExtensionDelegate.m in Sources */ = {isa = PBXBuildFile; fileRef = 87ED4FBF1DCA37F3003EB478 /* ExtensionDelegate.m */; };
		87EF9C411D7FF4C7007A5564 /* private_conf.plist in Resources */ = {isa = PBXBuildFile; fileRef = 87EF9C401D7FF4C7007A5564 /* private_conf.plist */; };
		D27A3B40950E1ABD902E163A /* Pods_CxNews.framework in Frameworks */ = {isa = PBXBuildFile; fileRef = 927580671ADB2F124D879EA6 /* Pods_CxNews.framework */; };
/* End PBXBuildFile section */

/* Begin PBXContainerItemProxy section */
		871548361CFEAA26008C4248 /* PBXContainerItemProxy */ = {
			isa = PBXContainerItemProxy;
			containerPortal = 8707D8561CF0887A007B1A2B /* Project object */;
			proxyType = 1;
			remoteGlobalIDString = 8707D85D1CF0887A007B1A2B;
			remoteInfo = CxNews;
		};
		872B5D4F1DC8B0B900CAB911 /* PBXContainerItemProxy */ = {
			isa = PBXContainerItemProxy;
			containerPortal = 8707D8561CF0887A007B1A2B /* Project object */;
			proxyType = 1;
			remoteGlobalIDString = 872B5D4C1DC8B0B900CAB911;
			remoteInfo = "CxNews-Watch Extension";
		};
		872B5D601DC8B0B900CAB911 /* PBXContainerItemProxy */ = {
			isa = PBXContainerItemProxy;
			containerPortal = 8707D8561CF0887A007B1A2B /* Project object */;
			proxyType = 1;
			remoteGlobalIDString = 872B5D401DC8B0B900CAB911;
			remoteInfo = "CxNews-Watch";
		};
		8768E87C1D914DAB0008E035 /* PBXContainerItemProxy */ = {
			isa = PBXContainerItemProxy;
			containerPortal = 8768E8751D914DAB0008E035 /* Charts.xcodeproj */;
			proxyType = 2;
			remoteGlobalIDString = 5BA8EC401A9D14DC00CE82E1;
			remoteInfo = "Charts-iOS";
		};
		8768E87E1D914DAB0008E035 /* PBXContainerItemProxy */ = {
			isa = PBXContainerItemProxy;
			containerPortal = 8768E8751D914DAB0008E035 /* Charts.xcodeproj */;
			proxyType = 2;
			remoteGlobalIDString = A52C5C371BAC5CA400594CDD;
			remoteInfo = "Charts-TV";
		};
		8768E8801D914DAB0008E035 /* PBXContainerItemProxy */ = {
			isa = PBXContainerItemProxy;
			containerPortal = 8768E8751D914DAB0008E035 /* Charts.xcodeproj */;
			proxyType = 2;
			remoteGlobalIDString = 65B3F5BF1C7370BE000983D0;
			remoteInfo = "Charts-OSX";
		};
		8768E8821D914DAB0008E035 /* PBXContainerItemProxy */ = {
			isa = PBXContainerItemProxy;
			containerPortal = 8768E8751D914DAB0008E035 /* Charts.xcodeproj */;
			proxyType = 2;
			remoteGlobalIDString = 06AEE7A21BDC3F8B009875AE;
			remoteInfo = ChartsTests;
		};
		8768E8861D914DD60008E035 /* PBXContainerItemProxy */ = {
			isa = PBXContainerItemProxy;
			containerPortal = 8768E8751D914DAB0008E035 /* Charts.xcodeproj */;
			proxyType = 1;
			remoteGlobalIDString = 5BA8EC3F1A9D14DC00CE82E1;
			remoteInfo = "Charts-iOS";
		};
		8787426D1CFEDD37000A926B /* PBXContainerItemProxy */ = {
			isa = PBXContainerItemProxy;
			containerPortal = 8707D8561CF0887A007B1A2B /* Project object */;
			proxyType = 1;
			remoteGlobalIDString = 8707D85D1CF0887A007B1A2B;
			remoteInfo = CxNews;
		};
/* End PBXContainerItemProxy section */

/* Begin PBXCopyFilesBuildPhase section */
		872B5D681DC8B0B900CAB911 /* Embed App Extensions */ = {
			isa = PBXCopyFilesBuildPhase;
			buildActionMask = 2147483647;
			dstPath = "";
			dstSubfolderSpec = 13;
			files = (
				872B5D4E1DC8B0B900CAB911 /* CxNews-Watch Extension.appex in Embed App Extensions */,
			);
			name = "Embed App Extensions";
			runOnlyForDeploymentPostprocessing = 0;
		};
		872B5D6A1DC8B0B900CAB911 /* Embed Watch Content */ = {
			isa = PBXCopyFilesBuildPhase;
			buildActionMask = 2147483647;
			dstPath = "$(CONTENTS_FOLDER_PATH)/Watch";
			dstSubfolderSpec = 16;
			files = (
				872B5D621DC8B0B900CAB911 /* CxNews-Watch.app in Embed Watch Content */,
			);
			name = "Embed Watch Content";
			runOnlyForDeploymentPostprocessing = 0;
		};
/* End PBXCopyFilesBuildPhase section */

/* Begin PBXFileReference section */
		431A40149FC6844D43AECB05 /* EventModel.m */ = {isa = PBXFileReference; fileEncoding = 4; lastKnownFileType = sourcecode.c.objc; path = EventModel.m; sourceTree = "<group>"; };
		431A41079166CC44352CF083 /* UserProfileService.h */ = {isa = PBXFileReference; fileEncoding = 4; lastKnownFileType = sourcecode.c.h; path = UserProfileService.h; sourceTree = "<group>"; };
		431A41AD88038411AA599C98 /* UserProfileService.m */ = {isa = PBXFileReference; fileEncoding = 4; lastKnownFileType = sourcecode.c.objc; path = UserProfileService.m; sourceTree = "<group>"; };
		431A42BC48DF52E832FE3833 /* EventModel.h */ = {isa = PBXFileReference; fileEncoding = 4; lastKnownFileType = sourcecode.c.h; path = EventModel.h; sourceTree = "<group>"; };
		431A49689C3434FA5F7682DE /* RecommendationsService.m */ = {isa = PBXFileReference; fileEncoding = 4; lastKnownFileType = sourcecode.c.objc; path = RecommendationsService.m; sourceTree = "<group>"; };
		431A4A067FCCE3216715F99A /* UserService.h */ = {isa = PBXFileReference; fileEncoding = 4; lastKnownFileType = sourcecode.c.h; path = UserService.h; sourceTree = "<group>"; };
		431A4A69CE1223C10FADF80D /* UserModel.m */ = {isa = PBXFileReference; fileEncoding = 4; lastKnownFileType = sourcecode.c.objc; path = UserModel.m; sourceTree = "<group>"; };
		431A4B30316F410EF07D7621 /* UserModel.h */ = {isa = PBXFileReference; fileEncoding = 4; lastKnownFileType = sourcecode.c.h; path = UserModel.h; sourceTree = "<group>"; };
		431A4BEDA4A7EAE7D8B3F734 /* RecommendationsService.h */ = {isa = PBXFileReference; fileEncoding = 4; lastKnownFileType = sourcecode.c.h; path = RecommendationsService.h; sourceTree = "<group>"; };
		431A4D9911F510C6A017BE26 /* UserService.m */ = {isa = PBXFileReference; fileEncoding = 4; lastKnownFileType = sourcecode.c.objc; path = UserService.m; sourceTree = "<group>"; };
		7B277CB17F7461D4518F21DA /* Pods-CxNews.release.xcconfig */ = {isa = PBXFileReference; includeInIndex = 1; lastKnownFileType = text.xcconfig; name = "Pods-CxNews.release.xcconfig"; path = "Pods/Target Support Files/Pods-CxNews/Pods-CxNews.release.xcconfig"; sourceTree = "<group>"; };
		8701F1A91D30FD6700542ACF /* CxenseInsight.h */ = {isa = PBXFileReference; fileEncoding = 4; lastKnownFileType = sourcecode.c.h; path = CxenseInsight.h; sourceTree = "<group>"; };
		8701F1AA1D30FD6700542ACF /* CxenseInsightEventBuilder.h */ = {isa = PBXFileReference; fileEncoding = 4; lastKnownFileType = sourcecode.c.h; path = CxenseInsightEventBuilder.h; sourceTree = "<group>"; };
		8701F1AB1D30FD6700542ACF /* CxenseInsightTracker.h */ = {isa = PBXFileReference; fileEncoding = 4; lastKnownFileType = sourcecode.c.h; path = CxenseInsightTracker.h; sourceTree = "<group>"; };
		8701F1AC1D30FD6700542ACF /* libCxenseInsightSDK.a */ = {isa = PBXFileReference; lastKnownFileType = archive.ar; path = libCxenseInsightSDK.a; sourceTree = "<group>"; };
		8701F1AE1D31004000542ACF /* libsqlite3.tbd */ = {isa = PBXFileReference; lastKnownFileType = "sourcecode.text-based-dylib-definition"; name = libsqlite3.tbd; path = usr/lib/libsqlite3.tbd; sourceTree = SDKROOT; };
		87060C1C1D03F882006E6C36 /* FeedViewController.h */ = {isa = PBXFileReference; fileEncoding = 4; lastKnownFileType = sourcecode.c.h; path = FeedViewController.h; sourceTree = "<group>"; };
		87060C1D1D03F882006E6C36 /* FeedViewController.m */ = {isa = PBXFileReference; fileEncoding = 4; lastKnownFileType = sourcecode.c.objc; path = FeedViewController.m; sourceTree = "<group>"; };
		87060C201D04B064006E6C36 /* UserAccountViewController.h */ = {isa = PBXFileReference; fileEncoding = 4; lastKnownFileType = sourcecode.c.h; path = UserAccountViewController.h; sourceTree = "<group>"; };
		87060C211D04B064006E6C36 /* UserAccountViewController.m */ = {isa = PBXFileReference; fileEncoding = 4; lastKnownFileType = sourcecode.c.objc; path = UserAccountViewController.m; sourceTree = "<group>"; };
		8707D85E1CF0887A007B1A2B /* CxNews.app */ = {isa = PBXFileReference; explicitFileType = wrapper.application; includeInIndex = 0; path = CxNews.app; sourceTree = BUILT_PRODUCTS_DIR; };
		8707D8621CF0887A007B1A2B /* main.m */ = {isa = PBXFileReference; lastKnownFileType = sourcecode.c.objc; path = main.m; sourceTree = "<group>"; };
		8707D8641CF0887A007B1A2B /* AppDelegate.h */ = {isa = PBXFileReference; lastKnownFileType = sourcecode.c.h; path = AppDelegate.h; sourceTree = "<group>"; };
		8707D8651CF0887A007B1A2B /* AppDelegate.m */ = {isa = PBXFileReference; lastKnownFileType = sourcecode.c.objc; path = AppDelegate.m; sourceTree = "<group>"; };
		8707D86B1CF0887A007B1A2B /* Base */ = {isa = PBXFileReference; lastKnownFileType = file.storyboard; name = Base; path = Base.lproj/Main.storyboard; sourceTree = "<group>"; };
		8707D86D1CF0887A007B1A2B /* Assets.xcassets */ = {isa = PBXFileReference; lastKnownFileType = folder.assetcatalog; path = Assets.xcassets; sourceTree = "<group>"; };
		8707D8701CF0887A007B1A2B /* Base */ = {isa = PBXFileReference; lastKnownFileType = file.storyboard; name = Base; path = Base.lproj/LaunchScreen.storyboard; sourceTree = "<group>"; };
		8707D8721CF0887A007B1A2B /* Info.plist */ = {isa = PBXFileReference; lastKnownFileType = text.plist.xml; path = Info.plist; sourceTree = "<group>"; };
		8707D87C1CF088F0007B1A2B /* UIKit.framework */ = {isa = PBXFileReference; lastKnownFileType = wrapper.framework; name = UIKit.framework; path = System/Library/Frameworks/UIKit.framework; sourceTree = SDKROOT; };
		870F21921D50DA9D00D108E5 /* InterestModel.h */ = {isa = PBXFileReference; fileEncoding = 4; lastKnownFileType = sourcecode.c.h; path = InterestModel.h; sourceTree = "<group>"; };
		870F21931D50DA9D00D108E5 /* InterestModel.m */ = {isa = PBXFileReference; fileEncoding = 4; lastKnownFileType = sourcecode.c.objc; path = InterestModel.m; sourceTree = "<group>"; };
		87107E3D1DA7B39400111FAD /* ATS-URL-Converter.h */ = {isa = PBXFileReference; fileEncoding = 4; lastKnownFileType = sourcecode.c.h; path = "ATS-URL-Converter.h"; sourceTree = "<group>"; };
		87107E3E1DA7B39400111FAD /* ATS-URL-Converter.m */ = {isa = PBXFileReference; fileEncoding = 4; lastKnownFileType = sourcecode.c.objc; path = "ATS-URL-Converter.m"; sourceTree = "<group>"; };
		87110ABE1D3E126100451251 /* Reco2ArticleConverter.h */ = {isa = PBXFileReference; fileEncoding = 4; lastKnownFileType = sourcecode.c.h; path = Reco2ArticleConverter.h; sourceTree = "<group>"; };
		87110ABF1D3E126100451251 /* Reco2ArticleConverter.m */ = {isa = PBXFileReference; fileEncoding = 4; lastKnownFileType = sourcecode.c.objc; path = Reco2ArticleConverter.m; sourceTree = "<group>"; };
		87110AC11D3E13C300451251 /* Reco2ArticleConverterTests.m */ = {isa = PBXFileReference; fileEncoding = 4; lastKnownFileType = sourcecode.c.objc; path = Reco2ArticleConverterTests.m; sourceTree = "<group>"; };
		871548311CFEAA26008C4248 /* CxNewsUITests.xctest */ = {isa = PBXFileReference; explicitFileType = wrapper.cfbundle; includeInIndex = 0; path = CxNewsUITests.xctest; sourceTree = BUILT_PRODUCTS_DIR; };
		871548331CFEAA26008C4248 /* CxNewsUITests.m */ = {isa = PBXFileReference; lastKnownFileType = sourcecode.c.objc; path = CxNewsUITests.m; sourceTree = "<group>"; };
		871548351CFEAA26008C4248 /* Info.plist */ = {isa = PBXFileReference; lastKnownFileType = text.plist.xml; path = Info.plist; sourceTree = "<group>"; };
		8717F8221CF764E6002E5948 /* CxenseContent.h */ = {isa = PBXFileReference; fileEncoding = 4; lastKnownFileType = sourcecode.c.h; path = CxenseContent.h; sourceTree = "<group>"; };
		8717F8231CF764E6002E5948 /* CxenseContentContext.h */ = {isa = PBXFileReference; fileEncoding = 4; lastKnownFileType = sourcecode.c.h; path = CxenseContentContext.h; sourceTree = "<group>"; };
		8717F8241CF764E6002E5948 /* CxenseContentRecommendation.h */ = {isa = PBXFileReference; fileEncoding = 4; lastKnownFileType = sourcecode.c.h; path = CxenseContentRecommendation.h; sourceTree = "<group>"; };
		8717F8251CF764E6002E5948 /* CxenseContentUser.h */ = {isa = PBXFileReference; fileEncoding = 4; lastKnownFileType = sourcecode.c.h; path = CxenseContentUser.h; sourceTree = "<group>"; };
		8717F8261CF764E6002E5948 /* CxenseContentWidget.h */ = {isa = PBXFileReference; fileEncoding = 4; lastKnownFileType = sourcecode.c.h; path = CxenseContentWidget.h; sourceTree = "<group>"; };
		8717F8271CF764E6002E5948 /* libCxenseContentSDK.a */ = {isa = PBXFileReference; lastKnownFileType = archive.ar; path = libCxenseContentSDK.a; sourceTree = "<group>"; };
		8717F8351CF76725002E5948 /* SWRevealViewController.h */ = {isa = PBXFileReference; fileEncoding = 4; lastKnownFileType = sourcecode.c.h; path = SWRevealViewController.h; sourceTree = "<group>"; };
		8717F8361CF76725002E5948 /* SWRevealViewController.m */ = {isa = PBXFileReference; fileEncoding = 4; lastKnownFileType = sourcecode.c.objc; path = SWRevealViewController.m; sourceTree = "<group>"; };
		871FEBDA1DC8BABA0022F729 /* Pods_CxNews.framework */ = {isa = PBXFileReference; lastKnownFileType = wrapper.framework; name = Pods_CxNews.framework; path = "../../../Library/Developer/Xcode/DerivedData/CxNews-bedjqxdpnzmkfycqvelrwgarmmhz/Build/Products/Debug-iphonesimulator/Pods_CxNews.framework"; sourceTree = "<group>"; };
		872B5D411DC8B0B900CAB911 /* CxNews-Watch.app */ = {isa = PBXFileReference; explicitFileType = wrapper.application; includeInIndex = 0; path = "CxNews-Watch.app"; sourceTree = BUILT_PRODUCTS_DIR; };
		872B5D441DC8B0B900CAB911 /* Base */ = {isa = PBXFileReference; lastKnownFileType = file.storyboard; name = Base; path = Base.lproj/Interface.storyboard; sourceTree = "<group>"; };
		872B5D461DC8B0B900CAB911 /* Assets.xcassets */ = {isa = PBXFileReference; lastKnownFileType = folder.assetcatalog; path = Assets.xcassets; sourceTree = "<group>"; };
		872B5D481DC8B0B900CAB911 /* Info.plist */ = {isa = PBXFileReference; lastKnownFileType = text.plist.xml; path = Info.plist; sourceTree = "<group>"; };
		872B5D4D1DC8B0B900CAB911 /* CxNews-Watch Extension.appex */ = {isa = PBXFileReference; explicitFileType = "wrapper.app-extension"; includeInIndex = 0; path = "CxNews-Watch Extension.appex"; sourceTree = BUILT_PRODUCTS_DIR; };
		872B5D531DC8B0B900CAB911 /* PushNotificationPayload.apns */ = {isa = PBXFileReference; lastKnownFileType = text; path = PushNotificationPayload.apns; sourceTree = "<group>"; };
		872B5D5D1DC8B0B900CAB911 /* Assets.xcassets */ = {isa = PBXFileReference; lastKnownFileType = folder.assetcatalog; path = Assets.xcassets; sourceTree = "<group>"; };
		872B5D5F1DC8B0B900CAB911 /* Info.plist */ = {isa = PBXFileReference; lastKnownFileType = text.plist.xml; path = Info.plist; sourceTree = "<group>"; };
		872B5D6D1DC8B38900CAB911 /* InterfaceController.h */ = {isa = PBXFileReference; fileEncoding = 4; lastKnownFileType = sourcecode.c.h; path = InterfaceController.h; sourceTree = "<group>"; };
		872B5D6E1DC8B38900CAB911 /* InterfaceController.m */ = {isa = PBXFileReference; fileEncoding = 4; lastKnownFileType = sourcecode.c.objc; path = InterfaceController.m; sourceTree = "<group>"; };
		8744B4451DCC903A004A2E82 /* NewsModel.h */ = {isa = PBXFileReference; fileEncoding = 4; lastKnownFileType = sourcecode.c.h; path = NewsModel.h; sourceTree = "<group>"; };
		8744B4461DCC903A004A2E82 /* NewsModel.m */ = {isa = PBXFileReference; fileEncoding = 4; lastKnownFileType = sourcecode.c.objc; path = NewsModel.m; sourceTree = "<group>"; };
		8744B4481DCC90AF004A2E82 /* NewsStorage.h */ = {isa = PBXFileReference; fileEncoding = 4; lastKnownFileType = sourcecode.c.h; path = NewsStorage.h; sourceTree = "<group>"; };
		8744B4491DCC90AF004A2E82 /* NewsStorage.m */ = {isa = PBXFileReference; fileEncoding = 4; lastKnownFileType = sourcecode.c.objc; path = NewsStorage.m; sourceTree = "<group>"; };
		8744B44B1DCC9AE9004A2E82 /* NewsStorageDelegate.h */ = {isa = PBXFileReference; fileEncoding = 4; lastKnownFileType = sourcecode.c.h; path = NewsStorageDelegate.h; sourceTree = "<group>"; };
		87668A2B1D0333D700AC1B4F /* Constants.h */ = {isa = PBXFileReference; fileEncoding = 4; lastKnownFileType = sourcecode.c.h; path = Constants.h; sourceTree = "<group>"; };
		87668A2C1D0333D700AC1B4F /* Constants.m */ = {isa = PBXFileReference; fileEncoding = 4; lastKnownFileType = sourcecode.c.objc; path = Constants.m; sourceTree = "<group>"; };
		87686F021D5F309F00351C32 /* UIViewController+Indicator.h */ = {isa = PBXFileReference; fileEncoding = 4; lastKnownFileType = sourcecode.c.h; path = "UIViewController+Indicator.h"; sourceTree = "<group>"; };
		87686F031D5F309F00351C32 /* UIViewController+Indicator.m */ = {isa = PBXFileReference; fileEncoding = 4; lastKnownFileType = sourcecode.c.objc; path = "UIViewController+Indicator.m"; sourceTree = "<group>"; };
		8768E8751D914DAB0008E035 /* Charts.xcodeproj */ = {isa = PBXFileReference; lastKnownFileType = "wrapper.pb-project"; name = Charts.xcodeproj; path = Charts/Charts.xcodeproj; sourceTree = "<group>"; };
		876AFFD51D1424A6008326AC /* HockeySDK.framework */ = {isa = PBXFileReference; lastKnownFileType = wrapper.framework; path = HockeySDK.framework; sourceTree = "<group>"; };
		876AFFD71D1424A6008326AC /* HockeySDKResources.bundle */ = {isa = PBXFileReference; lastKnownFileType = "wrapper.plug-in"; path = HockeySDKResources.bundle; sourceTree = "<group>"; };
		877391081D06EB8E009D3A83 /* UserDataServiceTests.m */ = {isa = PBXFileReference; fileEncoding = 4; lastKnownFileType = sourcecode.c.objc; path = UserDataServiceTests.m; sourceTree = "<group>"; };
		877DA1311DA6C8F800BDFD79 /* NSString+HTML.h */ = {isa = PBXFileReference; fileEncoding = 4; lastKnownFileType = sourcecode.c.h; path = "NSString+HTML.h"; sourceTree = "<group>"; };
		877DA1321DA6C8F800BDFD79 /* NSString+HTML.m */ = {isa = PBXFileReference; fileEncoding = 4; lastKnownFileType = sourcecode.c.objc; path = "NSString+HTML.m"; sourceTree = "<group>"; };
		878742491CFEAF5D000A926B /* AuthViewController.h */ = {isa = PBXFileReference; fileEncoding = 4; lastKnownFileType = sourcecode.c.h; path = AuthViewController.h; sourceTree = "<group>"; };
		8787424A1CFEAF5D000A926B /* AuthViewController.m */ = {isa = PBXFileReference; fileEncoding = 4; lastKnownFileType = sourcecode.c.objc; path = AuthViewController.m; sourceTree = "<group>"; };
		878742681CFEDD37000A926B /* CxNewsTests.xctest */ = {isa = PBXFileReference; explicitFileType = wrapper.cfbundle; includeInIndex = 0; path = CxNewsTests.xctest; sourceTree = BUILT_PRODUCTS_DIR; };
		8787426C1CFEDD37000A926B /* Info.plist */ = {isa = PBXFileReference; lastKnownFileType = text.plist.xml; path = Info.plist; sourceTree = "<group>"; };
		878742721CFEDD5A000A926B /* UserServiceTests.m */ = {isa = PBXFileReference; fileEncoding = 4; lastKnownFileType = sourcecode.c.objc; path = UserServiceTests.m; sourceTree = "<group>"; };
		87874DE51D41F7EF00A24AFD /* Base */ = {isa = PBXFileReference; lastKnownFileType = file.storyboard; name = Base; path = Base.lproj/Article.storyboard; sourceTree = "<group>"; };
		8788F5541D9F9B4400950664 /* VideoFeedTableViewController+CellHeightGenerator.h */ = {isa = PBXFileReference; fileEncoding = 4; lastKnownFileType = sourcecode.c.h; path = "VideoFeedTableViewController+CellHeightGenerator.h"; sourceTree = "<group>"; };
		8788F5551D9F9B4400950664 /* VideoFeedTableViewController+CellHeightGenerator.m */ = {isa = PBXFileReference; fileEncoding = 4; lastKnownFileType = sourcecode.c.objc; path = "VideoFeedTableViewController+CellHeightGenerator.m"; sourceTree = "<group>"; };
		879007621D5DDCA700709591 /* InterestsProcessingService.h */ = {isa = PBXFileReference; fileEncoding = 4; lastKnownFileType = sourcecode.c.h; path = InterestsProcessingService.h; sourceTree = "<group>"; };
		879007631D5DDCA700709591 /* InterestsProcessingService.m */ = {isa = PBXFileReference; fileEncoding = 4; lastKnownFileType = sourcecode.c.objc; path = InterestsProcessingService.m; sourceTree = "<group>"; };
		879007651D5DDF8000709591 /* InterestsProcessingServiceTests.m */ = {isa = PBXFileReference; fileEncoding = 4; lastKnownFileType = sourcecode.c.objc; path = InterestsProcessingServiceTests.m; sourceTree = "<group>"; };
		8790D5511CF9A2FE0009EBFF /* RearMenuViewController.h */ = {isa = PBXFileReference; fileEncoding = 4; lastKnownFileType = sourcecode.c.h; path = RearMenuViewController.h; sourceTree = "<group>"; };
		8790D5521CF9A2FE0009EBFF /* RearMenuViewController.m */ = {isa = PBXFileReference; fileEncoding = 4; lastKnownFileType = sourcecode.c.objc; path = RearMenuViewController.m; sourceTree = "<group>"; };
		87A926C31D9BC63B00299341 /* FeedViewController+InsetsGenerator.h */ = {isa = PBXFileReference; fileEncoding = 4; lastKnownFileType = sourcecode.c.h; path = "FeedViewController+InsetsGenerator.h"; sourceTree = "<group>"; };
		87A926C41D9BC63B00299341 /* FeedViewController+InsetsGenerator.m */ = {isa = PBXFileReference; fileEncoding = 4; lastKnownFileType = sourcecode.c.objc; path = "FeedViewController+InsetsGenerator.m"; sourceTree = "<group>"; };
		87A926CA1D9BD28400299341 /* Video.storyboard */ = {isa = PBXFileReference; fileEncoding = 4; lastKnownFileType = file.storyboard; path = Video.storyboard; sourceTree = "<group>"; };
		87A926D41D9BDCE000299341 /* VideoFeedTableViewController.h */ = {isa = PBXFileReference; fileEncoding = 4; lastKnownFileType = sourcecode.c.h; path = VideoFeedTableViewController.h; sourceTree = "<group>"; };
		87A926D51D9BDCE000299341 /* VideoFeedTableViewController.m */ = {isa = PBXFileReference; fileEncoding = 4; lastKnownFileType = sourcecode.c.objc; path = VideoFeedTableViewController.m; sourceTree = "<group>"; };
		87A926D71D9BEE0C00299341 /* VideoModel.h */ = {isa = PBXFileReference; fileEncoding = 4; lastKnownFileType = sourcecode.c.h; path = VideoModel.h; sourceTree = "<group>"; };
		87A926D81D9BEE0C00299341 /* VideoModel.m */ = {isa = PBXFileReference; fileEncoding = 4; lastKnownFileType = sourcecode.c.objc; path = VideoModel.m; sourceTree = "<group>"; };
		87A926DB1D9BEF0500299341 /* VideoService.h */ = {isa = PBXFileReference; fileEncoding = 4; lastKnownFileType = sourcecode.c.h; path = VideoService.h; sourceTree = "<group>"; };
		87A926DC1D9BEF0500299341 /* VideoService.m */ = {isa = PBXFileReference; fileEncoding = 4; lastKnownFileType = sourcecode.c.objc; path = VideoService.m; sourceTree = "<group>"; };
		87A9A51E1D4B335600014FC4 /* SectionLinksProvider.h */ = {isa = PBXFileReference; fileEncoding = 4; lastKnownFileType = sourcecode.c.h; path = SectionLinksProvider.h; sourceTree = "<group>"; };
		87A9A51F1D4B335600014FC4 /* SectionLinksProvider.m */ = {isa = PBXFileReference; fileEncoding = 4; lastKnownFileType = sourcecode.c.objc; path = SectionLinksProvider.m; sourceTree = "<group>"; };
		87A9A5211D4B34EB00014FC4 /* SectionLinksProviderTests.m */ = {isa = PBXFileReference; fileEncoding = 4; lastKnownFileType = sourcecode.c.objc; path = SectionLinksProviderTests.m; sourceTree = "<group>"; };
		87A9A5231D4B879200014FC4 /* InterestsViewController.h */ = {isa = PBXFileReference; fileEncoding = 4; lastKnownFileType = sourcecode.c.h; path = InterestsViewController.h; sourceTree = "<group>"; };
		87A9A5241D4B879200014FC4 /* InterestsViewController.m */ = {isa = PBXFileReference; fileEncoding = 4; lastKnownFileType = sourcecode.c.objc; path = InterestsViewController.m; sourceTree = "<group>"; };
		87B2675E1D22DE290061F635 /* GenericPasswordExtension.h */ = {isa = PBXFileReference; lastKnownFileType = sourcecode.c.h; name = GenericPasswordExtension.h; path = GenericPasswordExtension/GenericPasswordExtension.h; sourceTree = "<group>"; };
		87B2675F1D22DE520061F635 /* GenericPasswordExtension.m */ = {isa = PBXFileReference; fileEncoding = 4; lastKnownFileType = sourcecode.c.objc; name = GenericPasswordExtension.m; path = GenericPasswordExtension/GenericPasswordExtension.m; sourceTree = "<group>"; };
		87B340E81D4767F200929491 /* CXNEventsService.h */ = {isa = PBXFileReference; fileEncoding = 4; lastKnownFileType = sourcecode.c.h; path = CXNEventsService.h; sourceTree = "<group>"; };
		87B340E91D4767F200929491 /* CXNEventsService.m */ = {isa = PBXFileReference; fileEncoding = 4; lastKnownFileType = sourcecode.c.objc; path = CXNEventsService.m; sourceTree = "<group>"; };
		87B340ED1D479C3F00929491 /* Base */ = {isa = PBXFileReference; lastKnownFileType = file.storyboard; name = Base; path = Base.lproj/UserProfile.storyboard; sourceTree = "<group>"; };
		87B7FF0E1D28EAC3002D040D /* ArticleViewController.h */ = {isa = PBXFileReference; fileEncoding = 4; lastKnownFileType = sourcecode.c.h; path = ArticleViewController.h; sourceTree = "<group>"; };
		87B7FF0F1D28EAC3002D040D /* ArticleViewController.m */ = {isa = PBXFileReference; fileEncoding = 4; lastKnownFileType = sourcecode.c.objc; path = ArticleViewController.m; sourceTree = "<group>"; };
		87B7FF121D28EF34002D040D /* ArticleService.h */ = {isa = PBXFileReference; fileEncoding = 4; lastKnownFileType = sourcecode.c.h; path = ArticleService.h; sourceTree = "<group>"; };
		87B7FF131D28EF34002D040D /* ArticleService.m */ = {isa = PBXFileReference; fileEncoding = 4; lastKnownFileType = sourcecode.c.objc; path = ArticleService.m; sourceTree = "<group>"; };
		87B7FF151D28EF4F002D040D /* ArticleModel.h */ = {isa = PBXFileReference; fileEncoding = 4; lastKnownFileType = sourcecode.c.h; path = ArticleModel.h; sourceTree = "<group>"; };
		87B7FF161D28EF4F002D040D /* ArticleModel.m */ = {isa = PBXFileReference; fileEncoding = 4; lastKnownFileType = sourcecode.c.objc; path = ArticleModel.m; sourceTree = "<group>"; };
		87DCCF111DCC771A009DC7A4 /* NewsRowController.h */ = {isa = PBXFileReference; fileEncoding = 4; lastKnownFileType = sourcecode.c.h; path = NewsRowController.h; sourceTree = "<group>"; };
		87DCCF121DCC771A009DC7A4 /* NewsRowController.m */ = {isa = PBXFileReference; fileEncoding = 4; lastKnownFileType = sourcecode.c.objc; path = NewsRowController.m; sourceTree = "<group>"; };
		87E9D7AF1D9252B700AD515B /* ArticleServiceAdapter.h */ = {isa = PBXFileReference; fileEncoding = 4; lastKnownFileType = sourcecode.c.h; path = ArticleServiceAdapter.h; sourceTree = "<group>"; };
		87E9D7B01D9252B700AD515B /* ArticleServiceAdapter.m */ = {isa = PBXFileReference; fileEncoding = 4; lastKnownFileType = sourcecode.c.objc; path = ArticleServiceAdapter.m; sourceTree = "<group>"; };
		87E9D7B51D9252FB00AD515B /* ArticleLoader.h */ = {isa = PBXFileReference; fileEncoding = 4; lastKnownFileType = sourcecode.c.h; path = ArticleLoader.h; sourceTree = "<group>"; };
		87ED4FBE1DCA37F3003EB478 /* ExtensionDelegate.h */ = {isa = PBXFileReference; fileEncoding = 4; lastKnownFileType = sourcecode.c.h; path = ExtensionDelegate.h; sourceTree = "<group>"; };
		87ED4FBF1DCA37F3003EB478 /* ExtensionDelegate.m */ = {isa = PBXFileReference; fileEncoding = 4; lastKnownFileType = sourcecode.c.objc; path = ExtensionDelegate.m; sourceTree = "<group>"; };
		87EF9C401D7FF4C7007A5564 /* private_conf.plist */ = {isa = PBXFileReference; fileEncoding = 4; lastKnownFileType = text.plist.xml; path = private_conf.plist; sourceTree = "<group>"; };
		927580671ADB2F124D879EA6 /* Pods_CxNews.framework */ = {isa = PBXFileReference; explicitFileType = wrapper.framework; includeInIndex = 0; path = Pods_CxNews.framework; sourceTree = BUILT_PRODUCTS_DIR; };
		BAC3B462E57B47320B9EB80A /* Pods-CxNews.debug.xcconfig */ = {isa = PBXFileReference; includeInIndex = 1; lastKnownFileType = text.xcconfig; name = "Pods-CxNews.debug.xcconfig"; path = "Pods/Target Support Files/Pods-CxNews/Pods-CxNews.debug.xcconfig"; sourceTree = "<group>"; };
/* End PBXFileReference section */

/* Begin PBXFrameworksBuildPhase section */
		14C2F9522B0FE6F3E4838ABD /* Frameworks */ = {
			isa = PBXFrameworksBuildPhase;
			buildActionMask = 2147483647;
			files = (
			);
			runOnlyForDeploymentPostprocessing = 0;
		};
		8707D85B1CF0887A007B1A2B /* Frameworks */ = {
			isa = PBXFrameworksBuildPhase;
			buildActionMask = 2147483647;
			files = (
				8701F1AF1D31004000542ACF /* libsqlite3.tbd in Frameworks */,
				8707D87D1CF088F0007B1A2B /* UIKit.framework in Frameworks */,
				D27A3B40950E1ABD902E163A /* Pods_CxNews.framework in Frameworks */,
			);
			runOnlyForDeploymentPostprocessing = 0;
		};
		8715482E1CFEAA26008C4248 /* Frameworks */ = {
			isa = PBXFrameworksBuildPhase;
			buildActionMask = 2147483647;
			files = (
			);
			runOnlyForDeploymentPostprocessing = 0;
		};
		872B5D4A1DC8B0B900CAB911 /* Frameworks */ = {
			isa = PBXFrameworksBuildPhase;
			buildActionMask = 2147483647;
			files = (
			);
			runOnlyForDeploymentPostprocessing = 0;
		};
		878742651CFEDD37000A926B /* Frameworks */ = {
			isa = PBXFrameworksBuildPhase;
			buildActionMask = 2147483647;
			files = (
			);
			runOnlyForDeploymentPostprocessing = 0;
		};
/* End PBXFrameworksBuildPhase section */

/* Begin PBXGroup section */
		2C88801F058B6BB824FE0D69 /* Pods */ = {
			isa = PBXGroup;
			children = (
				BAC3B462E57B47320B9EB80A /* Pods-CxNews.debug.xcconfig */,
				7B277CB17F7461D4518F21DA /* Pods-CxNews.release.xcconfig */,
			);
			name = Pods;
			sourceTree = "<group>";
		};
		431A422405770335C64F103A /* Recommendation */ = {
			isa = PBXGroup;
			children = (
				431A4BEDA4A7EAE7D8B3F734 /* RecommendationsService.h */,
				431A49689C3434FA5F7682DE /* RecommendationsService.m */,
			);
			path = Recommendation;
			sourceTree = "<group>";
		};
		431A43B5EF2FFF618EB93E1B /* Model */ = {
			isa = PBXGroup;
			children = (
				87B7FF151D28EF4F002D040D /* ArticleModel.h */,
				87B7FF161D28EF4F002D040D /* ArticleModel.m */,
				870F21921D50DA9D00D108E5 /* InterestModel.h */,
				870F21931D50DA9D00D108E5 /* InterestModel.m */,
				431A4B30316F410EF07D7621 /* UserModel.h */,
				431A4A69CE1223C10FADF80D /* UserModel.m */,
				87A926D71D9BEE0C00299341 /* VideoModel.h */,
				87A926D81D9BEE0C00299341 /* VideoModel.m */,
			);
			path = Model;
			sourceTree = "<group>";
		};
		431A43D157579E805B3350CE /* Feed */ = {
			isa = PBXGroup;
			children = (
				87060C1C1D03F882006E6C36 /* FeedViewController.h */,
				87060C1D1D03F882006E6C36 /* FeedViewController.m */,
			);
			path = Feed;
			sourceTree = "<group>";
		};
		431A48E7119F836D6712D095 /* Shared */ = {
			isa = PBXGroup;
			children = (
				431A40149FC6844D43AECB05 /* EventModel.m */,
				431A42BC48DF52E832FE3833 /* EventModel.h */,
			);
			path = Shared;
			sourceTree = "<group>";
		};
		431A4AF76720A844B5AC14EB /* User */ = {
			isa = PBXGroup;
			children = (
				431A4A067FCCE3216715F99A /* UserService.h */,
				431A4D9911F510C6A017BE26 /* UserService.m */,
			);
			path = User;
			sourceTree = "<group>";
		};
		431A4D82FF3539F07A40854C /* UserProfile */ = {
			isa = PBXGroup;
			children = (
				431A41079166CC44352CF083 /* UserProfileService.h */,
				431A41AD88038411AA599C98 /* UserProfileService.m */,
			);
			path = UserProfile;
			sourceTree = "<group>";
		};
		8701F1A81D30FD6700542ACF /* CxenseInsightSDK */ = {
			isa = PBXGroup;
			children = (
				8701F1A91D30FD6700542ACF /* CxenseInsight.h */,
				8701F1AA1D30FD6700542ACF /* CxenseInsightEventBuilder.h */,
				8701F1AB1D30FD6700542ACF /* CxenseInsightTracker.h */,
				8701F1AC1D30FD6700542ACF /* libCxenseInsightSDK.a */,
			);
			path = CxenseInsightSDK;
			sourceTree = "<group>";
		};
		87060C1F1D04B046006E6C36 /* User */ = {
			isa = PBXGroup;
			children = (
				87A9A5231D4B879200014FC4 /* InterestsViewController.h */,
				87A9A5241D4B879200014FC4 /* InterestsViewController.m */,
				87060C201D04B064006E6C36 /* UserAccountViewController.h */,
				87060C211D04B064006E6C36 /* UserAccountViewController.m */,
			);
			path = User;
			sourceTree = "<group>";
		};
		8707D8551CF0887A007B1A2B = {
			isa = PBXGroup;
			children = (
				8707D8601CF0887A007B1A2B /* CxNews */,
				878742691CFEDD37000A926B /* CxNewsTests */,
				871548321CFEAA26008C4248 /* CxNewsUITests */,
				872B5D421DC8B0B900CAB911 /* CxNews-Watch */,
				872B5D511DC8B0B900CAB911 /* CxNews-Watch Extension */,
				8717F8201CF764CC002E5948 /* Frameworks */,
				8707D85F1CF0887A007B1A2B /* Products */,
				8707D87C1CF088F0007B1A2B /* UIKit.framework */,
				87EF9C401D7FF4C7007A5564 /* private_conf.plist */,
				2C88801F058B6BB824FE0D69 /* Pods */,
				431A48E7119F836D6712D095 /* Shared */,
			);
			sourceTree = "<group>";
		};
		8707D85F1CF0887A007B1A2B /* Products */ = {
			isa = PBXGroup;
			children = (
				8707D85E1CF0887A007B1A2B /* CxNews.app */,
				871548311CFEAA26008C4248 /* CxNewsUITests.xctest */,
				878742681CFEDD37000A926B /* CxNewsTests.xctest */,
				872B5D411DC8B0B900CAB911 /* CxNews-Watch.app */,
				872B5D4D1DC8B0B900CAB911 /* CxNews-Watch Extension.appex */,
			);
			name = Products;
			sourceTree = "<group>";
		};
		8707D8601CF0887A007B1A2B /* CxNews */ = {
			isa = PBXGroup;
			children = (
				8707D8801CF0C730007B1A2B /* Basic */,
				87686F011D5F304300351C32 /* Categories */,
				8707D8811CF0C73F007B1A2B /* Controllers */,
				431A43B5EF2FFF618EB93E1B /* Model */,
				8707D8821CF0C754007B1A2B /* Services */,
				87B340EF1D47A53C00929491 /* Storyboards */,
				8707D8611CF0887A007B1A2B /* Supporting Files */,
				87110ABD1D3E123A00451251 /* Utils */,
				8707D86D1CF0887A007B1A2B /* Assets.xcassets */,
				8707D8721CF0887A007B1A2B /* Info.plist */,
			);
			path = CxNews;
			sourceTree = "<group>";
		};
		8707D8611CF0887A007B1A2B /* Supporting Files */ = {
			isa = PBXGroup;
			children = (
				8707D8621CF0887A007B1A2B /* main.m */,
			);
			path = "Supporting Files";
			sourceTree = "<group>";
		};
		8707D8801CF0C730007B1A2B /* Basic */ = {
			isa = PBXGroup;
			children = (
				8707D8641CF0887A007B1A2B /* AppDelegate.h */,
				8707D8651CF0887A007B1A2B /* AppDelegate.m */,
				87668A2B1D0333D700AC1B4F /* Constants.h */,
				87668A2C1D0333D700AC1B4F /* Constants.m */,
			);
			path = Basic;
			sourceTree = "<group>";
		};
		8707D8811CF0C73F007B1A2B /* Controllers */ = {
			isa = PBXGroup;
			children = (
				87B7FF0D1D28EA91002D040D /* Article */,
				878742481CFEAF2B000A926B /* Authorization */,
				431A43D157579E805B3350CE /* Feed */,
				8790D5501CF9A2E30009EBFF /* Menu */,
				87060C1F1D04B046006E6C36 /* User */,
				87A926D01D9BDCC200299341 /* Video */,
			);
			path = Controllers;
			sourceTree = "<group>";
		};
		8707D8821CF0C754007B1A2B /* Services */ = {
			isa = PBXGroup;
			children = (
				87B7FF111D28EF1C002D040D /* Article */,
				87B340E71D4767B000929491 /* Events */,
				879007611D5DDC2E00709591 /* Interests */,
				431A422405770335C64F103A /* Recommendation */,
				431A4AF76720A844B5AC14EB /* User */,
				431A4D82FF3539F07A40854C /* UserProfile */,
				87A926DA1D9BEEE600299341 /* Video */,
			);
			path = Services;
			sourceTree = "<group>";
		};
		87110ABD1D3E123A00451251 /* Utils */ = {
			isa = PBXGroup;
			children = (
				87107E3D1DA7B39400111FAD /* ATS-URL-Converter.h */,
				87107E3E1DA7B39400111FAD /* ATS-URL-Converter.m */,
				87110ABE1D3E126100451251 /* Reco2ArticleConverter.h */,
				87110ABF1D3E126100451251 /* Reco2ArticleConverter.m */,
				87A9A51E1D4B335600014FC4 /* SectionLinksProvider.h */,
				87A9A51F1D4B335600014FC4 /* SectionLinksProvider.m */,
			);
			path = Utils;
			sourceTree = "<group>";
		};
		871548321CFEAA26008C4248 /* CxNewsUITests */ = {
			isa = PBXGroup;
			children = (
				871548331CFEAA26008C4248 /* CxNewsUITests.m */,
				871548351CFEAA26008C4248 /* Info.plist */,
			);
			path = CxNewsUITests;
			sourceTree = "<group>";
		};
		8717F8201CF764CC002E5948 /* Frameworks */ = {
			isa = PBXGroup;
			children = (
				871FEBDA1DC8BABA0022F729 /* Pods_CxNews.framework */,
				8768E8751D914DAB0008E035 /* Charts.xcodeproj */,
				8701F1AE1D31004000542ACF /* libsqlite3.tbd */,
				8717F8211CF764E6002E5948 /* CxenseContentSDK */,
				8701F1A81D30FD6700542ACF /* CxenseInsightSDK */,
				87B2675D1D22DE100061F635 /* GenericPasswordExtension */,
				876AFFD41D1424A6008326AC /* HockeySDK.embeddedframework */,
				8717F8341CF76725002E5948 /* SWRevealViewController */,
				927580671ADB2F124D879EA6 /* Pods_CxNews.framework */,
			);
			name = Frameworks;
			sourceTree = "<group>";
		};
		8717F8211CF764E6002E5948 /* CxenseContentSDK */ = {
			isa = PBXGroup;
			children = (
				8717F8221CF764E6002E5948 /* CxenseContent.h */,
				8717F8231CF764E6002E5948 /* CxenseContentContext.h */,
				8717F8241CF764E6002E5948 /* CxenseContentRecommendation.h */,
				8717F8251CF764E6002E5948 /* CxenseContentUser.h */,
				8717F8261CF764E6002E5948 /* CxenseContentWidget.h */,
				8717F8271CF764E6002E5948 /* libCxenseContentSDK.a */,
			);
			path = CxenseContentSDK;
			sourceTree = "<group>";
		};
		8717F8341CF76725002E5948 /* SWRevealViewController */ = {
			isa = PBXGroup;
			children = (
				8717F8351CF76725002E5948 /* SWRevealViewController.h */,
				8717F8361CF76725002E5948 /* SWRevealViewController.m */,
			);
			path = SWRevealViewController;
			sourceTree = "<group>";
		};
		872B5D421DC8B0B900CAB911 /* CxNews-Watch */ = {
			isa = PBXGroup;
			children = (
				872B5D431DC8B0B900CAB911 /* Interface.storyboard */,
				872B5D461DC8B0B900CAB911 /* Assets.xcassets */,
				872B5D481DC8B0B900CAB911 /* Info.plist */,
			);
			path = "CxNews-Watch";
			sourceTree = "<group>";
		};
		872B5D511DC8B0B900CAB911 /* CxNews-Watch Extension */ = {
			isa = PBXGroup;
			children = (
				873D063E1DCDBFD40071B0E8 /* Storage */,
				873D063D1DCDBFA80071B0E8 /* Table */,
				873D063C1DCDBF980071B0E8 /* Model */,
				873D063B1DCDBECB0071B0E8 /* Controllers */,
				873D063A1DCDBEB80071B0E8 /* Basic */,
				872B5D5D1DC8B0B900CAB911 /* Assets.xcassets */,
				872B5D5F1DC8B0B900CAB911 /* Info.plist */,
				872B5D521DC8B0B900CAB911 /* Supporting Files */,
			);
			path = "CxNews-Watch Extension";
			sourceTree = "<group>";
		};
		872B5D521DC8B0B900CAB911 /* Supporting Files */ = {
			isa = PBXGroup;
			children = (
				872B5D531DC8B0B900CAB911 /* PushNotificationPayload.apns */,
			);
			name = "Supporting Files";
			sourceTree = "<group>";
		};
		873D063A1DCDBEB80071B0E8 /* Basic */ = {
			isa = PBXGroup;
			children = (
				87ED4FBE1DCA37F3003EB478 /* ExtensionDelegate.h */,
				87ED4FBF1DCA37F3003EB478 /* ExtensionDelegate.m */,
			);
			name = Basic;
			sourceTree = "<group>";
		};
		873D063B1DCDBECB0071B0E8 /* Controllers */ = {
			isa = PBXGroup;
			children = (
				872B5D6D1DC8B38900CAB911 /* InterfaceController.h */,
				872B5D6E1DC8B38900CAB911 /* InterfaceController.m */,
			);
			name = Controllers;
			sourceTree = "<group>";
		};
		873D063C1DCDBF980071B0E8 /* Model */ = {
			isa = PBXGroup;
			children = (
				8744B4451DCC903A004A2E82 /* NewsModel.h */,
				8744B4461DCC903A004A2E82 /* NewsModel.m */,
			);
			name = Model;
			sourceTree = "<group>";
		};
		873D063D1DCDBFA80071B0E8 /* Table */ = {
			isa = PBXGroup;
			children = (
				87DCCF111DCC771A009DC7A4 /* NewsRowController.h */,
				87DCCF121DCC771A009DC7A4 /* NewsRowController.m */,
			);
			name = Table;
			sourceTree = "<group>";
		};
		873D063E1DCDBFD40071B0E8 /* Storage */ = {
			isa = PBXGroup;
			children = (
				8744B4481DCC90AF004A2E82 /* NewsStorage.h */,
				8744B4491DCC90AF004A2E82 /* NewsStorage.m */,
				8744B44B1DCC9AE9004A2E82 /* NewsStorageDelegate.h */,
			);
			name = Storage;
			sourceTree = "<group>";
		};
		87686F011D5F304300351C32 /* Categories */ = {
			isa = PBXGroup;
			children = (
				87A926C31D9BC63B00299341 /* FeedViewController+InsetsGenerator.h */,
				87A926C41D9BC63B00299341 /* FeedViewController+InsetsGenerator.m */,
				877DA1311DA6C8F800BDFD79 /* NSString+HTML.h */,
				877DA1321DA6C8F800BDFD79 /* NSString+HTML.m */,
				87686F021D5F309F00351C32 /* UIViewController+Indicator.h */,
				87686F031D5F309F00351C32 /* UIViewController+Indicator.m */,
				8788F5541D9F9B4400950664 /* VideoFeedTableViewController+CellHeightGenerator.h */,
				8788F5551D9F9B4400950664 /* VideoFeedTableViewController+CellHeightGenerator.m */,
			);
			path = Categories;
			sourceTree = "<group>";
		};
		8768E8761D914DAB0008E035 /* Products */ = {
			isa = PBXGroup;
			children = (
				8768E87D1D914DAB0008E035 /* Charts.framework */,
				8768E87F1D914DAB0008E035 /* Charts.framework */,
				8768E8811D914DAB0008E035 /* Charts.framework */,
				8768E8831D914DAB0008E035 /* ChartsTests.xctest */,
			);
			name = Products;
			sourceTree = "<group>";
		};
		876AFFD41D1424A6008326AC /* HockeySDK.embeddedframework */ = {
			isa = PBXGroup;
			children = (
				876AFFD51D1424A6008326AC /* HockeySDK.framework */,
				876AFFD61D1424A6008326AC /* Resources */,
			);
			name = HockeySDK.embeddedframework;
			path = "HockeySDK-iOS/HockeySDK.embeddedframework";
			sourceTree = "<group>";
		};
		876AFFD61D1424A6008326AC /* Resources */ = {
			isa = PBXGroup;
			children = (
				876AFFD71D1424A6008326AC /* HockeySDKResources.bundle */,
			);
			path = Resources;
			sourceTree = "<group>";
		};
		878742481CFEAF2B000A926B /* Authorization */ = {
			isa = PBXGroup;
			children = (
				878742491CFEAF5D000A926B /* AuthViewController.h */,
				8787424A1CFEAF5D000A926B /* AuthViewController.m */,
			);
			path = Authorization;
			sourceTree = "<group>";
		};
		878742691CFEDD37000A926B /* CxNewsTests */ = {
			isa = PBXGroup;
			children = (
				8787426C1CFEDD37000A926B /* Info.plist */,
				879007651D5DDF8000709591 /* InterestsProcessingServiceTests.m */,
				87110AC11D3E13C300451251 /* Reco2ArticleConverterTests.m */,
				87A9A5211D4B34EB00014FC4 /* SectionLinksProviderTests.m */,
				877391081D06EB8E009D3A83 /* UserDataServiceTests.m */,
				878742721CFEDD5A000A926B /* UserServiceTests.m */,
			);
			path = CxNewsTests;
			sourceTree = "<group>";
		};
		879007611D5DDC2E00709591 /* Interests */ = {
			isa = PBXGroup;
			children = (
				879007621D5DDCA700709591 /* InterestsProcessingService.h */,
				879007631D5DDCA700709591 /* InterestsProcessingService.m */,
			);
			path = Interests;
			sourceTree = "<group>";
		};
		8790D5501CF9A2E30009EBFF /* Menu */ = {
			isa = PBXGroup;
			children = (
				8790D5511CF9A2FE0009EBFF /* RearMenuViewController.h */,
				8790D5521CF9A2FE0009EBFF /* RearMenuViewController.m */,
			);
			path = Menu;
			sourceTree = "<group>";
		};
		87A926D01D9BDCC200299341 /* Video */ = {
			isa = PBXGroup;
			children = (
				87A926D41D9BDCE000299341 /* VideoFeedTableViewController.h */,
				87A926D51D9BDCE000299341 /* VideoFeedTableViewController.m */,
			);
			path = Video;
			sourceTree = "<group>";
		};
		87A926DA1D9BEEE600299341 /* Video */ = {
			isa = PBXGroup;
			children = (
				87A926DB1D9BEF0500299341 /* VideoService.h */,
				87A926DC1D9BEF0500299341 /* VideoService.m */,
			);
			path = Video;
			sourceTree = "<group>";
		};
		87B2675D1D22DE100061F635 /* GenericPasswordExtension */ = {
			isa = PBXGroup;
			children = (
				87B2675E1D22DE290061F635 /* GenericPasswordExtension.h */,
				87B2675F1D22DE520061F635 /* GenericPasswordExtension.m */,
			);
			name = GenericPasswordExtension;
			sourceTree = "<group>";
		};
		87B340E71D4767B000929491 /* Events */ = {
			isa = PBXGroup;
			children = (
				87B340E81D4767F200929491 /* CXNEventsService.h */,
				87B340E91D4767F200929491 /* CXNEventsService.m */,
			);
			path = Events;
			sourceTree = "<group>";
		};
		87B340EF1D47A53C00929491 /* Storyboards */ = {
			isa = PBXGroup;
			children = (
				87874DE41D41F7EF00A24AFD /* Article.storyboard */,
				8707D86F1CF0887A007B1A2B /* LaunchScreen.storyboard */,
				8707D86A1CF0887A007B1A2B /* Main.storyboard */,
				87B340EC1D479C3F00929491 /* UserProfile.storyboard */,
				87A926CA1D9BD28400299341 /* Video.storyboard */,
			);
			path = Storyboards;
			sourceTree = "<group>";
		};
		87B7FF0D1D28EA91002D040D /* Article */ = {
			isa = PBXGroup;
			children = (
				87B7FF0E1D28EAC3002D040D /* ArticleViewController.h */,
				87B7FF0F1D28EAC3002D040D /* ArticleViewController.m */,
			);
			path = Article;
			sourceTree = "<group>";
		};
		87B7FF111D28EF1C002D040D /* Article */ = {
			isa = PBXGroup;
			children = (
				87E9D7B51D9252FB00AD515B /* ArticleLoader.h */,
				87B7FF121D28EF34002D040D /* ArticleService.h */,
				87B7FF131D28EF34002D040D /* ArticleService.m */,
				87E9D7AF1D9252B700AD515B /* ArticleServiceAdapter.h */,
				87E9D7B01D9252B700AD515B /* ArticleServiceAdapter.m */,
			);
			path = Article;
			sourceTree = "<group>";
		};
/* End PBXGroup section */

/* Begin PBXNativeTarget section */
		8707D85D1CF0887A007B1A2B /* CxNews */ = {
			isa = PBXNativeTarget;
			buildConfigurationList = 8707D8751CF0887A007B1A2B /* Build configuration list for PBXNativeTarget "CxNews" */;
			buildPhases = (
				0DCF75583A2FFFAE2DFB1E24 /* [CP] Check Pods Manifest.lock */,
				8707D85A1CF0887A007B1A2B /* Sources */,
				8707D85B1CF0887A007B1A2B /* Frameworks */,
				8707D85C1CF0887A007B1A2B /* Resources */,
				870FABCE1D14219F0080D8BF /* ShellScript */,
				87A9A51D1D4B274E00014FC4 /* ShellScript */,
				3CD506F2BE23F4BFF35DFAC5 /* [CP] Embed Pods Frameworks */,
				4158DDCF9E6542DF349D67E8 /* [CP] Copy Pods Resources */,
				872B5D6A1DC8B0B900CAB911 /* Embed Watch Content */,
			);
			buildRules = (
			);
			dependencies = (
				8768E8871D914DD60008E035 /* PBXTargetDependency */,
				872B5D611DC8B0B900CAB911 /* PBXTargetDependency */,
			);
			name = CxNews;
			productName = CxNews;
			productReference = 8707D85E1CF0887A007B1A2B /* CxNews.app */;
			productType = "com.apple.product-type.application";
		};
		871548301CFEAA26008C4248 /* CxNewsUITests */ = {
			isa = PBXNativeTarget;
			buildConfigurationList = 8715483A1CFEAA26008C4248 /* Build configuration list for PBXNativeTarget "CxNewsUITests" */;
			buildPhases = (
				8715482D1CFEAA26008C4248 /* Sources */,
				8715482E1CFEAA26008C4248 /* Frameworks */,
				8715482F1CFEAA26008C4248 /* Resources */,
			);
			buildRules = (
			);
			dependencies = (
				871548371CFEAA26008C4248 /* PBXTargetDependency */,
			);
			name = CxNewsUITests;
			productName = CxNewsUITests;
			productReference = 871548311CFEAA26008C4248 /* CxNewsUITests.xctest */;
			productType = "com.apple.product-type.bundle.ui-testing";
		};
		872B5D401DC8B0B900CAB911 /* CxNews-Watch */ = {
			isa = PBXNativeTarget;
			buildConfigurationList = 872B5D691DC8B0B900CAB911 /* Build configuration list for PBXNativeTarget "CxNews-Watch" */;
			buildPhases = (
				872B5D3F1DC8B0B900CAB911 /* Resources */,
				872B5D681DC8B0B900CAB911 /* Embed App Extensions */,
				14C2F9522B0FE6F3E4838ABD /* Frameworks */,
			);
			buildRules = (
			);
			dependencies = (
				872B5D501DC8B0B900CAB911 /* PBXTargetDependency */,
			);
			name = "CxNews-Watch";
			productName = "CxNews-Watch";
			productReference = 872B5D411DC8B0B900CAB911 /* CxNews-Watch.app */;
			productType = "com.apple.product-type.application.watchapp2";
		};
		872B5D4C1DC8B0B900CAB911 /* CxNews-Watch Extension */ = {
			isa = PBXNativeTarget;
			buildConfigurationList = 872B5D671DC8B0B900CAB911 /* Build configuration list for PBXNativeTarget "CxNews-Watch Extension" */;
			buildPhases = (
				872B5D491DC8B0B900CAB911 /* Sources */,
				872B5D4A1DC8B0B900CAB911 /* Frameworks */,
				872B5D4B1DC8B0B900CAB911 /* Resources */,
			);
			buildRules = (
			);
			dependencies = (
			);
			name = "CxNews-Watch Extension";
			productName = "CxNews-Watch Extension";
			productReference = 872B5D4D1DC8B0B900CAB911 /* CxNews-Watch Extension.appex */;
			productType = "com.apple.product-type.watchkit2-extension";
		};
		878742671CFEDD37000A926B /* CxNewsTests */ = {
			isa = PBXNativeTarget;
			buildConfigurationList = 8787426F1CFEDD37000A926B /* Build configuration list for PBXNativeTarget "CxNewsTests" */;
			buildPhases = (
				878742641CFEDD37000A926B /* Sources */,
				878742651CFEDD37000A926B /* Frameworks */,
				878742661CFEDD37000A926B /* Resources */,
			);
			buildRules = (
			);
			dependencies = (
				8787426E1CFEDD37000A926B /* PBXTargetDependency */,
			);
			name = CxNewsTests;
			productName = CxNewsTests;
			productReference = 878742681CFEDD37000A926B /* CxNewsTests.xctest */;
			productType = "com.apple.product-type.bundle.unit-test";
		};
/* End PBXNativeTarget section */

/* Begin PBXProject section */
		8707D8561CF0887A007B1A2B /* Project object */ = {
			isa = PBXProject;
			attributes = {
				LastUpgradeCheck = 0810;
				ORGANIZATIONNAME = "Anver Bogatov";
				TargetAttributes = {
					8707D85D1CF0887A007B1A2B = {
						CreatedOnToolsVersion = 7.3.1;
						DevelopmentTeam = S73T3DVCL9;
						LastSwiftMigration = 0800;
					};
					871548301CFEAA26008C4248 = {
						CreatedOnToolsVersion = 7.3.1;
						DevelopmentTeam = 69682L2WL8;
						LastSwiftMigration = 0800;
						TestTargetID = 8707D85D1CF0887A007B1A2B;
					};
					872B5D401DC8B0B900CAB911 = {
						CreatedOnToolsVersion = 8.1;
						DevelopmentTeam = S73T3DVCL9;
						ProvisioningStyle = Automatic;
					};
					872B5D4C1DC8B0B900CAB911 = {
						CreatedOnToolsVersion = 8.1;
						DevelopmentTeam = S73T3DVCL9;
						ProvisioningStyle = Automatic;
					};
					878742671CFEDD37000A926B = {
						CreatedOnToolsVersion = 7.3.1;
						DevelopmentTeam = 69682L2WL8;
						LastSwiftMigration = 0800;
						TestTargetID = 8707D85D1CF0887A007B1A2B;
					};
				};
			};
			buildConfigurationList = 8707D8591CF0887A007B1A2B /* Build configuration list for PBXProject "CxNews" */;
			compatibilityVersion = "Xcode 3.2";
			developmentRegion = English;
			hasScannedForEncodings = 0;
			knownRegions = (
				en,
				Base,
			);
			mainGroup = 8707D8551CF0887A007B1A2B;
			productRefGroup = 8707D85F1CF0887A007B1A2B /* Products */;
			projectDirPath = "";
			projectReferences = (
				{
					ProductGroup = 8768E8761D914DAB0008E035 /* Products */;
					ProjectRef = 8768E8751D914DAB0008E035 /* Charts.xcodeproj */;
				},
			);
			projectRoot = "";
			targets = (
				8707D85D1CF0887A007B1A2B /* CxNews */,
				871548301CFEAA26008C4248 /* CxNewsUITests */,
				878742671CFEDD37000A926B /* CxNewsTests */,
				872B5D401DC8B0B900CAB911 /* CxNews-Watch */,
				872B5D4C1DC8B0B900CAB911 /* CxNews-Watch Extension */,
			);
		};
/* End PBXProject section */

/* Begin PBXReferenceProxy section */
		8768E87D1D914DAB0008E035 /* Charts.framework */ = {
			isa = PBXReferenceProxy;
			fileType = wrapper.framework;
			path = Charts.framework;
			remoteRef = 8768E87C1D914DAB0008E035 /* PBXContainerItemProxy */;
			sourceTree = BUILT_PRODUCTS_DIR;
		};
		8768E87F1D914DAB0008E035 /* Charts.framework */ = {
			isa = PBXReferenceProxy;
			fileType = wrapper.framework;
			path = Charts.framework;
			remoteRef = 8768E87E1D914DAB0008E035 /* PBXContainerItemProxy */;
			sourceTree = BUILT_PRODUCTS_DIR;
		};
		8768E8811D914DAB0008E035 /* Charts.framework */ = {
			isa = PBXReferenceProxy;
			fileType = wrapper.framework;
			path = Charts.framework;
			remoteRef = 8768E8801D914DAB0008E035 /* PBXContainerItemProxy */;
			sourceTree = BUILT_PRODUCTS_DIR;
		};
		8768E8831D914DAB0008E035 /* ChartsTests.xctest */ = {
			isa = PBXReferenceProxy;
			fileType = wrapper.cfbundle;
			path = ChartsTests.xctest;
			remoteRef = 8768E8821D914DAB0008E035 /* PBXContainerItemProxy */;
			sourceTree = BUILT_PRODUCTS_DIR;
		};
/* End PBXReferenceProxy section */

/* Begin PBXResourcesBuildPhase section */
		8707D85C1CF0887A007B1A2B /* Resources */ = {
			isa = PBXResourcesBuildPhase;
			buildActionMask = 2147483647;
			files = (
				87A926CB1D9BD28400299341 /* Video.storyboard in Resources */,
				8707D8711CF0887A007B1A2B /* LaunchScreen.storyboard in Resources */,
				87EF9C411D7FF4C7007A5564 /* private_conf.plist in Resources */,
				8707D86E1CF0887A007B1A2B /* Assets.xcassets in Resources */,
				87B340EE1D479C3F00929491 /* UserProfile.storyboard in Resources */,
				87874DE61D41F7EF00A24AFD /* Article.storyboard in Resources */,
				8707D86C1CF0887A007B1A2B /* Main.storyboard in Resources */,
			);
			runOnlyForDeploymentPostprocessing = 0;
		};
		8715482F1CFEAA26008C4248 /* Resources */ = {
			isa = PBXResourcesBuildPhase;
			buildActionMask = 2147483647;
			files = (
			);
			runOnlyForDeploymentPostprocessing = 0;
		};
		872B5D3F1DC8B0B900CAB911 /* Resources */ = {
			isa = PBXResourcesBuildPhase;
			buildActionMask = 2147483647;
			files = (
				872B5D471DC8B0B900CAB911 /* Assets.xcassets in Resources */,
				872B5D451DC8B0B900CAB911 /* Interface.storyboard in Resources */,
			);
			runOnlyForDeploymentPostprocessing = 0;
		};
		872B5D4B1DC8B0B900CAB911 /* Resources */ = {
			isa = PBXResourcesBuildPhase;
			buildActionMask = 2147483647;
			files = (
				872B5D5E1DC8B0B900CAB911 /* Assets.xcassets in Resources */,
			);
			runOnlyForDeploymentPostprocessing = 0;
		};
		878742661CFEDD37000A926B /* Resources */ = {
			isa = PBXResourcesBuildPhase;
			buildActionMask = 2147483647;
			files = (
			);
			runOnlyForDeploymentPostprocessing = 0;
		};
/* End PBXResourcesBuildPhase section */

/* Begin PBXShellScriptBuildPhase section */
		0DCF75583A2FFFAE2DFB1E24 /* [CP] Check Pods Manifest.lock */ = {
			isa = PBXShellScriptBuildPhase;
			buildActionMask = 2147483647;
			files = (
			);
			inputPaths = (
			);
			name = "[CP] Check Pods Manifest.lock";
			outputPaths = (
			);
			runOnlyForDeploymentPostprocessing = 0;
			shellPath = /bin/sh;
			shellScript = "diff \"${PODS_ROOT}/../Podfile.lock\" \"${PODS_ROOT}/Manifest.lock\" > /dev/null\nif [ $? != 0 ] ; then\n    # print error to STDERR\n    echo \"error: The sandbox is not in sync with the Podfile.lock. Run 'pod install' or update your CocoaPods installation.\" >&2\n    exit 1\nfi\n";
			showEnvVarsInLog = 0;
		};
		3CD506F2BE23F4BFF35DFAC5 /* [CP] Embed Pods Frameworks */ = {
			isa = PBXShellScriptBuildPhase;
			buildActionMask = 2147483647;
			files = (
			);
			inputPaths = (
			);
			name = "[CP] Embed Pods Frameworks";
			outputPaths = (
			);
			runOnlyForDeploymentPostprocessing = 0;
			shellPath = /bin/sh;
			shellScript = "\"${SRCROOT}/Pods/Target Support Files/Pods-CxNews/Pods-CxNews-frameworks.sh\"\n";
			showEnvVarsInLog = 0;
		};
		4158DDCF9E6542DF349D67E8 /* [CP] Copy Pods Resources */ = {
			isa = PBXShellScriptBuildPhase;
			buildActionMask = 2147483647;
			files = (
			);
			inputPaths = (
			);
			name = "[CP] Copy Pods Resources";
			outputPaths = (
			);
			runOnlyForDeploymentPostprocessing = 0;
			shellPath = /bin/sh;
			shellScript = "\"${SRCROOT}/Pods/Target Support Files/Pods-CxNews/Pods-CxNews-resources.sh\"\n";
			showEnvVarsInLog = 0;
		};
		870FABCE1D14219F0080D8BF /* ShellScript */ = {
			isa = PBXShellScriptBuildPhase;
			buildActionMask = 2147483647;
			files = (
			);
			inputPaths = (
			);
			outputPaths = (
			);
			runOnlyForDeploymentPostprocessing = 0;
			shellPath = /bin/sh;
			shellScript = "buildNumber=$(/usr/libexec/PlistBuddy -c \"Print CFBundleVersion\" \"${PROJECT_DIR}/${INFOPLIST_FILE}\")\nbuildNumber=$(($buildNumber + 1))\n/usr/libexec/PlistBuddy -c \"Set :CFBundleVersion $buildNumber\" \"${PROJECT_DIR}/${INFOPLIST_FILE}\"";
		};
		87A9A51D1D4B274E00014FC4 /* ShellScript */ = {
			isa = PBXShellScriptBuildPhase;
			buildActionMask = 2147483647;
			files = (
			);
			inputPaths = (
			);
			outputPaths = (
			);
			runOnlyForDeploymentPostprocessing = 0;
			shellPath = /bin/sh;
			shellScript = "TAGS=\"TODO:|FIXME:\"\nERRORTAG=\"ERROR:\"\nfind \"${SRCROOT}\" \\( -name \"*.h\" -or -name \"*.m\" -or -name \"*.swift\" \\) -print0 | xargs -0 egrep --with-filename --line-number --only-matching \"($TAGS).*\\$|($ERRORTAG).*\\$\" | perl -p -e \"s/($TAGS)/ warning: \\$1/\" | perl -p -e \"s/($ERRORTAG)/ error: \\$1/\"";
		};
/* End PBXShellScriptBuildPhase section */

/* Begin PBXSourcesBuildPhase section */
		8707D85A1CF0887A007B1A2B /* Sources */ = {
			isa = PBXSourcesBuildPhase;
			buildActionMask = 2147483647;
			files = (
				8707D8661CF0887A007B1A2B /* AppDelegate.m in Sources */,
				87A926DD1D9BEF0500299341 /* VideoService.m in Sources */,
				8790D5531CF9A2FE0009EBFF /* RearMenuViewController.m in Sources */,
				879007641D5DDCA700709591 /* InterestsProcessingService.m in Sources */,
				87B7FF141D28EF34002D040D /* ArticleService.m in Sources */,
				87A926C51D9BC63B00299341 /* FeedViewController+InsetsGenerator.m in Sources */,
				8707D8631CF0887A007B1A2B /* main.m in Sources */,
				87A9A5251D4B879200014FC4 /* InterestsViewController.m in Sources */,
				8787424B1CFEAF5D000A926B /* AuthViewController.m in Sources */,
				87B7FF101D28EAC3002D040D /* ArticleViewController.m in Sources */,
				87668A2D1D0333D700AC1B4F /* Constants.m in Sources */,
				8788F5561D9F9B4400950664 /* VideoFeedTableViewController+CellHeightGenerator.m in Sources */,
				87A926D61D9BDCE000299341 /* VideoFeedTableViewController.m in Sources */,
				87B340EA1D4767F200929491 /* CXNEventsService.m in Sources */,
				431A48EAE2D230407BBAA2BC /* RecommendationsService.m in Sources */,
				87A926D91D9BEE0C00299341 /* VideoModel.m in Sources */,
				87B7FF171D28EF4F002D040D /* ArticleModel.m in Sources */,
				87060C221D04B065006E6C36 /* UserAccountViewController.m in Sources */,
				87E9D7B11D9252B700AD515B /* ArticleServiceAdapter.m in Sources */,
				87B267601D22DE520061F635 /* GenericPasswordExtension.m in Sources */,
				87A9A5201D4B335600014FC4 /* SectionLinksProvider.m in Sources */,
				877DA1331DA6C8F800BDFD79 /* NSString+HTML.m in Sources */,
				87060C1E1D03F882006E6C36 /* FeedViewController.m in Sources */,
				870F21941D50DA9D00D108E5 /* InterestModel.m in Sources */,
				431A4F711F82037FCD967E27 /* UserService.m in Sources */,
				431A418861855E77026AC488 /* UserProfileService.m in Sources */,
				431A4618405D97B8785C7A5B /* UserModel.m in Sources */,
				87110AC01D3E126100451251 /* Reco2ArticleConverter.m in Sources */,
				87107E3F1DA7B39400111FAD /* ATS-URL-Converter.m in Sources */,
				87686F041D5F309F00351C32 /* UIViewController+Indicator.m in Sources */,
				431A403D587023FA24D76AC9 /* EventModel.m in Sources */,
			);
			runOnlyForDeploymentPostprocessing = 0;
		};
		8715482D1CFEAA26008C4248 /* Sources */ = {
			isa = PBXSourcesBuildPhase;
			buildActionMask = 2147483647;
			files = (
				871548341CFEAA26008C4248 /* CxNewsUITests.m in Sources */,
			);
			runOnlyForDeploymentPostprocessing = 0;
		};
		872B5D491DC8B0B900CAB911 /* Sources */ = {
			isa = PBXSourcesBuildPhase;
			buildActionMask = 2147483647;
			files = (
				8744B4471DCC903A004A2E82 /* NewsModel.m in Sources */,
				87ED4FC01DCA37F3003EB478 /* ExtensionDelegate.m in Sources */,
				8744B44A1DCC90AF004A2E82 /* NewsStorage.m in Sources */,
				872B5D6F1DC8B38900CAB911 /* InterfaceController.m in Sources */,
				431A4FA8BA1B65E24048F106 /* EventModel.m in Sources */,
				87DCCF131DCC771A009DC7A4 /* NewsRowController.m in Sources */,
			);
			runOnlyForDeploymentPostprocessing = 0;
		};
		878742641CFEDD37000A926B /* Sources */ = {
			isa = PBXSourcesBuildPhase;
			buildActionMask = 2147483647;
			files = (
				877391091D06EB8E009D3A83 /* UserDataServiceTests.m in Sources */,
				87110AC21D3E13C300451251 /* Reco2ArticleConverterTests.m in Sources */,
				87A9A5221D4B34EB00014FC4 /* SectionLinksProviderTests.m in Sources */,
				879007661D5DDF8000709591 /* InterestsProcessingServiceTests.m in Sources */,
				878742731CFEDD5A000A926B /* UserServiceTests.m in Sources */,
			);
			runOnlyForDeploymentPostprocessing = 0;
		};
/* End PBXSourcesBuildPhase section */

/* Begin PBXTargetDependency section */
		871548371CFEAA26008C4248 /* PBXTargetDependency */ = {
			isa = PBXTargetDependency;
			target = 8707D85D1CF0887A007B1A2B /* CxNews */;
			targetProxy = 871548361CFEAA26008C4248 /* PBXContainerItemProxy */;
		};
		872B5D501DC8B0B900CAB911 /* PBXTargetDependency */ = {
			isa = PBXTargetDependency;
			target = 872B5D4C1DC8B0B900CAB911 /* CxNews-Watch Extension */;
			targetProxy = 872B5D4F1DC8B0B900CAB911 /* PBXContainerItemProxy */;
		};
		872B5D611DC8B0B900CAB911 /* PBXTargetDependency */ = {
			isa = PBXTargetDependency;
			target = 872B5D401DC8B0B900CAB911 /* CxNews-Watch */;
			targetProxy = 872B5D601DC8B0B900CAB911 /* PBXContainerItemProxy */;
		};
		8768E8871D914DD60008E035 /* PBXTargetDependency */ = {
			isa = PBXTargetDependency;
			name = "Charts-iOS";
			targetProxy = 8768E8861D914DD60008E035 /* PBXContainerItemProxy */;
		};
		8787426E1CFEDD37000A926B /* PBXTargetDependency */ = {
			isa = PBXTargetDependency;
			target = 8707D85D1CF0887A007B1A2B /* CxNews */;
			targetProxy = 8787426D1CFEDD37000A926B /* PBXContainerItemProxy */;
		};
/* End PBXTargetDependency section */

/* Begin PBXVariantGroup section */
		8707D86A1CF0887A007B1A2B /* Main.storyboard */ = {
			isa = PBXVariantGroup;
			children = (
				8707D86B1CF0887A007B1A2B /* Base */,
			);
			name = Main.storyboard;
			path = .;
			sourceTree = "<group>";
		};
		8707D86F1CF0887A007B1A2B /* LaunchScreen.storyboard */ = {
			isa = PBXVariantGroup;
			children = (
				8707D8701CF0887A007B1A2B /* Base */,
			);
			name = LaunchScreen.storyboard;
			path = .;
			sourceTree = "<group>";
		};
		872B5D431DC8B0B900CAB911 /* Interface.storyboard */ = {
			isa = PBXVariantGroup;
			children = (
				872B5D441DC8B0B900CAB911 /* Base */,
			);
			name = Interface.storyboard;
			sourceTree = "<group>";
		};
		87874DE41D41F7EF00A24AFD /* Article.storyboard */ = {
			isa = PBXVariantGroup;
			children = (
				87874DE51D41F7EF00A24AFD /* Base */,
			);
			name = Article.storyboard;
			path = .;
			sourceTree = "<group>";
		};
		87B340EC1D479C3F00929491 /* UserProfile.storyboard */ = {
			isa = PBXVariantGroup;
			children = (
				87B340ED1D479C3F00929491 /* Base */,
			);
			name = UserProfile.storyboard;
			path = .;
			sourceTree = "<group>";
		};
/* End PBXVariantGroup section */

/* Begin XCBuildConfiguration section */
		8707D8731CF0887A007B1A2B /* Debug */ = {
			isa = XCBuildConfiguration;
			buildSettings = {
				ALWAYS_EMBED_SWIFT_STANDARD_LIBRARIES = "$(inherited)";
				ALWAYS_SEARCH_USER_PATHS = NO;
				CLANG_ANALYZER_NONNULL = YES;
				CLANG_CXX_LANGUAGE_STANDARD = "gnu++0x";
				CLANG_CXX_LIBRARY = "libc++";
				CLANG_ENABLE_MODULES = YES;
				CLANG_ENABLE_OBJC_ARC = YES;
				CLANG_WARN_BOOL_CONVERSION = YES;
				CLANG_WARN_CONSTANT_CONVERSION = YES;
				CLANG_WARN_DIRECT_OBJC_ISA_USAGE = YES_ERROR;
				CLANG_WARN_EMPTY_BODY = YES;
				CLANG_WARN_ENUM_CONVERSION = YES;
				CLANG_WARN_INFINITE_RECURSION = YES;
				CLANG_WARN_INT_CONVERSION = YES;
				CLANG_WARN_OBJC_ROOT_CLASS = YES_ERROR;
				CLANG_WARN_SUSPICIOUS_MOVE = YES;
				CLANG_WARN_UNREACHABLE_CODE = YES;
				CLANG_WARN__DUPLICATE_METHOD_MATCH = YES;
				"CODE_SIGN_IDENTITY[sdk=iphoneos*]" = "iPhone Developer";
				COPY_PHASE_STRIP = NO;
				DEBUG_INFORMATION_FORMAT = dwarf;
				ENABLE_BITCODE = NO;
				ENABLE_STRICT_OBJC_MSGSEND = YES;
				ENABLE_TESTABILITY = YES;
				GCC_C_LANGUAGE_STANDARD = gnu99;
				GCC_DYNAMIC_NO_PIC = NO;
				GCC_NO_COMMON_BLOCKS = YES;
				GCC_OPTIMIZATION_LEVEL = 0;
				GCC_PREPROCESSOR_DEFINITIONS = (
					"DEBUG=1",
					"$(inherited)",
				);
				GCC_WARN_64_TO_32_BIT_CONVERSION = YES;
				GCC_WARN_ABOUT_RETURN_TYPE = YES_ERROR;
				GCC_WARN_UNDECLARED_SELECTOR = YES;
				GCC_WARN_UNINITIALIZED_AUTOS = YES_AGGRESSIVE;
				GCC_WARN_UNUSED_FUNCTION = YES;
				GCC_WARN_UNUSED_PARAMETER = NO;
				GCC_WARN_UNUSED_VARIABLE = YES;
				IPHONEOS_DEPLOYMENT_TARGET = 8.1;
				MTL_ENABLE_DEBUG_INFO = YES;
				ONLY_ACTIVE_ARCH = YES;
				SDKROOT = iphoneos;
				STRIP_INSTALLED_PRODUCT = NO;
				STRIP_STYLE = debugging;
			};
			name = Debug;
		};
		8707D8741CF0887A007B1A2B /* Release */ = {
			isa = XCBuildConfiguration;
			buildSettings = {
				ALWAYS_EMBED_SWIFT_STANDARD_LIBRARIES = "$(inherited)";
				ALWAYS_SEARCH_USER_PATHS = NO;
				CLANG_ANALYZER_NONNULL = YES;
				CLANG_CXX_LANGUAGE_STANDARD = "gnu++0x";
				CLANG_CXX_LIBRARY = "libc++";
				CLANG_ENABLE_MODULES = YES;
				CLANG_ENABLE_OBJC_ARC = YES;
				CLANG_WARN_BOOL_CONVERSION = YES;
				CLANG_WARN_CONSTANT_CONVERSION = YES;
				CLANG_WARN_DIRECT_OBJC_ISA_USAGE = YES_ERROR;
				CLANG_WARN_EMPTY_BODY = YES;
				CLANG_WARN_ENUM_CONVERSION = YES;
				CLANG_WARN_INFINITE_RECURSION = YES;
				CLANG_WARN_INT_CONVERSION = YES;
				CLANG_WARN_OBJC_ROOT_CLASS = YES_ERROR;
				CLANG_WARN_SUSPICIOUS_MOVE = YES;
				CLANG_WARN_UNREACHABLE_CODE = YES;
				CLANG_WARN__DUPLICATE_METHOD_MATCH = YES;
				"CODE_SIGN_IDENTITY[sdk=iphoneos*]" = "iPhone Developer";
				COPY_PHASE_STRIP = NO;
				DEBUG_INFORMATION_FORMAT = "dwarf-with-dsym";
				ENABLE_BITCODE = NO;
				ENABLE_NS_ASSERTIONS = NO;
				ENABLE_STRICT_OBJC_MSGSEND = YES;
				GCC_C_LANGUAGE_STANDARD = gnu99;
				GCC_NO_COMMON_BLOCKS = YES;
				GCC_WARN_64_TO_32_BIT_CONVERSION = YES;
				GCC_WARN_ABOUT_RETURN_TYPE = YES_ERROR;
				GCC_WARN_UNDECLARED_SELECTOR = YES;
				GCC_WARN_UNINITIALIZED_AUTOS = YES_AGGRESSIVE;
				GCC_WARN_UNUSED_FUNCTION = YES;
				GCC_WARN_UNUSED_PARAMETER = NO;
				GCC_WARN_UNUSED_VARIABLE = YES;
				IPHONEOS_DEPLOYMENT_TARGET = 8.1;
				MTL_ENABLE_DEBUG_INFO = NO;
				SDKROOT = iphoneos;
				STRIP_INSTALLED_PRODUCT = NO;
				STRIP_STYLE = debugging;
				VALIDATE_PRODUCT = YES;
			};
			name = Release;
		};
		8707D8761CF0887A007B1A2B /* Debug */ = {
			isa = XCBuildConfiguration;
			baseConfigurationReference = BAC3B462E57B47320B9EB80A /* Pods-CxNews.debug.xcconfig */;
			buildSettings = {
				ALWAYS_EMBED_SWIFT_STANDARD_LIBRARIES = "$(inherited)";
				ASSETCATALOG_COMPILER_APPICON_NAME = AppIcon;
				CODE_SIGN_IDENTITY = "iPhone Developer";
				"CODE_SIGN_IDENTITY[sdk=iphoneos*]" = "iPhone Developer";
				DEVELOPMENT_TEAM = S73T3DVCL9;
				FRAMEWORK_SEARCH_PATHS = (
					"$(inherited)",
					"$(PROJECT_DIR)/HockeySDK-iOS/HockeySDK.embeddedframework",
				);
				HEADER_SEARCH_PATHS = "$(inherited)";
				INFOPLIST_FILE = CxNews/Info.plist;
				IPHONEOS_DEPLOYMENT_TARGET = 8.1;
				LD_RUNPATH_SEARCH_PATHS = "$(inherited) @executable_path/Frameworks";
				LIBRARY_SEARCH_PATHS = "$(inherited)";
				OTHER_LDFLAGS = "$(inherited)";
				PRODUCT_BUNDLE_IDENTIFIER = "com.cxense.cx-news";
				PRODUCT_NAME = "$(TARGET_NAME)";
				PROVISIONING_PROFILE = "";
				SWIFT_VERSION = 3.0;
				TARGETED_DEVICE_FAMILY = "1,2";
			};
			name = Debug;
		};
		8707D8771CF0887A007B1A2B /* Release */ = {
			isa = XCBuildConfiguration;
			baseConfigurationReference = 7B277CB17F7461D4518F21DA /* Pods-CxNews.release.xcconfig */;
			buildSettings = {
				ALWAYS_EMBED_SWIFT_STANDARD_LIBRARIES = "$(inherited)";
				ASSETCATALOG_COMPILER_APPICON_NAME = AppIcon;
				CODE_SIGN_IDENTITY = "iPhone Developer";
				"CODE_SIGN_IDENTITY[sdk=iphoneos*]" = "iPhone Developer";
				DEVELOPMENT_TEAM = S73T3DVCL9;
				FRAMEWORK_SEARCH_PATHS = (
					"$(inherited)",
					"$(PROJECT_DIR)/HockeySDK-iOS/HockeySDK.embeddedframework",
				);
				HEADER_SEARCH_PATHS = "$(inherited)";
				INFOPLIST_FILE = CxNews/Info.plist;
				IPHONEOS_DEPLOYMENT_TARGET = 8.1;
				LD_RUNPATH_SEARCH_PATHS = "$(inherited) @executable_path/Frameworks";
				LIBRARY_SEARCH_PATHS = "$(inherited)";
				OTHER_LDFLAGS = "$(inherited)";
				PRODUCT_BUNDLE_IDENTIFIER = "com.cxense.cx-news";
				PRODUCT_NAME = "$(TARGET_NAME)";
				PROVISIONING_PROFILE = "";
				SWIFT_VERSION = 3.0;
				TARGETED_DEVICE_FAMILY = "1,2";
			};
			name = Release;
		};
		871548381CFEAA26008C4248 /* Debug */ = {
			isa = XCBuildConfiguration;
			buildSettings = {
				INFOPLIST_FILE = CxNewsUITests/Info.plist;
				LD_RUNPATH_SEARCH_PATHS = "$(inherited) @executable_path/Frameworks @loader_path/Frameworks";
				PRODUCT_BUNDLE_IDENTIFIER = com.anverbogatov.CxNewsUITests;
				PRODUCT_NAME = "$(TARGET_NAME)";
				SWIFT_VERSION = 3.0;
				TEST_TARGET_NAME = CxNews;
			};
			name = Debug;
		};
		871548391CFEAA26008C4248 /* Release */ = {
			isa = XCBuildConfiguration;
			buildSettings = {
				INFOPLIST_FILE = CxNewsUITests/Info.plist;
				LD_RUNPATH_SEARCH_PATHS = "$(inherited) @executable_path/Frameworks @loader_path/Frameworks";
				PRODUCT_BUNDLE_IDENTIFIER = com.anverbogatov.CxNewsUITests;
				PRODUCT_NAME = "$(TARGET_NAME)";
				SWIFT_VERSION = 3.0;
				TEST_TARGET_NAME = CxNews;
			};
			name = Release;
		};
		872B5D631DC8B0B900CAB911 /* Debug */ = {
			isa = XCBuildConfiguration;
			buildSettings = {
				ASSETCATALOG_COMPILER_APPICON_NAME = AppIcon;
				CLANG_WARN_DOCUMENTATION_COMMENTS = YES;
				CLANG_WARN_SUSPICIOUS_MOVES = YES;
				CODE_SIGN_IDENTITY = "iPhone Developer";
				"CODE_SIGN_IDENTITY[sdk=iphoneos*]" = "iPhone Developer";
				DEVELOPMENT_TEAM = S73T3DVCL9;
				IBSC_MODULE = CxNews_Watch_Extension;
				INFOPLIST_FILE = "CxNews-Watch/Info.plist";
				PRODUCT_BUNDLE_IDENTIFIER = "com.cxense.cx-news.watchkitapp";
				PRODUCT_NAME = "$(TARGET_NAME)";
				SDKROOT = watchos;
				SKIP_INSTALL = YES;
				TARGETED_DEVICE_FAMILY = 4;
				WATCHOS_DEPLOYMENT_TARGET = 2.0;
			};
			name = Debug;
		};
		872B5D641DC8B0B900CAB911 /* Release */ = {
			isa = XCBuildConfiguration;
			buildSettings = {
				ASSETCATALOG_COMPILER_APPICON_NAME = AppIcon;
				CLANG_WARN_DOCUMENTATION_COMMENTS = YES;
				CLANG_WARN_SUSPICIOUS_MOVES = YES;
				CODE_SIGN_IDENTITY = "iPhone Developer";
				"CODE_SIGN_IDENTITY[sdk=iphoneos*]" = "iPhone Developer";
				DEVELOPMENT_TEAM = S73T3DVCL9;
				IBSC_MODULE = CxNews_Watch_Extension;
				INFOPLIST_FILE = "CxNews-Watch/Info.plist";
				PRODUCT_BUNDLE_IDENTIFIER = "com.cxense.cx-news.watchkitapp";
				PRODUCT_NAME = "$(TARGET_NAME)";
				SDKROOT = watchos;
				SKIP_INSTALL = YES;
				TARGETED_DEVICE_FAMILY = 4;
				WATCHOS_DEPLOYMENT_TARGET = 2.0;
			};
			name = Release;
		};
		872B5D651DC8B0B900CAB911 /* Debug */ = {
			isa = XCBuildConfiguration;
			buildSettings = {
				ASSETCATALOG_COMPILER_COMPLICATION_NAME = Complication;
				CLANG_WARN_DOCUMENTATION_COMMENTS = YES;
				CLANG_WARN_SUSPICIOUS_MOVES = YES;
				DEVELOPMENT_TEAM = S73T3DVCL9;
				INFOPLIST_FILE = "CxNews-Watch Extension/Info.plist";
				LD_RUNPATH_SEARCH_PATHS = "$(inherited) @executable_path/Frameworks @executable_path/../../Frameworks";
				PRODUCT_BUNDLE_IDENTIFIER = "com.cxense.cx-news.watchkitapp.watchkitextension";
				PRODUCT_NAME = "${TARGET_NAME}";
				SDKROOT = watchos;
				SKIP_INSTALL = YES;
				TARGETED_DEVICE_FAMILY = 4;
				WATCHOS_DEPLOYMENT_TARGET = 2.0;
			};
			name = Debug;
		};
		872B5D661DC8B0B900CAB911 /* Release */ = {
			isa = XCBuildConfiguration;
			buildSettings = {
				ASSETCATALOG_COMPILER_COMPLICATION_NAME = Complication;
				CLANG_WARN_DOCUMENTATION_COMMENTS = YES;
				CLANG_WARN_SUSPICIOUS_MOVES = YES;
				DEVELOPMENT_TEAM = S73T3DVCL9;
				INFOPLIST_FILE = "CxNews-Watch Extension/Info.plist";
				LD_RUNPATH_SEARCH_PATHS = "$(inherited) @executable_path/Frameworks @executable_path/../../Frameworks";
				PRODUCT_BUNDLE_IDENTIFIER = "com.cxense.cx-news.watchkitapp.watchkitextension";
				PRODUCT_NAME = "${TARGET_NAME}";
				SDKROOT = watchos;
				SKIP_INSTALL = YES;
				TARGETED_DEVICE_FAMILY = 4;
				WATCHOS_DEPLOYMENT_TARGET = 2.0;
			};
			name = Release;
		};
		878742701CFEDD37000A926B /* Debug */ = {
			isa = XCBuildConfiguration;
			buildSettings = {
				BUNDLE_LOADER = "$(TEST_HOST)";
				INFOPLIST_FILE = CxNewsTests/Info.plist;
				LD_RUNPATH_SEARCH_PATHS = "$(inherited) @executable_path/Frameworks @loader_path/Frameworks";
				PRODUCT_BUNDLE_IDENTIFIER = com.anverbogatov.CxNewsTests;
				PRODUCT_NAME = "$(TARGET_NAME)";
				SWIFT_VERSION = 3.0;
				TEST_HOST = "$(BUILT_PRODUCTS_DIR)/CxNews.app/CxNews";
			};
			name = Debug;
		};
		878742711CFEDD37000A926B /* Release */ = {
			isa = XCBuildConfiguration;
			buildSettings = {
				BUNDLE_LOADER = "$(TEST_HOST)";
				INFOPLIST_FILE = CxNewsTests/Info.plist;
				LD_RUNPATH_SEARCH_PATHS = "$(inherited) @executable_path/Frameworks @loader_path/Frameworks";
				PRODUCT_BUNDLE_IDENTIFIER = com.anverbogatov.CxNewsTests;
				PRODUCT_NAME = "$(TARGET_NAME)";
				SWIFT_VERSION = 3.0;
				TEST_HOST = "$(BUILT_PRODUCTS_DIR)/CxNews.app/CxNews";
			};
			name = Release;
		};
/* End XCBuildConfiguration section */

/* Begin XCConfigurationList section */
		8707D8591CF0887A007B1A2B /* Build configuration list for PBXProject "CxNews" */ = {
			isa = XCConfigurationList;
			buildConfigurations = (
				8707D8731CF0887A007B1A2B /* Debug */,
				8707D8741CF0887A007B1A2B /* Release */,
			);
			defaultConfigurationIsVisible = 0;
			defaultConfigurationName = Release;
		};
		8707D8751CF0887A007B1A2B /* Build configuration list for PBXNativeTarget "CxNews" */ = {
			isa = XCConfigurationList;
			buildConfigurations = (
				8707D8761CF0887A007B1A2B /* Debug */,
				8707D8771CF0887A007B1A2B /* Release */,
			);
			defaultConfigurationIsVisible = 0;
			defaultConfigurationName = Release;
		};
		8715483A1CFEAA26008C4248 /* Build configuration list for PBXNativeTarget "CxNewsUITests" */ = {
			isa = XCConfigurationList;
			buildConfigurations = (
				871548381CFEAA26008C4248 /* Debug */,
				871548391CFEAA26008C4248 /* Release */,
			);
			defaultConfigurationIsVisible = 0;
			defaultConfigurationName = Release;
		};
		872B5D671DC8B0B900CAB911 /* Build configuration list for PBXNativeTarget "CxNews-Watch Extension" */ = {
			isa = XCConfigurationList;
			buildConfigurations = (
				872B5D651DC8B0B900CAB911 /* Debug */,
				872B5D661DC8B0B900CAB911 /* Release */,
			);
			defaultConfigurationIsVisible = 0;
			defaultConfigurationName = Release;
		};
		872B5D691DC8B0B900CAB911 /* Build configuration list for PBXNativeTarget "CxNews-Watch" */ = {
			isa = XCConfigurationList;
			buildConfigurations = (
				872B5D631DC8B0B900CAB911 /* Debug */,
				872B5D641DC8B0B900CAB911 /* Release */,
			);
			defaultConfigurationIsVisible = 0;
			defaultConfigurationName = Release;
		};
		8787426F1CFEDD37000A926B /* Build configuration list for PBXNativeTarget "CxNewsTests" */ = {
			isa = XCConfigurationList;
			buildConfigurations = (
				878742701CFEDD37000A926B /* Debug */,
				878742711CFEDD37000A926B /* Release */,
			);
			defaultConfigurationIsVisible = 0;
			defaultConfigurationName = Release;
		};
/* End XCConfigurationList section */
	};
	rootObject = 8707D8561CF0887A007B1A2B /* Project object */;
}
